{
  "version": 4,
  "terraform_version": "1.14.7",
  "serial": 237,
  "lineage": "dac768e0-4f70-9c26-64fc-39a890a4b939",
  "outputs": {
    "burst_launch_template_id": {
      "value": "lt-0cd3b1b81a5555a83",
      "type": "string"
    },
    "burst_node_role_arn": {
      "value": "arn:aws:iam::942542972736:role/burstlab-gen1-burst-node-role",
      "type": "string"
    },
    "cloud_subnet_a_id": {
      "value": "subnet-03176617cf4794a19",
      "type": "string"
    },
    "cloud_subnet_b_id": {
      "value": "subnet-011cff219a70f0996",
      "type": "string"
    },
    "compute_node_instance_ids": {
      "value": [
        "i-008a751481d722ade",
        "i-0de685c5d49b65fa1",
        "i-0b6600c699a6fb8a8",
        "i-09ddbbf6b2cfd5a56"
      ],
      "type": [
        "tuple",
        [
          "string",
          "string",
          "string",
          "string"
        ]
      ]
    },
    "compute_node_private_ips": {
      "value": [
        "10.0.1.10",
        "10.0.1.11",
        "10.0.1.12",
        "10.0.1.13"
      ],
      "type": [
        "tuple",
        [
          "string",
          "string",
          "string",
          "string"
        ]
      ]
    },
    "efs_dns_name": {
      "value": "fs-04075fbb3ba0d6658.efs.us-west-2.amazonaws.com",
      "type": "string"
    },
    "efs_id": {
      "value": "fs-04075fbb3ba0d6658",
      "type": "string"
    },
    "head_node_instance_id": {
      "value": "i-0b6d954e077ae8d54",
      "type": "string"
    },
    "head_node_private_ip": {
      "value": "10.0.0.10",
      "type": "string"
    },
    "head_node_public_ip": {
      "value": "52.33.58.129",
      "type": "string"
    },
    "head_node_role_arn": {
      "value": "arn:aws:iam::942542972736:role/burstlab-gen1-head-node-role",
      "type": "string"
    },
    "management_subnet_id": {
      "value": "subnet-08d4e15f68b94671d",
      "type": "string"
    },
    "munge_key_b64": {
      "value": "KVZNoyTaAEo5+WVyiCZISlQu61/BF/rQjyWsM83CSmaCWDiQiqa59s02+0Wjt4BZR6Oa9mBjZ5VrcvjBQ8M4/qch3RpFWSNJL7Bf/ObWuIVdMe4r4FHCIrD0mkvJEBIs1AHS2OPWUGSmgUeoLxAmIYRcNdUDHq4MBiGVXk6XkGid/i5sThlT8HrrZpw7kyeg19NuSIWPbeei/IGKcbVFPrFF6QlBbXxeIIyL685V250DjasoCi/oUspZ0HbK1Q7RAPvh8jKoV6Xud9mOVRriYgy/VnRwNXyr9uspqrnZAbz4Cf/B13on863dlG9gYzk8NViPdaqTAxW9VTiEIwfLflvO1lO+W3OgjpWMb/rUVUDZvhOju4xFZJywfzsG2dUdkZvFZyslK5nVVq5dNWMa7pNE2ZaWDHhAfyHxFXI0OsJA2AR/cwSzkuclvIRWgz0m3zHhlSlFktslPEaAiJFUF6n7c0NDBBaIu1JqDy33/R5s6dcTo/Mc15mZRy/8MmjtlSOBanVu//fJSHmrYVIUaoqHDs7ht3FkiLdHxSLY47kUTu8wE3QXx6taJHLielr16pmZhI+AumrVrytoPgDuYTjdvGgzjdoVpgLR2KS7wfY4gDg4ywqVk9nmwmUeJOYLvl3IZwTtS4/Y9ZsMQnXpnBPB0lEG06QyZoRAj357Uam8qXxFp6Ee5Uwi/dpldyXBhlZHK45FEEtNFmxJaRY4lm9YUMacnABVhAHnWXovdyE4b9skclN9S+e+YP3qW9IM2VgpT76D+ALMQIS1T01rOnebGjX97x+wh7df83g+A1JfiM5b7HjkSW07XGU2NCpdaR3mOrdG8xXxnTtvFNrCqazlF0GQppLcjZz8IlF4ipql/NkerURKv9LwVh/CZeReHXXABy4N1qg+4ZF38lYZ8ALKYEWxMmPpBXUOV9ZTbtLRv4Hs83uQrofxBo8XVINQuxBuHldZERli+ln7ReFTYAujW9Y6Yj4jLEDtI1XYHGpxVUFRrIFkatw55mTcvE4nKfjRQGUThAkMi+Uuierj8qnWjHuLKe79M9yXY6F7dzUKG1ETqiNkLHNx4ONWDIRVpfnMi8G0v1EnpPsl+n3T8TXEItpOuP/VHc8wV58C2Q7sstLUruy7e9Cr9prBlaP6gl46B763kr0wYTYTuklRpSk3E9hV/ksSd3k6KdMKBSVt7gZ1XuH2FVgHHiM5urjWa0wrEb7lC0R+Kkx+b+etcMHjkwLgDSMSD/1axKDFseIREgvsVa1Z3wgo7QpAw0jzKGoh5hqcvgW+hPMLOBZml+BPh793A36lZhLOXZNCHXKUSsgUT2e/3b/IC8+fZM7DNauNmZl1xPCNIT/UyZ8bzg==",
      "type": "string",
      "sensitive": true
    },
    "onprem_subnet_id": {
      "value": "subnet-0a62de49fa1420ecc",
      "type": "string"
    },
    "ssh_command": {
      "value": "ssh -i ~/.ssh/burstlab-key.pem rocky@52.33.58.129",
      "type": "string"
    },
    "vpc_id": {
      "value": "vpc-0f0c65ebe9bbe0cfd",
      "type": "string"
    }
  },
  "resources": [
    {
      "mode": "managed",
      "type": "random_bytes",
      "name": "munge_key",
      "provider": "provider[\"registry.terraform.io/hashicorp/random\"]",
      "instances": [
        {
          "schema_version": 0,
          "attributes": {
            "base64": "KVZNoyTaAEo5+WVyiCZISlQu61/BF/rQjyWsM83CSmaCWDiQiqa59s02+0Wjt4BZR6Oa9mBjZ5VrcvjBQ8M4/qch3RpFWSNJL7Bf/ObWuIVdMe4r4FHCIrD0mkvJEBIs1AHS2OPWUGSmgUeoLxAmIYRcNdUDHq4MBiGVXk6XkGid/i5sThlT8HrrZpw7kyeg19NuSIWPbeei/IGKcbVFPrFF6QlBbXxeIIyL685V250DjasoCi/oUspZ0HbK1Q7RAPvh8jKoV6Xud9mOVRriYgy/VnRwNXyr9uspqrnZAbz4Cf/B13on863dlG9gYzk8NViPdaqTAxW9VTiEIwfLflvO1lO+W3OgjpWMb/rUVUDZvhOju4xFZJywfzsG2dUdkZvFZyslK5nVVq5dNWMa7pNE2ZaWDHhAfyHxFXI0OsJA2AR/cwSzkuclvIRWgz0m3zHhlSlFktslPEaAiJFUF6n7c0NDBBaIu1JqDy33/R5s6dcTo/Mc15mZRy/8MmjtlSOBanVu//fJSHmrYVIUaoqHDs7ht3FkiLdHxSLY47kUTu8wE3QXx6taJHLielr16pmZhI+AumrVrytoPgDuYTjdvGgzjdoVpgLR2KS7wfY4gDg4ywqVk9nmwmUeJOYLvl3IZwTtS4/Y9ZsMQnXpnBPB0lEG06QyZoRAj357Uam8qXxFp6Ee5Uwi/dpldyXBhlZHK45FEEtNFmxJaRY4lm9YUMacnABVhAHnWXovdyE4b9skclN9S+e+YP3qW9IM2VgpT76D+ALMQIS1T01rOnebGjX97x+wh7df83g+A1JfiM5b7HjkSW07XGU2NCpdaR3mOrdG8xXxnTtvFNrCqazlF0GQppLcjZz8IlF4ipql/NkerURKv9LwVh/CZeReHXXABy4N1qg+4ZF38lYZ8ALKYEWxMmPpBXUOV9ZTbtLRv4Hs83uQrofxBo8XVINQuxBuHldZERli+ln7ReFTYAujW9Y6Yj4jLEDtI1XYHGpxVUFRrIFkatw55mTcvE4nKfjRQGUThAkMi+Uuierj8qnWjHuLKe79M9yXY6F7dzUKG1ETqiNkLHNx4ONWDIRVpfnMi8G0v1EnpPsl+n3T8TXEItpOuP/VHc8wV58C2Q7sstLUruy7e9Cr9prBlaP6gl46B763kr0wYTYTuklRpSk3E9hV/ksSd3k6KdMKBSVt7gZ1XuH2FVgHHiM5urjWa0wrEb7lC0R+Kkx+b+etcMHjkwLgDSMSD/1axKDFseIREgvsVa1Z3wgo7QpAw0jzKGoh5hqcvgW+hPMLOBZml+BPh793A36lZhLOXZNCHXKUSsgUT2e/3b/IC8+fZM7DNauNmZl1xPCNIT/UyZ8bzg==",
            "hex": "29564da324da004a39f965728826484a542eeb5fc117fad08f25ac33cdc24a66825838908aa6b9f6cd36fb45a3b7805947a39af6606367956b72f8c143c338fea721dd1a455923492fb05ffce6d6b8855d31ee2be051c222b0f49a4bc910122cd401d2d8e3d65064a68147a82f102621845c35d5031eae0c0621955e4e9790689dfe2e6c4e1953f07aeb669c3b9327a0d7d36e48858f6de7a2fc818a71b5453eb145e909416d7c5e208c8bebce55db9d038dab280a2fe852ca59d076cad50ed100fbe1f232a857a5ee77d98e551ae2620cbf567470357cabf6eb29aab9d901bcf809ffc1d77a27f3addd946f6063393c35588f75aa930315bd5538842307cb7e5bced653be5b73a08e958c6ffad45540d9be13a3bb8c45649cb07f3b06d9d51d919bc5672b252b99d556ae5d35631aee9344d996960c78407f21f11572343ac240d8047f7304b392e725bc8456833d26df31e195294592db253c468088915417a9fb734343041688bb526a0f2df7fd1e6ce9d713a3f31cd79999472ffc3268ed9523816a756efff7c94879ab6152146a8a870ecee1b7716488b747c522d8e3b9144eef30137417c7ab5a2472e27a5af5ea9999848f80ba6ad5af2b683e00ee6138ddbc68338dda15a602d1d8a4bbc1f638803838cb0a9593d9e6c2651e24e60bbe5dc86704ed4b8fd8f59b0c4275e99c13c1d25106d3a4326684408f7e7b51a9bca97c45a7a11ee54c22fdda657725c18656472b8e45104b4d166c49691638966f5850c69c9c00558401e7597a2f7721386fdb2472537d4be7be60fdea5bd20cd958294fbe83f802cc4084b54f4d6b3a779b1a35fdef1fb087b75ff3783e03525f88ce5bec78e4496d3b5c6536342a5d691de63ab746f315f19d3b6f14dac2a9ace5174190a692dc8d9cfc2251788a9aa5fcd91ead444abfd2f0561fc265e45e1d75c0072e0dd6a83ee19177f25619f002ca6045b13263e905750e57d6536ed2d1bf81ecf37b90ae87f1068f17548350bb106e1e5759111962fa59fb45e153600ba35bd63a623e232c40ed2355d81c6a71554151ac81646adc39e664dcbc4e2729f8d140651384090c8be52e89eae3f2a9d68c7b8b29eefd33dc9763a17b77350a1b5113aa23642c7371e0e3560c8455a5f9cc8bc1b4bf5127a4fb25fa7dd3f135c422da4eb8ffd51dcf30579f02d90eecb2d2d4aeecbb7bd0abf69ac195a3fa825e3a07beb792bd30613613ba4951a5293713d855fe4b1277793a29d30a05256dee06755ee1f61558071e2339bab8d66b4c2b11bee50b447e2a4c7e6fe7ad70c1e39302e00d23120ffd5ac4a0c5b1e211120bec55ad59df0828ed0a40c348f3286a21e61a9cbe05be84f30b38166697e04f87bf77037ea56612ce5d93421d72944ac8144f67bfddbfc80bcf9f64cec335ab8d999975c4f08d213fd4c99f1bce",
            "keepers": null,
            "length": 1024
          },
          "sensitive_attributes": [
            [
              {
                "type": "get_attr",
                "value": "base64"
              }
            ],
            [
              {
                "type": "get_attr",
                "value": "hex"
              }
            ]
          ],
          "identity_schema_version": 0
        }
      ]
    },
    {
      "mode": "managed",
      "type": "random_password",
      "name": "slurmdbd_db",
      "provider": "provider[\"registry.terraform.io/hashicorp/random\"]",
      "instances": [
        {
          "schema_version": 3,
          "attributes": {
            "bcrypt_hash": "$2a$10$kpFSXDcYXY2B4bNvkz157e5YC3vTxJYOcjFOmPDzTf2Oe.h.f5j/S",
            "id": "none",
            "keepers": null,
            "length": 24,
            "lower": true,
            "min_lower": 0,
            "min_numeric": 0,
            "min_special": 0,
            "min_upper": 0,
            "number": true,
            "numeric": true,
            "override_special": null,
            "result": "7VnY8ZvlWc1SyWfXbYcsZXzP",
            "special": false,
            "upper": true
          },
          "sensitive_attributes": [
            [
              {
                "type": "get_attr",
                "value": "bcrypt_hash"
              }
            ],
            [
              {
                "type": "get_attr",
                "value": "result"
              }
            ]
          ],
          "identity_schema_version": 0
        }
      ]
    },
    {
      "module": "module.burst_config",
      "mode": "managed",
      "type": "aws_launch_template",
      "name": "burst",
      "provider": "provider[\"registry.terraform.io/hashicorp/aws\"]",
      "instances": [
        {
          "schema_version": 0,
          "attributes": {
            "arn": "arn:aws:ec2:us-west-2:942542972736:launch-template/lt-0cd3b1b81a5555a83",
            "block_device_mappings": [
              {
                "device_name": "/dev/sda1",
                "ebs": [
                  {
                    "delete_on_termination": "true",
                    "encrypted": "",
                    "iops": 0,
                    "kms_key_id": "",
                    "snapshot_id": "",
                    "throughput": 0,
                    "volume_initialization_rate": 0,
                    "volume_size": 30,
                    "volume_type": "gp3"
                  }
                ],
                "no_device": "",
                "virtual_name": ""
              }
            ],
            "capacity_reservation_specification": [],
            "cpu_options": [],
            "credit_specification": [],
            "default_version": 1,
            "description": "Launch template for BurstLab burst nodes — used by aws-plugin-for-slurm EC2 Fleet calls",
            "disable_api_stop": false,
            "disable_api_termination": false,
            "ebs_optimized": "",
            "elastic_gpu_specifications": [],
            "elastic_inference_accelerator": [],
            "enclave_options": [],
            "hibernation_options": [],
            "iam_instance_profile": [
              {
                "arn": "",
                "name": "burstlab-gen1-burst-node-profile"
              }
            ],
            "id": "lt-0cd3b1b81a5555a83",
            "image_id": "ami-06435bc8a2c0a8e5a",
            "instance_initiated_shutdown_behavior": "",
            "instance_market_options": [],
            "instance_requirements": [],
            "instance_type": "m7a.xlarge",
            "kernel_id": "",
            "key_name": "burstlab-key",
            "latest_version": 2,
            "license_specification": [],
            "maintenance_options": [],
            "metadata_options": [
              {
                "http_endpoint": "enabled",
                "http_protocol_ipv6": "",
                "http_put_response_hop_limit": 1,
                "http_tokens": "required",
                "instance_metadata_tags": "enabled"
              }
            ],
            "monitoring": [],
            "name": "burstlab-gen1-burst-node-lt",
            "name_prefix": "",
            "network_interfaces": [],
            "placement": [],
            "private_dns_name_options": [],
            "ram_disk_id": "",
            "security_group_names": [],
            "tag_specifications": [
              {
                "resource_type": "instance",
                "tags": {
                  "Generation": "gen1",
                  "ManagedBy": "terraform",
                  "Name": "burstlab-gen1-burst-node",
                  "Project": "burstlab",
                  "Role": "burst-node"
                }
              },
              {
                "resource_type": "volume",
                "tags": {
                  "Generation": "gen1",
                  "ManagedBy": "terraform",
                  "Name": "burstlab-gen1-burst-node-root",
                  "Project": "burstlab"
                }
              }
            ],
            "tags": {
              "Generation": "gen1",
              "ManagedBy": "terraform",
              "Name": "burstlab-gen1-burst-node-lt",
              "Project": "burstlab"
            },
            "tags_all": {
              "Generation": "gen1",
              "ManagedBy": "terraform",
              "Name": "burstlab-gen1-burst-node-lt",
              "Project": "burstlab"
            },
            "update_default_version": null,
            "user_data": "IyEvYmluL2Jhc2gKIyA9PT09PT09PT09PT09PT09PT09PT09PT09PT09PT09PT09PT09PT09PT09PT09PT09PT09PT09PT09PT09PT09PT09PT09PT09PT09PQojIGJ1cnN0LW5vZGUtaW5pdC5zaCDigJQgQnVyc3RMYWIgR2VuIDEgYnVyc3Qgbm9kZSBjbG91ZC1pbml0CiMKIyBUaGlzIHNjcmlwdCBydW5zIG9uIEVDMiBpbnN0YW5jZXMgbGF1bmNoZWQgYnkgUGx1Z2luIHYyIChyZXN1bWUucHkpLgojIFRoZSBpbnN0YW5jZSBpcyBuYW1lZCBjbG91ZC1idXJzdC1OIGJ5IHJlc3VtZS5weSAodmlhIEVDMiBOYW1lIHRhZykuCiMgSU1EUyB0YWcgYWNjZXNzIChJbnN0YW5jZU1ldGFkYXRhVGFncz1lbmFibGVkKSBpcyBzZXQgaW4gdGhlIGxhdW5jaCB0ZW1wbGF0ZS4KIwojIFdoYXQgdGhpcyBzY3JpcHQgZG9lczoKIyAgIDEuIEZpeCBDZW50T1MgOCBFT0wgcmVwb3MKIyAgIDIuIFJlYWQgU0xVUk1fTk9ERU5BTUUgZnJvbSBFQzIgTmFtZSB0YWcgdmlhIElNRFMKIyAgIDMuIFNldCBob3N0bmFtZSB0byBtYXRjaCBTbHVybSBub2RlIG5hbWUKIyAgIDQuIEFkZCAvZXRjL2hvc3RzIGVudHJpZXMgZm9yIGNsdXN0ZXIgbm9kZXMKIyAgIDUuIE1vdW50IEVGUzogL2hvbWUgYW5kIC9vcHQvc2x1cm0KIyAgIDYuIENvcHkgbXVuZ2Uga2V5IGZyb20gRUZTLCBzdGFydCBtdW5nZQojICAgNy4gU3RhcnQgc2x1cm1kIC1OICRTTFVSTV9OT0RFTkFNRQojCiMgVGVycmFmb3JtIHRlbXBsYXRlZmlsZSgpIHN1YnN0aXR1dGlvbnMg4oCUIHNlZSBBTExDQVBTIHZhcnMgcmVwbGFjZWQgYXQgZGVwbG95IHRpbWUuCiMgPT09PT09PT09PT09PT09PT09PT09PT09PT09PT09PT09PT09PT09PT09PT09PT09PT09PT09PT09PT09PT09PT09PT09PT09PT09PT0KCnNldCAtZXVvIHBpcGVmYWlsCmV4ZWMgPiA+KHRlZSAvdmFyL2xvZy9idXJzdGxhYi1pbml0LmxvZykgMj4mMQplY2hvICI9PT0gQnVyc3RMYWIgYnVyc3Qgbm9kZSBpbml0IHN0YXJ0ZWQ6ICQoZGF0ZSkgPT09IgoKIyAtLS0tLS0tLS0tLS0tLS0tLS0tLS0tLS0tLS0tLS0tLS0tLS0tLS0tLS0tLS0tLS0tLS0tLS0tLS0tLS0tLS0tLS0tLS0tLS0tLS0tLQojIDEuIEZpeCByZXBvcyBpZiBuZWVkZWQgKENlbnRPUyA4IG9ubHkg4oCUIFJvY2t5IDggcmVwb3MgYXJlIGFjdGl2ZSkKIyAtLS0tLS0tLS0tLS0tLS0tLS0tLS0tLS0tLS0tLS0tLS0tLS0tLS0tLS0tLS0tLS0tLS0tLS0tLS0tLS0tLS0tLS0tLS0tLS0tLS0tLQpPU19JRD0kKC4gL2V0Yy9vcy1yZWxlYXNlICYmIGVjaG8gIiRJRCIpCmlmIFsgIiRPU19JRCIgPSAiY2VudG9zIiBdOyB0aGVuCiAgc2VkIC1pICdzL21pcnJvcmxpc3QvI21pcnJvcmxpc3QvZycgL2V0Yy95dW0ucmVwb3MuZC9DZW50T1MtKi5yZXBvCiAgc2VkIC1pICdzfCNiYXNldXJsPWh0dHA6Ly9taXJyb3IuY2VudG9zLm9yZ3xiYXNldXJsPWh0dHA6Ly92YXVsdC5jZW50b3Mub3JnfGcnIC9ldGMveXVtLnJlcG9zLmQvQ2VudE9TLSoucmVwbwogIGRuZiBjbGVhbiBhbGwKZmkKCiMgLS0tLS0tLS0tLS0tLS0tLS0tLS0tLS0tLS0tLS0tLS0tLS0tLS0tLS0tLS0tLS0tLS0tLS0tLS0tLS0tLS0tLS0tLS0tLS0tLS0tLS0KIyAyLiBSZWFkIG5vZGUgbmFtZSBmcm9tIEVDMiBOYW1lIHRhZwojIEluc3RhbmNlTWV0YWRhdGFUYWdzPWVuYWJsZWQgaXMgc2V0IGluIHRoZSBsYXVuY2ggdGVtcGxhdGUuCiMgcmVzdW1lLnB5IHNldHMgdGhlIE5hbWUgdGFnIHRvIGNsb3VkLWJ1cnN0LU4gYmVmb3JlIHRoZSBpbnN0YW5jZSBzdGFydHMuCiMgVGhpcyBpcyBob3cgc2x1cm1kIGtub3dzIHdoYXQgbmFtZSB0byByZWdpc3RlciB1bmRlci4KIyAtLS0tLS0tLS0tLS0tLS0tLS0tLS0tLS0tLS0tLS0tLS0tLS0tLS0tLS0tLS0tLS0tLS0tLS0tLS0tLS0tLS0tLS0tLS0tLS0tLS0tLQpUT0tFTj0kKGN1cmwgLXNYIFBVVCAiaHR0cDovLzE2OS4yNTQuMTY5LjI1NC9sYXRlc3QvYXBpL3Rva2VuIiBcCiAgLUggIlgtYXdzLWVjMi1tZXRhZGF0YS10b2tlbi10dGwtc2Vjb25kczogMzAwIikKCmZvciBhdHRlbXB0IGluICQoc2VxIDEgMTApOyBkbwogIFNMVVJNX05PREVOQU1FPSQoY3VybCAtc2YgXAogICAgLUggIlgtYXdzLWVjMi1tZXRhZGF0YS10b2tlbjogJFRPS0VOIiBcCiAgICAiaHR0cDovLzE2OS4yNTQuMTY5LjI1NC9sYXRlc3QvbWV0YS1kYXRhL3RhZ3MvaW5zdGFuY2UvTmFtZSIpICYmIGJyZWFrIHx8IHsKICAgIGVjaG8gIklNRFMgdGFnIHJlYWQgYXR0ZW1wdCAkYXR0ZW1wdCBmYWlsZWQsIHJldHJ5aW5nIGluIDVzLi4uIgogICAgc2xlZXAgNQogIH0KZG9uZQoKaWYgWyAteiAiJFNMVVJNX05PREVOQU1FIiBdOyB0aGVuCiAgZWNobyAiRkFUQUw6IGNvdWxkIG5vdCBkZXRlcm1pbmUgU0xVUk1fTk9ERU5BTUUgZnJvbSBFQzIgTmFtZSB0YWciCiAgZXhpdCAxCmZpCmVjaG8gIlNMVVJNX05PREVOQU1FOiAkU0xVUk1fTk9ERU5BTUUiCgojIEV4cG9ydCBmb3Igc2x1cm1kIHN5c3RlbWQgdW5pdAplY2hvICJTTFVSTV9OT0RFTkFNRT0kU0xVUk1fTk9ERU5BTUUiID4gL2V0Yy9zeXNjb25maWcvc2x1cm1kCgojIC0tLS0tLS0tLS0tLS0tLS0tLS0tLS0tLS0tLS0tLS0tLS0tLS0tLS0tLS0tLS0tLS0tLS0tLS0tLS0tLS0tLS0tLS0tLS0tLS0tLS0tCiMgMy4gU2V0IGhvc3RuYW1lIHRvIG1hdGNoIFNsdXJtIG5vZGUgbmFtZQojIFNsdXJtIHJlc29sdmVzIG5vZGUgbmFtZXMgdmlhIC9ldGMvaG9zdHMuIFRoZSBuYW1lIG11c3QgbWF0Y2ggTm9kZU5hbWUgaW4KIyBzbHVybS5jb25mIGV4YWN0bHkgb3Igc2x1cm1kIHdpbGwgZmFpbCB0byByZWdpc3Rlci4KIyAtLS0tLS0tLS0tLS0tLS0tLS0tLS0tLS0tLS0tLS0tLS0tLS0tLS0tLS0tLS0tLS0tLS0tLS0tLS0tLS0tLS0tLS0tLS0tLS0tLS0tLQpob3N0bmFtZWN0bCBzZXQtaG9zdG5hbWUgIiRTTFVSTV9OT0RFTkFNRSIKZWNobyAiMTI3LjAuMC4xICRTTFVSTV9OT0RFTkFNRSIgPj4gL2V0Yy9ob3N0cwoKIyAtLS0tLS0tLS0tLS0tLS0tLS0tLS0tLS0tLS0tLS0tLS0tLS0tLS0tLS0tLS0tLS0tLS0tLS0tLS0tLS0tLS0tLS0tLS0tLS0tLS0tLQojIDQuIEFkZCAvZXRjL2hvc3RzIGVudHJpZXMgZm9yIGNsdXN0ZXIgbm9kZXMKIyBCdXJzdCBub2RlcyBuZWVkIHRvIHJlc29sdmUgaGVhZG5vZGUgdG8gcmVhY2ggc2x1cm1jdGxkIChwb3J0IDY4MTcpLgojIC0tLS0tLS0tLS0tLS0tLS0tLS0tLS0tLS0tLS0tLS0tLS0tLS0tLS0tLS0tLS0tLS0tLS0tLS0tLS0tLS0tLS0tLS0tLS0tLS0tLS0tCmVjaG8gIjEwLjAuMC4xMCBoZWFkbm9kZSIgPj4gL2V0Yy9ob3N0cwoKIyAtLS0tLS0tLS0tLS0tLS0tLS0tLS0tLS0tLS0tLS0tLS0tLS0tLS0tLS0tLS0tLS0tLS0tLS0tLS0tLS0tLS0tLS0tLS0tLS0tLS0tLQojIDUuIE1vdW50IEVGUwojIEJ1cnN0IG5vZGVzIGFyZSBpbiB0aGUgY2xvdWQgc3VibmV0cywgd2hpY2ggaGF2ZSBFRlMgbW91bnQgdGFyZ2V0cy4KIyBSb3V0ZSB0byBoZWFkIG5vZGUgKE5BVCkgaXMgaGFuZGxlZCBieSB0aGUgVlBDIHJvdXRlIHRhYmxlLgojIC0tLS0tLS0tLS0tLS0tLS0tLS0tLS0tLS0tLS0tLS0tLS0tLS0tLS0tLS0tLS0tLS0tLS0tLS0tLS0tLS0tLS0tLS0tLS0tLS0tLS0tCm1rZGlyIC1wIC91IC9vcHQvc2x1cm0KCmVjaG8gImZzLTA0MDc1ZmJiM2JhMGQ2NjU4LmVmcy51cy13ZXN0LTIuYW1hem9uYXdzLmNvbTovIC91IG5mczQgX25ldGRldixuZnN2ZXJzPTQuMSxyc2l6ZT0xMDQ4NTc2LHdzaXplPTEwNDg1NzYsaGFyZCx0aW1lbz02MDAscmV0cmFucz0yLG5vcmVzdnBvcnQsbm9mYWlsLHgtc3lzdGVtZC5yZXF1aXJlcz1uZXR3b3JrLW9ubGluZS50YXJnZXQseC1zeXN0ZW1kLmFmdGVyPW5ldHdvcmstb25saW5lLnRhcmdldCAwIDAiID4+IC9ldGMvZnN0YWIKZWNobyAiZnMtMDQwNzVmYmIzYmEwZDY2NTguZWZzLnVzLXdlc3QtMi5hbWF6b25hd3MuY29tOi9zbHVybSAvb3B0L3NsdXJtIG5mczQgX25ldGRldixuZnN2ZXJzPTQuMSxyc2l6ZT0xMDQ4NTc2LHdzaXplPTEwNDg1NzYsaGFyZCx0aW1lbz02MDAscmV0cmFucz0yLG5vcmVzdnBvcnQsbm9mYWlsLHgtc3lzdGVtZC5yZXF1aXJlcz1uZXR3b3JrLW9ubGluZS50YXJnZXQseC1zeXN0ZW1kLmFmdGVyPW5ldHdvcmstb25saW5lLnRhcmdldCAwIDAiID4+IC9ldGMvZnN0YWIKCmZvciBkaXIgaW4gL3UgL29wdC9zbHVybTsgZG8KICBmb3IgYXR0ZW1wdCBpbiAkKHNlcSAxIDEwKTsgZG8KICAgIG1vdW50ICIkZGlyIiAmJiBicmVhayB8fCB7CiAgICAgIGVjaG8gIkVGUyBtb3VudCBhdHRlbXB0ICRhdHRlbXB0IGZvciAkZGlyIGZhaWxlZCwgcmV0cnlpbmcgaW4gMTBzLi4uIgogICAgICBzbGVlcCAxMAogICAgfQogIGRvbmUKICBtb3VudHBvaW50IC1xICIkZGlyIiB8fCB7IGVjaG8gIkZBVEFMOiBjb3VsZCBub3QgbW91bnQgJGRpciI7IGV4aXQgMTsgfQpkb25lCgojIFdhaXQgZm9yIC9vcHQvc2x1cm0gdG8gYmUgcG9wdWxhdGVkIChoZWFkIG5vZGUgbWF5IHN0aWxsIGJlIGluaXRpYWxpemluZykKZWNobyAiV2FpdGluZyBmb3IgL29wdC9zbHVybS8uYnVyc3RsYWItcG9wdWxhdGVkLi4uIgpmb3IgYXR0ZW1wdCBpbiAkKHNlcSAxIDIwKTsgZG8KICBbIC1mIC9vcHQvc2x1cm0vLmJ1cnN0bGFiLXBvcHVsYXRlZCBdICYmIGJyZWFrCiAgZWNobyAiQXR0ZW1wdCAkYXR0ZW1wdDogd2FpdGluZyAxNXMuLi4iCiAgc2xlZXAgMTUKZG9uZQpbIC1mIC9vcHQvc2x1cm0vLmJ1cnN0bGFiLXBvcHVsYXRlZCBdIHx8IHsgZWNobyAiRkFUQUw6IC9vcHQvc2x1cm0gbmV2ZXIgcG9wdWxhdGVkIjsgZXhpdCAxOyB9CgojIENyZWF0ZSBsb2NhbCBzcG9vbCBkaXIgKG11c3QgTk9UIGJlIG9uIEVGUyDigJQgZWFjaCBub2RlIG93bnMgaXRzIG93biBzcG9vbCkKbWtkaXIgLXAgL3Zhci9zcG9vbC9zbHVybS9kIC92YXIvbG9nL3NsdXJtCmNob3duIHNsdXJtOnNsdXJtIC92YXIvc3Bvb2wvc2x1cm0vZCAvdmFyL2xvZy9zbHVybQoKIyAtLS0tLS0tLS0tLS0tLS0tLS0tLS0tLS0tLS0tLS0tLS0tLS0tLS0tLS0tLS0tLS0tLS0tLS0tLS0tLS0tLS0tLS0tLS0tLS0tLS0tLQojIDYuIENvbmZpZ3VyZSBtdW5nZQojIC0tLS0tLS0tLS0tLS0tLS0tLS0tLS0tLS0tLS0tLS0tLS0tLS0tLS0tLS0tLS0tLS0tLS0tLS0tLS0tLS0tLS0tLS0tLS0tLS0tLS0tCmNwIC9vcHQvc2x1cm0vZXRjL211bmdlL211bmdlLmtleSAvZXRjL211bmdlL211bmdlLmtleQpjaG93biBtdW5nZTptdW5nZSAvZXRjL211bmdlL211bmdlLmtleQpjaG1vZCAwNDAwIC9ldGMvbXVuZ2UvbXVuZ2Uua2V5CgpzeXN0ZW1jdGwgZW5hYmxlIG11bmdlCnN5c3RlbWN0bCBzdGFydCBtdW5nZQpzeXN0ZW1jdGwgaXMtYWN0aXZlIG11bmdlIHx8IHsgZWNobyAiRkFUQUw6IG11bmdlIGZhaWxlZCI7IGV4aXQgMTsgfQoKIyBWZXJpZnkgbXVuZ2UgY29ubmVjdGl2aXR5IHRvIGhlYWQgbm9kZQpmb3IgYXR0ZW1wdCBpbiAkKHNlcSAxIDUpOyBkbwogIG11bmdlIC1uIHwgdW5tdW5nZSAtcyBoZWFkbm9kZSAmJiBicmVhayB8fCB7CiAgICBlY2hvICJNdW5nZSBjb25uZWN0aXZpdHkgYXR0ZW1wdCAkYXR0ZW1wdCBmYWlsZWQsIHJldHJ5aW5nLi4uIgogICAgc2xlZXAgMTAKICB9CmRvbmUKCiMgLS0tLS0tLS0tLS0tLS0tLS0tLS0tLS0tLS0tLS0tLS0tLS0tLS0tLS0tLS0tLS0tLS0tLS0tLS0tLS0tLS0tLS0tLS0tLS0tLS0tLS0KIyA3LiBTdGFydCBzbHVybWQKIyBUaGUgLU4gZmxhZyBpcyBjcml0aWNhbCDigJQgaXQgdGVsbHMgc2x1cm1kIHRvIHJlZ2lzdGVyIGFzIGNsb3VkLWJ1cnN0LU4sCiMgd2hpY2ggbWF0Y2hlcyB0aGUgTm9kZU5hbWU9IGluIHNsdXJtLmNvbmYgdGhhdCBzbHVybWN0bGQgaXMgZXhwZWN0aW5nLgojIFdpdGhvdXQgLU4sIHNsdXJtZCB1c2VzIHRoZSBPUyBob3N0bmFtZSwgd2hpY2ggbWF5IGRpZmZlciBvciBub3QgYmUgaW4gY29uZi4KIyAtLS0tLS0tLS0tLS0tLS0tLS0tLS0tLS0tLS0tLS0tLS0tLS0tLS0tLS0tLS0tLS0tLS0tLS0tLS0tLS0tLS0tLS0tLS0tLS0tLS0tLQoKIyBPdmVycmlkZSB0aGUgc3lzdGVtZCB1bml0IHRvIHBhc3MgdGhlIGNvcnJlY3Qgbm9kZSBuYW1lCm1rZGlyIC1wIC9ldGMvc3lzdGVtZC9zeXN0ZW0vc2x1cm1kLnNlcnZpY2UuZApjYXQgPiAvZXRjL3N5c3RlbWQvc3lzdGVtL3NsdXJtZC5zZXJ2aWNlLmQvbm9kZW5hbWUuY29uZiA8PCBFT0YKW1NlcnZpY2VdCkVudmlyb25tZW50RmlsZT0vZXRjL3N5c2NvbmZpZy9zbHVybWQKRXhlY1N0YXJ0PQpFeGVjU3RhcnQ9L29wdC9zbHVybS9zYmluL3NsdXJtZCAtTiBcJFNMVVJNX05PREVOQU1FIC1EIFwkU0xVUk1EX09QVElPTlMKRU9GCnN5c3RlbWN0bCBkYWVtb24tcmVsb2FkCgpzeXN0ZW1jdGwgZW5hYmxlIHNsdXJtZApzeXN0ZW1jdGwgc3RhcnQgc2x1cm1kCgpzbGVlcCAzCnN5c3RlbWN0bCBpcy1hY3RpdmUgc2x1cm1kIHx8IHsKICBlY2hvICJGQVRBTDogc2x1cm1kIGZhaWxlZCB0byBzdGFydCIKICBqb3VybmFsY3RsIC11IHNsdXJtZCAtLW5vLXBhZ2VyIC1uIDMwCiAgZXhpdCAxCn0KCmVjaG8gIj09PSBCdXJzdExhYiBidXJzdCBub2RlICRTTFVSTV9OT0RFTkFNRSBpbml0IGNvbXBsZXRlOiAkKGRhdGUpID09PSIK",
            "vpc_security_group_ids": [
              "sg-0afcbecb73226db6d"
            ]
          },
          "sensitive_attributes": [
            [
              {
                "type": "get_attr",
                "value": "user_data"
              }
            ]
          ],
          "identity_schema_version": 0,
          "private": "bnVsbA==",
          "dependencies": [
            "module.iam.aws_iam_instance_profile.burst_node",
            "module.iam.aws_iam_role.burst_node",
            "module.iam.data.aws_iam_policy_document.burst_node_assume_role",
            "module.shared_storage.aws_efs_access_point.home",
            "module.shared_storage.aws_efs_access_point.slurm",
            "module.shared_storage.aws_efs_file_system.main",
            "module.vpc.aws_security_group.burst_node",
            "module.vpc.aws_vpc.main",
            "random_bytes.munge_key"
          ]
        }
      ]
    },
    {
      "module": "module.compute_nodes",
      "mode": "managed",
      "type": "aws_instance",
      "name": "compute",
      "provider": "provider[\"registry.terraform.io/hashicorp/aws\"]",
      "instances": [
        {
          "index_key": 0,
          "schema_version": 1,
          "attributes": {
            "ami": "ami-06435bc8a2c0a8e5a",
            "arn": "arn:aws:ec2:us-west-2:942542972736:instance/i-008a751481d722ade",
            "associate_public_ip_address": false,
            "availability_zone": "us-west-2a",
            "capacity_reservation_specification": [
              {
                "capacity_reservation_preference": "open",
                "capacity_reservation_target": []
              }
            ],
            "cpu_core_count": 2,
            "cpu_options": [
              {
                "amd_sev_snp": "",
                "core_count": 2,
                "threads_per_core": 1
              }
            ],
            "cpu_threads_per_core": 1,
            "credit_specification": [],
            "disable_api_stop": false,
            "disable_api_termination": false,
            "ebs_block_device": [],
            "ebs_optimized": false,
            "enable_primary_ipv6": null,
            "enclave_options": [
              {
                "enabled": false
              }
            ],
            "ephemeral_block_device": [],
            "get_password_data": false,
            "hibernation": false,
            "host_id": "",
            "host_resource_group_arn": null,
            "iam_instance_profile": "",
            "id": "i-008a751481d722ade",
            "instance_initiated_shutdown_behavior": "stop",
            "instance_lifecycle": "",
            "instance_market_options": [],
            "instance_state": "running",
            "instance_type": "m7a.large",
            "ipv6_address_count": 0,
            "ipv6_addresses": [],
            "key_name": "burstlab-key",
            "launch_template": [],
            "maintenance_options": [
              {
                "auto_recovery": "default"
              }
            ],
            "metadata_options": [
              {
                "http_endpoint": "enabled",
                "http_protocol_ipv6": "disabled",
                "http_put_response_hop_limit": 2,
                "http_tokens": "required",
                "instance_metadata_tags": "disabled"
              }
            ],
            "monitoring": false,
            "network_interface": [],
            "outpost_arn": "",
            "password_data": "",
            "placement_group": "",
            "placement_partition_number": 0,
            "primary_network_interface_id": "eni-02a21bf82dda71ce7",
            "private_dns": "ip-10-0-1-10.us-west-2.compute.internal",
            "private_dns_name_options": [
              {
                "enable_resource_name_dns_a_record": false,
                "enable_resource_name_dns_aaaa_record": false,
                "hostname_type": "ip-name"
              }
            ],
            "private_ip": "10.0.1.10",
            "public_dns": "",
            "public_ip": "",
            "root_block_device": [
              {
                "delete_on_termination": true,
                "device_name": "/dev/sda1",
                "encrypted": false,
                "iops": 3000,
                "kms_key_id": "",
                "tags": {
                  "Generation": "gen1",
                  "ManagedBy": "terraform",
                  "Name": "burstlab-gen1-compute01-root",
                  "Project": "burstlab"
                },
                "tags_all": {
                  "Generation": "gen1",
                  "ManagedBy": "terraform",
                  "Name": "burstlab-gen1-compute01-root",
                  "Project": "burstlab"
                },
                "throughput": 125,
                "volume_id": "vol-015aa8e5c11b99615",
                "volume_size": 30,
                "volume_type": "gp3"
              }
            ],
            "secondary_private_ips": [],
            "security_groups": [],
            "source_dest_check": true,
            "spot_instance_request_id": "",
            "subnet_id": "subnet-0a62de49fa1420ecc",
            "tags": {
              "Generation": "gen1",
              "ManagedBy": "terraform",
              "Name": "burstlab-gen1-compute01",
              "NodeIndex": "1",
              "Project": "burstlab",
              "Role": "compute-node"
            },
            "tags_all": {
              "Generation": "gen1",
              "ManagedBy": "terraform",
              "Name": "burstlab-gen1-compute01",
              "NodeIndex": "1",
              "Project": "burstlab",
              "Role": "compute-node"
            },
            "tenancy": "default",
            "timeouts": null,
            "user_data": "317f0d5ff0cf87e6598adc81dd7464e2355c5c77",
            "user_data_base64": null,
            "user_data_replace_on_change": true,
            "volume_tags": null,
            "vpc_security_group_ids": [
              "sg-0f29d43109b62ca96"
            ]
          },
          "sensitive_attributes": [
            [
              {
                "type": "get_attr",
                "value": "user_data"
              }
            ]
          ],
          "identity_schema_version": 0,
          "private": "eyJlMmJmYjczMC1lY2FhLTExZTYtOGY4OC0zNDM2M2JjN2M0YzAiOnsiY3JlYXRlIjo2MDAwMDAwMDAwMDAsImRlbGV0ZSI6MTIwMDAwMDAwMDAwMCwicmVhZCI6OTAwMDAwMDAwMDAwLCJ1cGRhdGUiOjYwMDAwMDAwMDAwMH0sInNjaGVtYV92ZXJzaW9uIjoiMSJ9",
          "dependencies": [
            "module.shared_storage.aws_efs_access_point.home",
            "module.shared_storage.aws_efs_access_point.slurm",
            "module.shared_storage.aws_efs_file_system.main",
            "module.vpc.aws_security_group.compute_node",
            "module.vpc.aws_subnet.onprem",
            "module.vpc.aws_vpc.main",
            "random_bytes.munge_key"
          ]
        },
        {
          "index_key": 1,
          "schema_version": 1,
          "attributes": {
            "ami": "ami-06435bc8a2c0a8e5a",
            "arn": "arn:aws:ec2:us-west-2:942542972736:instance/i-0de685c5d49b65fa1",
            "associate_public_ip_address": false,
            "availability_zone": "us-west-2a",
            "capacity_reservation_specification": [
              {
                "capacity_reservation_preference": "open",
                "capacity_reservation_target": []
              }
            ],
            "cpu_core_count": 2,
            "cpu_options": [
              {
                "amd_sev_snp": "",
                "core_count": 2,
                "threads_per_core": 1
              }
            ],
            "cpu_threads_per_core": 1,
            "credit_specification": [],
            "disable_api_stop": false,
            "disable_api_termination": false,
            "ebs_block_device": [],
            "ebs_optimized": false,
            "enable_primary_ipv6": null,
            "enclave_options": [
              {
                "enabled": false
              }
            ],
            "ephemeral_block_device": [],
            "get_password_data": false,
            "hibernation": false,
            "host_id": "",
            "host_resource_group_arn": null,
            "iam_instance_profile": "",
            "id": "i-0de685c5d49b65fa1",
            "instance_initiated_shutdown_behavior": "stop",
            "instance_lifecycle": "",
            "instance_market_options": [],
            "instance_state": "running",
            "instance_type": "m7a.large",
            "ipv6_address_count": 0,
            "ipv6_addresses": [],
            "key_name": "burstlab-key",
            "launch_template": [],
            "maintenance_options": [
              {
                "auto_recovery": "default"
              }
            ],
            "metadata_options": [
              {
                "http_endpoint": "enabled",
                "http_protocol_ipv6": "disabled",
                "http_put_response_hop_limit": 2,
                "http_tokens": "required",
                "instance_metadata_tags": "disabled"
              }
            ],
            "monitoring": false,
            "network_interface": [],
            "outpost_arn": "",
            "password_data": "",
            "placement_group": "",
            "placement_partition_number": 0,
            "primary_network_interface_id": "eni-07cbe35106e3bbe13",
            "private_dns": "ip-10-0-1-11.us-west-2.compute.internal",
            "private_dns_name_options": [
              {
                "enable_resource_name_dns_a_record": false,
                "enable_resource_name_dns_aaaa_record": false,
                "hostname_type": "ip-name"
              }
            ],
            "private_ip": "10.0.1.11",
            "public_dns": "",
            "public_ip": "",
            "root_block_device": [
              {
                "delete_on_termination": true,
                "device_name": "/dev/sda1",
                "encrypted": false,
                "iops": 3000,
                "kms_key_id": "",
                "tags": {
                  "Generation": "gen1",
                  "ManagedBy": "terraform",
                  "Name": "burstlab-gen1-compute02-root",
                  "Project": "burstlab"
                },
                "tags_all": {
                  "Generation": "gen1",
                  "ManagedBy": "terraform",
                  "Name": "burstlab-gen1-compute02-root",
                  "Project": "burstlab"
                },
                "throughput": 125,
                "volume_id": "vol-0cf6bf1ae9293ac98",
                "volume_size": 30,
                "volume_type": "gp3"
              }
            ],
            "secondary_private_ips": [],
            "security_groups": [],
            "source_dest_check": true,
            "spot_instance_request_id": "",
            "subnet_id": "subnet-0a62de49fa1420ecc",
            "tags": {
              "Generation": "gen1",
              "ManagedBy": "terraform",
              "Name": "burstlab-gen1-compute02",
              "NodeIndex": "2",
              "Project": "burstlab",
              "Role": "compute-node"
            },
            "tags_all": {
              "Generation": "gen1",
              "ManagedBy": "terraform",
              "Name": "burstlab-gen1-compute02",
              "NodeIndex": "2",
              "Project": "burstlab",
              "Role": "compute-node"
            },
            "tenancy": "default",
            "timeouts": null,
            "user_data": "c873577f61272f10ba304c801ca708c9e7909bb1",
            "user_data_base64": null,
            "user_data_replace_on_change": true,
            "volume_tags": null,
            "vpc_security_group_ids": [
              "sg-0f29d43109b62ca96"
            ]
          },
          "sensitive_attributes": [
            [
              {
                "type": "get_attr",
                "value": "user_data"
              }
            ]
          ],
          "identity_schema_version": 0,
          "private": "eyJlMmJmYjczMC1lY2FhLTExZTYtOGY4OC0zNDM2M2JjN2M0YzAiOnsiY3JlYXRlIjo2MDAwMDAwMDAwMDAsImRlbGV0ZSI6MTIwMDAwMDAwMDAwMCwicmVhZCI6OTAwMDAwMDAwMDAwLCJ1cGRhdGUiOjYwMDAwMDAwMDAwMH0sInNjaGVtYV92ZXJzaW9uIjoiMSJ9",
          "dependencies": [
            "module.shared_storage.aws_efs_access_point.home",
            "module.shared_storage.aws_efs_access_point.slurm",
            "module.shared_storage.aws_efs_file_system.main",
            "module.vpc.aws_security_group.compute_node",
            "module.vpc.aws_subnet.onprem",
            "module.vpc.aws_vpc.main",
            "random_bytes.munge_key"
          ]
        },
        {
          "index_key": 2,
          "schema_version": 1,
          "attributes": {
            "ami": "ami-06435bc8a2c0a8e5a",
            "arn": "arn:aws:ec2:us-west-2:942542972736:instance/i-0b6600c699a6fb8a8",
            "associate_public_ip_address": false,
            "availability_zone": "us-west-2a",
            "capacity_reservation_specification": [
              {
                "capacity_reservation_preference": "open",
                "capacity_reservation_target": []
              }
            ],
            "cpu_core_count": 2,
            "cpu_options": [
              {
                "amd_sev_snp": "",
                "core_count": 2,
                "threads_per_core": 1
              }
            ],
            "cpu_threads_per_core": 1,
            "credit_specification": [],
            "disable_api_stop": false,
            "disable_api_termination": false,
            "ebs_block_device": [],
            "ebs_optimized": false,
            "enable_primary_ipv6": null,
            "enclave_options": [
              {
                "enabled": false
              }
            ],
            "ephemeral_block_device": [],
            "get_password_data": false,
            "hibernation": false,
            "host_id": "",
            "host_resource_group_arn": null,
            "iam_instance_profile": "",
            "id": "i-0b6600c699a6fb8a8",
            "instance_initiated_shutdown_behavior": "stop",
            "instance_lifecycle": "",
            "instance_market_options": [],
            "instance_state": "running",
            "instance_type": "m7a.large",
            "ipv6_address_count": 0,
            "ipv6_addresses": [],
            "key_name": "burstlab-key",
            "launch_template": [],
            "maintenance_options": [
              {
                "auto_recovery": "default"
              }
            ],
            "metadata_options": [
              {
                "http_endpoint": "enabled",
                "http_protocol_ipv6": "disabled",
                "http_put_response_hop_limit": 2,
                "http_tokens": "required",
                "instance_metadata_tags": "disabled"
              }
            ],
            "monitoring": false,
            "network_interface": [],
            "outpost_arn": "",
            "password_data": "",
            "placement_group": "",
            "placement_partition_number": 0,
            "primary_network_interface_id": "eni-03c6e3a1f246d06fe",
            "private_dns": "ip-10-0-1-12.us-west-2.compute.internal",
            "private_dns_name_options": [
              {
                "enable_resource_name_dns_a_record": false,
                "enable_resource_name_dns_aaaa_record": false,
                "hostname_type": "ip-name"
              }
            ],
            "private_ip": "10.0.1.12",
            "public_dns": "",
            "public_ip": "",
            "root_block_device": [
              {
                "delete_on_termination": true,
                "device_name": "/dev/sda1",
                "encrypted": false,
                "iops": 3000,
                "kms_key_id": "",
                "tags": {
                  "Generation": "gen1",
                  "ManagedBy": "terraform",
                  "Name": "burstlab-gen1-compute03-root",
                  "Project": "burstlab"
                },
                "tags_all": {
                  "Generation": "gen1",
                  "ManagedBy": "terraform",
                  "Name": "burstlab-gen1-compute03-root",
                  "Project": "burstlab"
                },
                "throughput": 125,
                "volume_id": "vol-08de40b52e8e6cfb1",
                "volume_size": 30,
                "volume_type": "gp3"
              }
            ],
            "secondary_private_ips": [],
            "security_groups": [],
            "source_dest_check": true,
            "spot_instance_request_id": "",
            "subnet_id": "subnet-0a62de49fa1420ecc",
            "tags": {
              "Generation": "gen1",
              "ManagedBy": "terraform",
              "Name": "burstlab-gen1-compute03",
              "NodeIndex": "3",
              "Project": "burstlab",
              "Role": "compute-node"
            },
            "tags_all": {
              "Generation": "gen1",
              "ManagedBy": "terraform",
              "Name": "burstlab-gen1-compute03",
              "NodeIndex": "3",
              "Project": "burstlab",
              "Role": "compute-node"
            },
            "tenancy": "default",
            "timeouts": null,
            "user_data": "093540e93e7b1026d016652539f79bb4b44c07e1",
            "user_data_base64": null,
            "user_data_replace_on_change": true,
            "volume_tags": null,
            "vpc_security_group_ids": [
              "sg-0f29d43109b62ca96"
            ]
          },
          "sensitive_attributes": [
            [
              {
                "type": "get_attr",
                "value": "user_data"
              }
            ]
          ],
          "identity_schema_version": 0,
          "private": "eyJlMmJmYjczMC1lY2FhLTExZTYtOGY4OC0zNDM2M2JjN2M0YzAiOnsiY3JlYXRlIjo2MDAwMDAwMDAwMDAsImRlbGV0ZSI6MTIwMDAwMDAwMDAwMCwicmVhZCI6OTAwMDAwMDAwMDAwLCJ1cGRhdGUiOjYwMDAwMDAwMDAwMH0sInNjaGVtYV92ZXJzaW9uIjoiMSJ9",
          "dependencies": [
            "module.shared_storage.aws_efs_access_point.home",
            "module.shared_storage.aws_efs_access_point.slurm",
            "module.shared_storage.aws_efs_file_system.main",
            "module.vpc.aws_security_group.compute_node",
            "module.vpc.aws_subnet.onprem",
            "module.vpc.aws_vpc.main",
            "random_bytes.munge_key"
          ]
        },
        {
          "index_key": 3,
          "schema_version": 1,
          "attributes": {
            "ami": "ami-06435bc8a2c0a8e5a",
            "arn": "arn:aws:ec2:us-west-2:942542972736:instance/i-09ddbbf6b2cfd5a56",
            "associate_public_ip_address": false,
            "availability_zone": "us-west-2a",
            "capacity_reservation_specification": [
              {
                "capacity_reservation_preference": "open",
                "capacity_reservation_target": []
              }
            ],
            "cpu_core_count": 2,
            "cpu_options": [
              {
                "amd_sev_snp": "",
                "core_count": 2,
                "threads_per_core": 1
              }
            ],
            "cpu_threads_per_core": 1,
            "credit_specification": [],
            "disable_api_stop": false,
            "disable_api_termination": false,
            "ebs_block_device": [],
            "ebs_optimized": false,
            "enable_primary_ipv6": null,
            "enclave_options": [
              {
                "enabled": false
              }
            ],
            "ephemeral_block_device": [],
            "get_password_data": false,
            "hibernation": false,
            "host_id": "",
            "host_resource_group_arn": null,
            "iam_instance_profile": "",
            "id": "i-09ddbbf6b2cfd5a56",
            "instance_initiated_shutdown_behavior": "stop",
            "instance_lifecycle": "",
            "instance_market_options": [],
            "instance_state": "running",
            "instance_type": "m7a.large",
            "ipv6_address_count": 0,
            "ipv6_addresses": [],
            "key_name": "burstlab-key",
            "launch_template": [],
            "maintenance_options": [
              {
                "auto_recovery": "default"
              }
            ],
            "metadata_options": [
              {
                "http_endpoint": "enabled",
                "http_protocol_ipv6": "disabled",
                "http_put_response_hop_limit": 2,
                "http_tokens": "required",
                "instance_metadata_tags": "disabled"
              }
            ],
            "monitoring": false,
            "network_interface": [],
            "outpost_arn": "",
            "password_data": "",
            "placement_group": "",
            "placement_partition_number": 0,
            "primary_network_interface_id": "eni-02a5a4f6fa0e04cb5",
            "private_dns": "ip-10-0-1-13.us-west-2.compute.internal",
            "private_dns_name_options": [
              {
                "enable_resource_name_dns_a_record": false,
                "enable_resource_name_dns_aaaa_record": false,
                "hostname_type": "ip-name"
              }
            ],
            "private_ip": "10.0.1.13",
            "public_dns": "",
            "public_ip": "",
            "root_block_device": [
              {
                "delete_on_termination": true,
                "device_name": "/dev/sda1",
                "encrypted": false,
                "iops": 3000,
                "kms_key_id": "",
                "tags": {
                  "Generation": "gen1",
                  "ManagedBy": "terraform",
                  "Name": "burstlab-gen1-compute04-root",
                  "Project": "burstlab"
                },
                "tags_all": {
                  "Generation": "gen1",
                  "ManagedBy": "terraform",
                  "Name": "burstlab-gen1-compute04-root",
                  "Project": "burstlab"
                },
                "throughput": 125,
                "volume_id": "vol-026447e18499efbdb",
                "volume_size": 30,
                "volume_type": "gp3"
              }
            ],
            "secondary_private_ips": [],
            "security_groups": [],
            "source_dest_check": true,
            "spot_instance_request_id": "",
            "subnet_id": "subnet-0a62de49fa1420ecc",
            "tags": {
              "Generation": "gen1",
              "ManagedBy": "terraform",
              "Name": "burstlab-gen1-compute04",
              "NodeIndex": "4",
              "Project": "burstlab",
              "Role": "compute-node"
            },
            "tags_all": {
              "Generation": "gen1",
              "ManagedBy": "terraform",
              "Name": "burstlab-gen1-compute04",
              "NodeIndex": "4",
              "Project": "burstlab",
              "Role": "compute-node"
            },
            "tenancy": "default",
            "timeouts": null,
            "user_data": "21a18030eb98be633ba1da9206b08dc4e29fc6eb",
            "user_data_base64": null,
            "user_data_replace_on_change": true,
            "volume_tags": null,
            "vpc_security_group_ids": [
              "sg-0f29d43109b62ca96"
            ]
          },
          "sensitive_attributes": [
            [
              {
                "type": "get_attr",
                "value": "user_data"
              }
            ]
          ],
          "identity_schema_version": 0,
          "private": "eyJlMmJmYjczMC1lY2FhLTExZTYtOGY4OC0zNDM2M2JjN2M0YzAiOnsiY3JlYXRlIjo2MDAwMDAwMDAwMDAsImRlbGV0ZSI6MTIwMDAwMDAwMDAwMCwicmVhZCI6OTAwMDAwMDAwMDAwLCJ1cGRhdGUiOjYwMDAwMDAwMDAwMH0sInNjaGVtYV92ZXJzaW9uIjoiMSJ9",
          "dependencies": [
            "module.shared_storage.aws_efs_access_point.home",
            "module.shared_storage.aws_efs_access_point.slurm",
            "module.shared_storage.aws_efs_file_system.main",
            "module.vpc.aws_security_group.compute_node",
            "module.vpc.aws_subnet.onprem",
            "module.vpc.aws_vpc.main",
            "random_bytes.munge_key"
          ]
        }
      ]
    },
    {
      "module": "module.head_node",
      "mode": "managed",
      "type": "aws_eip",
      "name": "head_node",
      "provider": "provider[\"registry.terraform.io/hashicorp/aws\"]",
      "instances": [
        {
          "schema_version": 0,
          "attributes": {
            "address": null,
            "allocation_id": "eipalloc-07983584c68d33085",
            "arn": "arn:aws:ec2:us-west-2:942542972736:elastic-ip/eipalloc-07983584c68d33085",
            "associate_with_private_ip": null,
            "association_id": "eipassoc-07768d2019aad16a7",
            "carrier_ip": "",
            "customer_owned_ip": "",
            "customer_owned_ipv4_pool": "",
            "domain": "vpc",
            "id": "eipalloc-07983584c68d33085",
            "instance": "i-0552e33a92edaedd4",
            "ipam_pool_id": null,
            "network_border_group": "us-west-2",
            "network_interface": "eni-09f0ebe546f81b235",
            "private_dns": "ip-10-0-0-10.us-west-2.compute.internal",
            "private_ip": "10.0.0.10",
            "ptr_record": "",
            "public_dns": "ec2-52-33-58-129.us-west-2.compute.amazonaws.com",
            "public_ip": "52.33.58.129",
            "public_ipv4_pool": "amazon",
            "tags": {
              "Generation": "gen1",
              "ManagedBy": "terraform",
              "Name": "burstlab-gen1-head-node-eip",
              "Project": "burstlab"
            },
            "tags_all": {
              "Generation": "gen1",
              "ManagedBy": "terraform",
              "Name": "burstlab-gen1-head-node-eip",
              "Project": "burstlab"
            },
            "timeouts": null,
            "vpc": true
          },
          "sensitive_attributes": [],
          "identity_schema_version": 0,
          "private": "eyJlMmJmYjczMC1lY2FhLTExZTYtOGY4OC0zNDM2M2JjN2M0YzAiOnsiZGVsZXRlIjoxODAwMDAwMDAwMDAsInJlYWQiOjkwMDAwMDAwMDAwMCwidXBkYXRlIjozMDAwMDAwMDAwMDB9fQ=="
        }
      ]
    },
    {
      "module": "module.head_node",
      "mode": "managed",
      "type": "aws_eip_association",
      "name": "head_node",
      "provider": "provider[\"registry.terraform.io/hashicorp/aws\"]",
      "instances": [
        {
          "schema_version": 0,
          "attributes": {
            "allocation_id": "eipalloc-07983584c68d33085",
            "allow_reassociation": null,
            "id": "eipassoc-071b6ce5b8048c64f",
            "instance_id": "i-0b6d954e077ae8d54",
            "network_interface_id": "eni-012b6e089b9e3fcef",
            "private_ip_address": "10.0.0.10",
            "public_ip": "52.33.58.129"
          },
          "sensitive_attributes": [],
          "identity_schema_version": 0,
          "private": "bnVsbA==",
          "dependencies": [
            "module.burst_config.aws_launch_template.burst",
            "module.head_node.aws_eip.head_node",
            "module.head_node.aws_instance.head_node",
            "module.iam.aws_iam_instance_profile.burst_node",
            "module.iam.aws_iam_instance_profile.head_node",
            "module.iam.aws_iam_role.burst_node",
            "module.iam.aws_iam_role.head_node",
            "module.iam.data.aws_iam_policy_document.burst_node_assume_role",
            "module.iam.data.aws_iam_policy_document.head_node_assume_role",
            "module.shared_storage.aws_efs_access_point.home",
            "module.shared_storage.aws_efs_access_point.slurm",
            "module.shared_storage.aws_efs_file_system.main",
            "module.vpc.aws_security_group.burst_node",
            "module.vpc.aws_security_group.head_node",
            "module.vpc.aws_subnet.cloud_a",
            "module.vpc.aws_subnet.cloud_b",
            "module.vpc.aws_subnet.management",
            "module.vpc.aws_subnet.onprem",
            "module.vpc.aws_vpc.main",
            "random_bytes.munge_key",
            "random_password.slurmdbd_db"
          ]
        }
      ]
    },
    {
      "module": "module.head_node",
      "mode": "managed",
      "type": "aws_instance",
      "name": "head_node",
      "provider": "provider[\"registry.terraform.io/hashicorp/aws\"]",
      "instances": [
        {
          "schema_version": 1,
          "attributes": {
            "ami": "ami-06435bc8a2c0a8e5a",
            "arn": "arn:aws:ec2:us-west-2:942542972736:instance/i-0b6d954e077ae8d54",
            "associate_public_ip_address": false,
            "availability_zone": "us-west-2a",
            "capacity_reservation_specification": [
              {
                "capacity_reservation_preference": "open",
                "capacity_reservation_target": []
              }
            ],
            "cpu_core_count": 2,
            "cpu_options": [
              {
                "amd_sev_snp": "",
                "core_count": 2,
                "threads_per_core": 1
              }
            ],
            "cpu_threads_per_core": 1,
            "credit_specification": [],
            "disable_api_stop": false,
            "disable_api_termination": false,
            "ebs_block_device": [],
            "ebs_optimized": false,
            "enable_primary_ipv6": null,
            "enclave_options": [
              {
                "enabled": false
              }
            ],
            "ephemeral_block_device": [],
            "get_password_data": false,
            "hibernation": false,
            "host_id": "",
            "host_resource_group_arn": null,
            "iam_instance_profile": "burstlab-gen1-head-node-profile",
            "id": "i-0b6d954e077ae8d54",
            "instance_initiated_shutdown_behavior": "stop",
            "instance_lifecycle": "",
            "instance_market_options": [],
            "instance_state": "running",
            "instance_type": "m7a.large",
            "ipv6_address_count": 0,
            "ipv6_addresses": [],
            "key_name": "burstlab-key",
            "launch_template": [],
            "maintenance_options": [
              {
                "auto_recovery": "default"
              }
            ],
            "metadata_options": [
              {
                "http_endpoint": "enabled",
                "http_protocol_ipv6": "disabled",
                "http_put_response_hop_limit": 2,
                "http_tokens": "required",
                "instance_metadata_tags": "disabled"
              }
            ],
            "monitoring": false,
            "network_interface": [],
            "outpost_arn": "",
            "password_data": "",
            "placement_group": "",
            "placement_partition_number": 0,
            "primary_network_interface_id": "eni-012b6e089b9e3fcef",
            "private_dns": "ip-10-0-0-10.us-west-2.compute.internal",
            "private_dns_name_options": [
              {
                "enable_resource_name_dns_a_record": false,
                "enable_resource_name_dns_aaaa_record": false,
                "hostname_type": "ip-name"
              }
            ],
            "private_ip": "10.0.0.10",
            "public_dns": "",
            "public_ip": "",
            "root_block_device": [
              {
                "delete_on_termination": true,
                "device_name": "/dev/sda1",
                "encrypted": false,
                "iops": 3000,
                "kms_key_id": "",
                "tags": {
                  "Generation": "gen1",
                  "ManagedBy": "terraform",
                  "Name": "burstlab-gen1-head-node-root",
                  "Project": "burstlab"
                },
                "tags_all": {
                  "Generation": "gen1",
                  "ManagedBy": "terraform",
                  "Name": "burstlab-gen1-head-node-root",
                  "Project": "burstlab"
                },
                "throughput": 125,
                "volume_id": "vol-0a4d20b5253e35318",
                "volume_size": 50,
                "volume_type": "gp3"
              }
            ],
            "secondary_private_ips": [],
            "security_groups": [],
            "source_dest_check": false,
            "spot_instance_request_id": "",
            "subnet_id": "subnet-08d4e15f68b94671d",
            "tags": {
              "Generation": "gen1",
              "ManagedBy": "terraform",
              "Name": "burstlab-gen1-head-node",
              "Project": "burstlab",
              "Role": "head-node"
            },
            "tags_all": {
              "Generation": "gen1",
              "ManagedBy": "terraform",
              "Name": "burstlab-gen1-head-node",
              "Project": "burstlab",
              "Role": "head-node"
            },
            "tenancy": "default",
            "timeouts": null,
            "user_data": null,
            "user_data_base64": "H4sIAAAAAAAA/9y963LbuLMg/p1P0UdOTewTi5J8t+enqb9sybYSW1J08W3+c1wQCYmwSIABQMnKJFv7aR9ga5/wPMkWLqQoWc7kzCTnw2aqJiIJNBqN7kbfgGz8W2lIaGmIROBsQPVH/nE2IMDIL1Lm4yKhRLoigP/8n/8HThMu5BUawgWmUNGNQDUCL2SJr5s6G84G3AZIggyIAOFxEkvwGRawSSgw7mO+deJsAEDFhXPyDGeYynYPjqDRvgKOYyZAMpiiJJSuh6lkwmV8rHvsuNDDEgImJEUR1u92XThjdETGCcdAYomGIRbQqvVhc4EfESADhWYiJOZvBRAqMadYwhhJPEPzLQ1rz4VrllAJjfPeCZQCFmFA1IcSi2VJhAmPdLN9FzosTkIkce4TMKr6wYizSI9Wu24CGcGIcCFhyJjUnQ/y+EYJHWOY4Ln+dOjCLScSQ0/D83QzGBE1IQ21jzlHI8ajIsfUxxz7IHEUK0SEhnCUB36NOEH1UxgxDhpDf+jrVscu9CTi0g7/n//rf0Ok2vpD/Tttu3jwZKh7VsouNKmQKAw1XbxsrE6YjAmF6Y5uVnGhm1AYY4o5kvhRtXPj+TagOMbUh6HiI8s5ZpKSmZFc9axh7LhQ833wAkTH+FFIJLEbz8HjjGoey2iRkUARanMLRDIUkshEEkbFCYRshrmHBH6cIi4AKS6hT9iT2AckwcdxyOYgSYTdHy5HjsASijhhEJMYjxAJHfyMPfgNftuUGENpingpZOOSJkiIhkbaQjbegp3ffqk42AsYFKrV6kL0ckxNiQShFhL7J/Bm00cSb6kZFBxnA3q9S8VYdrKEUQg09RXvg5A4hj3YRCOJuebaSPH9FggGREKMuSBCCsvSroJX/JF/nI1U+o3AkxFQjH2suKxNFyphs382eCsAeTJBIbR7WyfAsU849uS31YVrAHWZN5nDFaHJs4LGEq6lcogE1qBUb8URyJNkireBMhiRZ4uL+8NnbZazWCzCWYC9CaFjaPe0JI3Is3paoYYavuC0e4/NevXNpgslLL0SE0WOQ4wEhl9+AQPyTbNe2HLICH6HwhvdvgBVKBh6FOCPX5VCog7Y5hl9fSyNJCjtnlJWIbKGpAUHQCicCLwVpYhwznhIhCxt5H6P3xok50nk6sm4fsmMVvx3/SIP5MuGWoiEh9VAyvikZIHmxvyy0mAVpy/fM55PR+CFGFFAYejgUOCMEIZWq2RYwxV64AXvmeUpOCPiKOgRmmAPeQGGYpHjEccigC9fQPIE/wzRebkN/tgRFmzaw1KzQzqUYcj0yZMhCCyL2Velm5RqshAqO4du2S27lexDAX77zSyY6qP2rDMWxYnERqNhKjnBQi+D2mPUS6GJrRiSY8HCKQaMvACYDDCH4RxEwLgETQc7qh7SrZTBM7DLldVhlxtWsoY73264kzXc/XbD3azh3mrDn8AO32UBIZFaP3mT58eiklNvFh/FOwoRzTYbK+pYG4WUSSDWpMhwH87BxyMtcpuJUK1G5suW0snN1eZKgaYPRYH5lHhYqK1shsFDNN3ONCY8CbFQUPoBzu2lARJgZTszDZHnYSFgShAQKaDR7MAQjxjH1rSVOHa1+Kf4F+cLnF7go1a+QdU7aHaUTTZD3Ff0sdhhKsO5JSHF0iXxdM8l8aNtCVVQbGxYScyFJ0PXLx0fFzPTwTY0FpRpAcX4ezs4G3AeJiJYQ8h0KTTpYHMWEC8AQr0wUXwF3cb7xlkfPCS9oKjIIAOkTN0hx2hi+FAtEJ5iqnbxcA74OUCJMi88RqnkyJtsg89ZHCtyUDzTtov6ZgwXs+q3WOkarRZShGIWEk/pC8mgdnbW6JiRGA3ngHxfG+HXtd7HQaNbqzc0/tnWni1U8Tz/G4pKl8jcq7vc7w40W51B3w629OG83b2tdevrPrUH/VwnZwOukfiUYI58DCyRQ5ZQHyRHoxHxjJ2fSqpIhhRL5btwlowDPSHFhppFR8jDLxnZejqC0HGIX7g52hdQJGS0GHMcGSteOW9G17pOo39ZfbNJYuBMqeUxlnDk6v/gC6DZBN7+GXNCJbzZ/xXwM5Ff327lZqupB8UadNq9frc96DdbF1AUYDVjubSzB0W18Tb6lwUoPuXW53uh7PwQKLvfhuJsQMdqDRlggS3zK/P4hXxwLCTjWBNee4F4ivlce3xmfYhqE4fIM23+SsSwVBsh4Ticu45tslAsAk2xEm+JlVsG2KiU9PPP2F/yXvFP3DP0GEoDKHdEKd3WeW+651bSzUO9JsI4KtiHRGjlGSJCgY7EHmzSkSgmkoRiy4UWAxShz4wWcfo2tamZdQusnaiWqJSAtjlSuUsE5qC9f7MnMG2VbDbOe1tufhN7K2yQQEg0197SVfusdgU+ERPtaas/gmmNqJWa3VKUFCpG4BoU8iNCzZhUsY7ySTH1U+8L0BSREA1JSORcY7sIOSikTbBgSChSWG5bj1psa9mOjV9uUHeiiU+43hSSfEzDUOAvCWDZwPjNpWRb7916/ttmklh5M2ZOCsBbZd9pIJu6VUl/2oaQeSjUNNqGmOOixzFSUAlVztmWWmRDBxEgn82wr+wB7YZaYUp1nETUV1vjZecMYiSVqoNN7I5djV3JTkaPvaUw0ohHTEhIKJkq8ZbEGAOUKef8BHxG30oYhsybaPlVrpjlO4mjmHHESTiHhNo1CbUGfi4aefRdjj8lhGNR0o51lWI5Y3xSZDQkFLsS8TGWJzBDRGoeqLd6qUlhIYA2gJ0NHRDRMRo1U83zCmmpKaZ2Uu2kKRZCng6i+ET7+LMA54DFxJsISGLVUs0Sz2AkJBpqQ3sOEfGLepYWB4WO1lXKzjaTM+I5EsXyXvlwfzQc7g5R2T842D9y8Ui4iSjOsJDFHddIG5oJ12PRSUkxlJbKR4qlj6fbdCQUxat7bmWbC/IZVyvlvaP9w4Pt2dJTgLi/LUmEWfWgXN7mWHJERXVnmyoVO40Zl9tmtbZfkn09wXMNv7EsUIbywljXZHL+nrCJAHHFax5nQiz8mL9NSzN6DpH/Jwh7ypgUkqP4BIwC0IJmZyiSYap45koGiQkhK+HEz0TofVVvD6pljGRgRETxrkZYi8YCgmSmm9KoWnNgrvSLjswqUNn2BlyJQ07Ut1PkDGLbOo4CCTUSaeXGyJTBIK9kIypLavsZplN1HhvnvcfTdrvf63drncfr9qDVb9SrZUfbZVINrBwQqMAO7MIe7P8KPnPAKgBl0ailLzL4gasO/7+jtqm/wZiFNVOEX36BP+GVeVZ+NV7Br/AVvnyBP/XARiwU8RdAzHxTgrxJfyjuxP42qGnMlQZUpCoL13ULGpQIMY6hUnYAvjo+ozgNia3HR8fIKvnw2DfWzu6V326DQuJhByAxE1jDAfn5WmbXGQbdc8ncwFQkHPtuYTlkdVvrtk5gHbkMdbSaWojRQjggUvY/IqGr41Y8UtNYs4A7v5V8PC3RJAzzQayFjJggmdpAQsZiGGIPJQIvoshg5V6NR/XuAhwjfw4kirBPkMThXDO8QoDQZWPEMvxfyEMqEYU3PuEFxXOarxZMlSfza8zEOKjuf8lVS3ylOAtA85b+n45HPGHPbNSNsx0ddI8R4W8FxMkwJJ4Nw0tmbKO3AlAiA8bJZ+w/TvCq4agUUtrwhfWkrSNjQEljci1cP7UulOl1MBYkpt48M5oijKgwRmg4U9aq0tRKYY4R90NllTJj6+hUyzZYN9+YWrOAhRhiRqjy7NnI0FTR6oXFKIx1qIMiCjU2Mjai6zw2r+u9x377Q6NVfbPpJTyEohhB8Q6Ue1ywId7KwbG7s7/n2r9LOrklSygmJckmmBa0vipeQuGuiGaiiL2dYoQl8pFERd2iKGVYFFgZReIEdsvlQsrHW85j42znsTM4/dC4X8LhG+BO4E0OczP8XyCrABQVhJLhgKJa5VK5xGJMhQjUYw4nraOKVKupDLv1WmnBCCVXiMABGHMcQ/HT+Wrv1aalVZ5bEXMbD1+CofbsvwDjAHgBm1HDsSfG+P+uThHz4bBcXjcn8/Fgzcc1kAziy9kuEy82YvJXIIw2dDZ0SD2JQSviVPQWJoT1xTZLiVHVOiZllPZychl8HDEjDpuDZh12yuVyakVkPo7qfJm6WCTz9HT2Tee7lJtIlGOv40GLWLiScSXx22mEedskU13FRVootZBC8ROUkjUMlGRb1IZdOB0tIyM7F423tpV0nlAHOmvXTdgUgSIK8n0zCTXhJPb1nHRGLSGhv6X4EUtMJcRIiJlvgeY4bee3XypKXZux9ecT0yhFLdtzlphkgbfNYFl6Zr3WLle2tj82ZrHxPRUAmmqL3L+m888MuVt80gBKDqsMHRtI6dvahAAJ688oL9wGsbEPCfUxzwEoDtEE+y7cYuBiTj1ljUumfNQgv+szmit1cKGXDAX+lChmMKz7lAiZ7sU640l9BUmbBq5Rgv8GxVFu4JKbxapjS23/RS7zPBvzBDwW6w182UtTukAxg9nPzRSK6MUES/mRHQDJEi/4C2yWzbkFyRfopsRfNeNWOqDQmEhZx20QE6Ij4hkTG55PXRx/yVg0nJfzPRZoK68LzcSr33QRSA6+IZ6IGTNFHiEbq6EEbGZ2h87AqVU1MSAz+FZuhCniJQ3BjuPJ0H/51l/pEbKxtbKNetC/T6z7+50gVyH9BOF/WcHz35RJM+U6VopNpZCODqVFRLCZVtzokFlWIbOtCx4O9gBTj/nY37LwP9w8tNi8j2oNtv/u9mZOzh6avfBjclApnZ6X+Men+a24Pto960Xo7LZOPpJPaP9YlHfelW+f5N7pQ/egjY6j06eH/RvuTZ9OPx5d75U+ecFuNz6/7bXeXx2ejkrt4W3SvPGv8R7fO788a/J6OZpM3zdOm6JSu+zttDu3g4teNB5gdvVci5r3Xa/lD+qXn/auT8nFzd3k4G5yQfwS2Rf9IOwfXXL+EM8OJ3M8rhy3kl7ztjPEmJSaFx+84c15h5+fH3wMT4d3z7jZnF8dHO3f7OyX609IsDNSYgMRP5Qvhx8qHw+7tc40OHr6wG4O7hL/OGrfdDm5H89LN7Q7a93N+XEi4k+cPtSGn/fORqXTyi6jRwe7fnhxPL7/PDlq3ZCOjz71a8+3xzd90mjORlejcNquhO13t7vt8VN8ez0s8cHNoP4wDdpPyd7z+cP7+Wz0WVzs+AN/8jA9f5iL8MM+vbn5tO+3bq/RYdxq7Dyg2/plUBvNL5/P75rltnhf26l1S96s93mSeOG02b0dfy5Hu58vg7AXnk+kCDsNVCPvzwfnB/TQK7fqp6eomVTef6rPd3dL3X1x4Ht9Vrr2KvvRQ3deOrqOnmTYa58iepOUSqP3vcuI3980B4h9uqyLw0Dunk/IlX/53Lu63zucDPrJ0ayx+/Hu+UCi95dXBIe8chBHD0HzXS2J+A2fS9YZ15P7/pM/vRh/fvLZTTy+6u586B3ORvd74/p4bz77dDM5ptEsGuD37furabjbfJj1ZW+vdH/8IK4/0ruYnnZOy2Hjonzwcf7AurWn3f3DAYqOPt09n8cHDbw/mJGSH4f+/O40CB8uP+ztnzcasnUePb9H3fu9MDq+H1wjj9ZOb4LaJb29Y1N/3tgbHouJF7aOe+/wu/vO7qfb4+b1zs047h8e1N/Vrq4/NnuVfrnC2xQPL57ujg+f382CQ390tDt+V6u8H5Hr/eHh5dOkd1s+vLsY7LTOYh91d6M29y+Onu+eaV9Oz1v87BP6HJ6XLz7G8ZX39PD5qBme75H4U1hqTTAfdD9Mj69mN0Hp7AF38eXdXe10vteqfBq/23s43z0K7x+Oalcf7hu3z9dRJz69G7Rvjh/6Q3nVne5diqPd5CNno+dTdnR302x9TJ5Pk8vQf2h0Q/IupIddfN6/ryVPt8f3B/dPe09XjbpsVu7uLy/i55vBeZc3zydIzvb3o743bezRD6On7seLQT+oTa7Ju0FCMH86+kRvny6Tqw/48Pj6eH53f3B+6H8efLioNPqfSGtyddl63mu3buvN7k08otfk6KI8rTRo3BHhO7rbP+rfNZoybied0s2ldzS72T862/l4KIS8GvBkfoiPz/hxzE9D1DkYh3sHp4cHuxNent337/vJJOzGvclu4zi4KU1Ez9+dHHzwrz+c9m7k4fihcpdc7pzfjC8vyfV+wp9uUXnGG8PD8Kzcffdh8vxu+A5L7/ryaTK7Gtd71716qYKeP9TPBW52G+OpuEGVh93ZmB1+jGuz8tPnDxcs2A8+edPx7bugc33VPn2IwnenneDweLe2exA+BFftu4fW2eXdh0FPjAf9HVzaHZaaZ0fvRg/Xh/UWSlrRQ1h57py1mv3SYP5wNPw8rlYL8CXVuEU/zdlrLW3+707w3G5x+vnEaPBXmikbuLynjOB1350NqIWCgU5B5vwI6x6UFqWWQtdCKBMJiHS8eC28tcbBK+h8u+XLHKXZKhevxaIGNfeWiKKpu7L72pcv8Gdq6tX6tasT+95Gu9I8ScFko6HyK3z9GZv+N2pzf+Lur4ZcGLQ22WAsgFfMOTX3RSUtbGaFwisGgWKLR8UWujhXTSQ0np2yPvmW4yGpOHd5jXOA//UveNu7GnSvz9qt87c/oQI9N9bL0nPlrmuS7Oy45X23UlGcn1U1zogMoHbbS6uSR4zb5tMdUztss4goqx124QZxYkt3KLz586bW/aqLALNy4hUals7qH5yNlRJinbderkd2tb/FsUhCvZTqrRp7xomUmBpP6nU6Z+UEOsSnwJtMqJrF2UCxhMTP8sRMKa3HRjoXaKopBcwCJAGBxzg3sZEg9rxZuVIKYi9kY0KdjZSfZywJlcXPJhCSCV4pxEuEMTgFirCex7b1QcgU64pJA8hWM5mcmGqfFYdDzGaYFwWaYhC2KlmjHcUhlj+jAFuLJpzZ0EzTx1QSOf/b8upYSC0U4WrmDo4xrTi9tFD+kglZTQseN3WxSdmtlLdSZGqJ8l8l8cwq/QM9sQHXWhWu5sNNArIosMex1MFmLQJpzY9VJmYmOv1dy5ZYd12/M2z6REhOhloSLCOusP+W66jZ9ecxrqphrW95xuexZPqtp3/a99cxqZvClyq1sXQdyeBMV0n8An0kJtDnyJRK/x0CeWPOkriodmNdY2UgEbHwonWmwfOU0GgxZQn3sHpjI9y69ozIgCUSiNyGJzZMd1IqkghDpDbeCEc60RggqkFjIbHvOmoqelQ9+Th9Khm0HDU/IxxVicSkhEYjQomcb+sn28hSpecF2E9CzP/pZuNkkDRSQj2VhsibqD3A6eEQe9J80T9Lap6Pkut97qz7eMY4frzW0z1RuoF5SJqSTU8RotaqW2K40DGlCgLYVEl9MjSngQijrlVfAfJhMSJERERIKoRgiOUMY5oLe+pYZJQInVAivhGh0GhHXfbg5pDvII4irPi7uoxzJoXZAv9DeqZblT/0l/hqOM/pPcVkWoHr5ErGiKu8paTYFhF4iFImgeNQ7UpzW6KePzmjs7qJFK6zmEtPMo7G2Ahg9vZRmNel7BTQix5LSuvl5w7jsnpwVDl++alBR4x7uIqEYB7ROk1shyQiWbEzXLHx+J8TWrNuqmSv2PichLi6HO0pZaeV3JCNTetvNs21U73qeJiMq4SOmO27+kI16hB/AY8nNDdoTHzbcX0j0yIVaM0Kv0BPR9r+EVUUpB6a4itmNpXq2miZRU2PVyf8ZaMMtb5lrX+8YguqWZDVyk7Z4pG+2S2XnSY1Nv+V4ptq2bkm9D0b1sZYf/1AwvAWEdXUUX8rzq+Ws+1C2RSgpg8lONO1rNpYVBy3mYng1l/PxYTGBYYpChNj0OjotNFtUcSoG8+1UTNFITG5DzRGhApp7Sf3SVjdFuA5XA96fdD6TAu2hUromuBsKdcf8DPyZDg3Rl6HkymSuI4kqp5dtQf1E33aROSrdmFKTLKIUBCKWXWxNcwCTI3FhX3w2Yzm1Y3SptvwVjd/CyJgMwGULUFNT/jpCvxEYC5KvZpQm9oKSo7TxWor7HA25iiqrpkf1w3ceO70EhFj6n+jrTAtVGNnAwzoLpK4ZLuq34oKzxZPczQkiXDaE2LMwZt7IYbNMlQhoVofYV/n3fTRGTIOYLNSLm9p1ezjiOniXqNeRxiHAgRFcTx3nQUC1Uq57OSQ0M8ZipafT8Cmnq2dNUNEmopPlKOuQnqIPRZhaNavGqDrpzJQljjaNtY5GReiQ2TOGVBdRTyP1eYXzoHjMdG2LaFwXC5WdsraotstlwWMtV0eh5jKuU7aIz4mNJ1RXv4UWcy81NvFFJBBdrHrhjgtelpexxyq2iw17X9bJo2aNJoy4oPEPCIUSVxUtnAxVxhSNEupS0vMTPbVEu6Wy7C5BGwL3sF+WcAwGY0wd50c/tXd/fyUGs9eSzHKCeBnc2hB7cLEywxiL3cGyZ60zRyVlV3aiM1rc1femj6ZouhkoJlzEmm1phlYu0n5IReVhRHiE1tI3mnfNrqN+mO9fdtKXal5yjRLFagr86xa4L+XK8Xy3h+KEn2O8S3xZXACAZtBhOg8NfhTBQ0jRAXYVRIkSkKJKGaJCM2pgQgLgcaWHJkMqS+GqzGdEs5opA0+NaHsBM9+eUufYJBSn+3RIibImKJQQ8twqx6Uy6lAyYTTPuuZ4vfqzkmqkhLJIiQz3lfNzIJpKklmpElrPkUuZwM4LqYy4q4sI4IhS6iHlw4kpyWPikgJCkEoF5uzUInNClYKVW0hnIdoLKqt9uNZu3X+eFnrXZ6AT4QJJ+RCRRAgEYCXnv1csnFdPe+cU5JXxWmNlWYBvSflQgR6/toZ06d5Ta2vxVr5C/aIsKkdUAikZrZ1921FsTVjDTjdxy62OYObBgtKNnoAPpliPsbUVEDYTctY6TFnwxBHrvMKddKtu02LHSWA6SFAzb5/x+hQLGlkeiFQtswp5ljoaIStKTeyYvRUF6PQuAXah2YSGT8YurVriAhNBPyP/XL5+hTaPe3E6GKrzegQuSHiYwxVOKoc71yfbrmOwl2HBZalD846A1HdyQ1VPdwrl431V1Xc6nQUqZXZprubJOs6QYbUWb5v9OAaPWtV12ydN1vNfsMCHHQyB+e2Z+ygv0/VjLYXubTiCcRzGTC6u86MWT3xr2icUGCKSQx3xulkhTF2FtcI2Gd9Ph/0aRlbbWsuDbD1BiyRcSJhc8H/LpqJLRjikM1cEwZLQ0s+8xKjj3QIjEjFmH7iYXGibSuAxaLpCyy0Gij+Xi4e23Xby69bZb9cLsMtJuNAViuW4MYAUrCWl9FIr13GF8DT1ds7KZdPMm4YdGx00h6HpSjCImdGnsCfS4N8Lf6pBrjgLIntM6E+fv7qbADSh4oINUHdFaqbmGTjbAdUN5BIh0QElqaokAhjrDobyvTNTLdFQG9JXSJfKNJqtdG8rvf0/oEl6OjwY6tdb7Rq1w3XcRwnCxg7Oa/ZBqqVwlK2NNRPTfUQ40ZllQ/K5cyt/lZgOoOVxabrp/WfGp7ORlxs4MoqHiKBoY5wxOhySNbZWL1CZdExi2SXskC25oZ8cEHRfuHWg6+HcHNxBm2qE7OMHHmTXNDB2YCACF0cpY9jGrcdntgwH+xaCkfkTCobQdNmkUJKeVvZ+d0Z45MsUuEuIux6y0ttRzajJiqSr+pQmEQKRbXIPy38+4/DvpkqrA+Xw7vqxSI2ohdyIDCv5mtPwAZKfkT449vhnWguPoVOPqKjN5OACenkAzm7u+WD9EUO3bQJEqJ6eEPvjx6m4a1X6c1vR3fDe0883H3upI2umGd6PSLPk4/+8MfHer4ZtxmayM0rYZahCbRo6+MKT3FoQjhpwCBRW/fmBOM4E4kIUTTGOk1pXDVdxWlj5K/FDhwNqaGMp5o+/1KJGJWBef2eDe3LHf1WmNddLKYvG/ckjte8NfL38kP/rrUO9kCgMTYfdvbsByevCNP07cHL9O2SPltXf/Wt5lmg3fZep6JzDbSCPrvotgedn6We86MpHWvuHDBvV9JkWXbw72jnzGJPLfScXS6wFOamq79IA6gm35UKUCNmWU6t6+2MppXcnQmuDWMJc3mH9kCE5IhQk7xIazcJz+L3fpb5MGGf1CXgCUUzNDf99A5PohiZK2L0DRzOhokMaVKRKGZcImrOVthjcJmTncs3/djVds40EWrKN1QqsTrHwr67ziqiqyUxF6WRyGVVzjKyRDadkeZ21KamFlOndpQvsJrXWQ0IIL2P2gaKOHsXpzpJ1G5fFydEX4qQnqJQ+4brZIOfMY6FQTl91a1d92LkYf3WpOfYDIQ+aDxDsS4A54xFaptPV8rEhqQaENSAAnxTNKg9uSTOjdibodjAp2yZDpLlOMLH5mz6pj03rdb0ojPI2ZJZuQCMsb6lIYNUN331AAtB1zGZeRQSOgHBrGSNCPVFVtqA5HIqUx9fIhJmyKSJdc3HjMjACSkUxehFMDUnf4vn/NtXjjf94/1qaWPY+K6b2H7smOtrRtOhdc3Iy5Icc+3by6Ic+97RJgUUE3Mw8l//guv73serRvvcOes2av0G1Gv92mmt14DmObTafWjcNXv9HizZBr+mjQe9Rnel4Vvd8u3/9zYzVd5Cs95o9ZvnzUYdTu/h7Wu2yNtfnYturdWH2tUVdLrNm+ZV46LRg3ZreXj336HfXjfQr8751aB3mev7q5PN7yfwRHbvni2xTm+G+Yn3N9kwzsqIr3BDxpqr7LD4oA/C7QNswAWZLnqY4hfJ9J10BIXks6kUqZ+C8AIcoTXlYPmbBRdRyPSQ4uI4gUEh3V9zrqf2b60mQlwpVulswBzrE4P5GqjVqISNKNg4a3odXqWypc84KA04s9EGhYkSYH2qXm2MPgMEgdJMHBvETFjjxRBpTYtw11NTTzY7d/X7ba3b+iP3xSe+dq1Mj4wW6dlFtdvO1LZizmGux6Fgl2vXWVtel63dywq77JMpsiv8Ck8s4RSF+k6hZPG9WKSsGKMx5lCksFteKcKzJwr0YWwbDTaMaJ0X2Fwqw1B7qEiGERGCMLrl4Gd9PtkEEtQGspotyl0ZmfsyJLQklOxHYw5Foq8CSg9nLdXsZPr/Lzqn2KZz8HFWyFAt2KBc2qgAjI8RJZ9NIraQWpSF7x1Mn8DS2tZCrKbD/tcA6JtF/gEEc6zqNQg/40LI3OWi+etEf+w4C91ox1La8ZVaQaMmPX/daZr0vNK6jyV3TGTuoJJ68kJGMRSLQ46oF9gqj6Iew8exDKBiz+EHUsbipFQaExkkQ9djkQJZFEjpE6F/284jxotGAtQA7vL5Ijud9FzR4nSXKRFeHC9aYGcPGhkf8d3zIvAHi4zsi/tYX0R8s6MpaSFLLri7vhr1lZjealpcOY2dq8FFs2Wcxj8dgMKjx6IIU1k4gcJrq6gvtskBUh+XHb3Cdh7WjgJ2Y7L15iycBqWsqnxOP7fDpBn7XJlAWiJgNhm3sO2oIa6YiUeoEZqt87YZ2EY6WijC6sNKwAPNxKOhpRuysQWkMToltINkoPssSXS+kUK7cGKPxRdyuXvVTUevNRIAhaXc8wrQF3n8tNNyKvSVXgv+WR6ri6SacaVcXob24v1S5regD3Uv91Cf1Pv99H2WVSycgMkrAnx1vjrOgoVyrLqSlFjPp6au2N5Fa65mg2ZdbAOWnvsNJl6Frhm51u03+812q/c3mHkV4HcxdPO60+72a63+yXKmQps1S2kEE7I1TP4fv6Pi51rxoVw8/uPdG9ikDIJ5HGAqSlo0hKfcV33hVpaw0IbJEH93tgKqv0E+RVLO7rvLv21Zps5gisIJ/K4XO73yobA0npq0BmB5DqCQjb/om++/3CaFoYfPYOg21+hZZ3Y0jy596eIxYVR1y25NMXhnLfRK9mLskZEtARaZeGaNzjoD9bawtzSuhp+mo9RnnZFabWISVPrz6iedZlrIfe7j12UkOwn3AiQIHbe1maP6MFr0cYSov0yLNq3rt6bhmrnUTESBMNqTaqcYa9RDpqkTc+LhbyByhRLqBX1bUb9EtpcjLTdu+nocWSx7/u6wMjyqoP39/X10tLtKlhvMhZ3kmyt9g8N3Y9SeYs6JYYXfl6D+CYWmrdfpz2NN9egQuc86cVzQt4ikf/5Y4RCtWpr+S5gFo3WK5d3K4cFB5dAb7R0e76HK8eqM0naVijca7VSO0WF5VD4+Pii8PmofjddO4gPW69Xh7Al7srBtKKZ2x0w4QmXeft1+padNHisCb+d6KgP8G71sof1r4xVt9/x8st/p28UMF5phHZumNrwaoMVytCzYPK0WRZOqzX/NxGnQSQn7Nbsi5g+92Syp+Z9iNVfcLD2/5l59pdztpfurV+z/WEwWdnW63nS8Bp9vWNRpWcE6i7JmpqDvqkhz9qXlbSwkNC3eWq4NWJ6462y8dNZRKJitLBCp3Zo72bKZs5q2l0v00s1/w96Xo68Nz2xukyxHy2mB9HiQKVLRE7PlYZEpJwUd6RDOBhSEUXjYN6FoHYZm1MMFGCGJQsD6hI8OW+BnyZFn7pnQ4yqyL2wPQx97z0JxtEqj1VsVVj5n58pPFKMrS2e5QXYRTQMK/7GZrtCXpRXaqhZWR/3tGyfMMlTM2mP/2wu/vMjZlQlMuSgcC0N6MlrMJItr61pZMgIcxXK+5WjqZF0McfSNJfHK2xXMF6MoH3n17oilFo4pV+ISGAeOQ5bWc+nQD2Uzc2HoS+khYjm0ZQM8O/+lSAkZwavhIIVAxgmrUQJbUgYcL/7djy9fcsDSkNgismdd0lcjYE56t9buUqs1WL0WpbKlizovsCYMtj50pTstx672l2JXixuBFiSFcciGuu5QMHOxssVRMhYK2NSl1NtZvaDVDLo4QqkHmy9STJdWg2I6hSniulrGVBsqH7IfLC7wTG//TVVKgAQQue1swDCRIAIchiCwDpfZe/KJ1GezYs5GJMSu76Z+ieKC7K3lBxEsamU63fZ586rx9r/ES7Ztp9a/rC6zy0nuUajnN6qRkx/KRhoO9vZew+6nbJg7izDT+n9c5r8j4rRu5PRmD109zRMKyJbn2tuk2Izag34ZDwvmTbDccjZVf4mGGYdDMcxnun61kvPvkP63LtiygpPSzsuhiKUWIRvr65wKW/AFXo7/M9auzujPumvlW//GThrLX/lHdkzH9O/0jKkiTiJOCi+CrLoE5f8CAAD//wEAAP//+2y5i7ZrAAA=",
            "user_data_replace_on_change": true,
            "volume_tags": null,
            "vpc_security_group_ids": [
              "sg-0c33bc2d7c5e63bad"
            ]
          },
          "sensitive_attributes": [
            [
              {
                "type": "get_attr",
                "value": "user_data_base64"
              }
            ]
          ],
          "identity_schema_version": 0,
          "private": "eyJlMmJmYjczMC1lY2FhLTExZTYtOGY4OC0zNDM2M2JjN2M0YzAiOnsiY3JlYXRlIjo2MDAwMDAwMDAwMDAsImRlbGV0ZSI6MTIwMDAwMDAwMDAwMCwicmVhZCI6OTAwMDAwMDAwMDAwLCJ1cGRhdGUiOjYwMDAwMDAwMDAwMH0sInNjaGVtYV92ZXJzaW9uIjoiMSJ9",
          "dependencies": [
            "module.burst_config.aws_launch_template.burst",
            "module.iam.aws_iam_instance_profile.burst_node",
            "module.iam.aws_iam_instance_profile.head_node",
            "module.iam.aws_iam_role.burst_node",
            "module.iam.aws_iam_role.head_node",
            "module.iam.data.aws_iam_policy_document.burst_node_assume_role",
            "module.iam.data.aws_iam_policy_document.head_node_assume_role",
            "module.shared_storage.aws_efs_access_point.home",
            "module.shared_storage.aws_efs_access_point.slurm",
            "module.shared_storage.aws_efs_file_system.main",
            "module.vpc.aws_security_group.burst_node",
            "module.vpc.aws_security_group.head_node",
            "module.vpc.aws_subnet.cloud_a",
            "module.vpc.aws_subnet.cloud_b",
            "module.vpc.aws_subnet.management",
            "module.vpc.aws_subnet.onprem",
            "module.vpc.aws_vpc.main",
            "random_bytes.munge_key",
            "random_password.slurmdbd_db"
          ]
        }
      ]
    },
    {
      "module": "module.head_node",
      "mode": "managed",
      "type": "aws_route",
      "name": "cloud_nat",
      "provider": "provider[\"registry.terraform.io/hashicorp/aws\"]",
      "instances": [
        {
          "schema_version": 0,
          "attributes": {
            "carrier_gateway_id": "",
            "core_network_arn": "",
            "destination_cidr_block": "0.0.0.0/0",
            "destination_ipv6_cidr_block": "",
            "destination_prefix_list_id": "",
            "egress_only_gateway_id": "",
            "gateway_id": "",
            "id": "r-rtb-0f1d724b0e7aaa3631080289494",
            "instance_id": "i-0b6d954e077ae8d54",
            "instance_owner_id": "942542972736",
            "local_gateway_id": "",
            "nat_gateway_id": "",
            "network_interface_id": "eni-012b6e089b9e3fcef",
            "origin": "CreateRoute",
            "route_table_id": "rtb-0f1d724b0e7aaa363",
            "state": "active",
            "timeouts": null,
            "transit_gateway_id": "",
            "vpc_endpoint_id": "",
            "vpc_peering_connection_id": ""
          },
          "sensitive_attributes": [],
          "identity_schema_version": 0,
          "private": "eyJlMmJmYjczMC1lY2FhLTExZTYtOGY4OC0zNDM2M2JjN2M0YzAiOnsiY3JlYXRlIjozMDAwMDAwMDAwMDAsImRlbGV0ZSI6MzAwMDAwMDAwMDAwLCJ1cGRhdGUiOjEyMDAwMDAwMDAwMH19",
          "dependencies": [
            "module.burst_config.aws_launch_template.burst",
            "module.head_node.aws_instance.head_node",
            "module.iam.aws_iam_instance_profile.burst_node",
            "module.iam.aws_iam_instance_profile.head_node",
            "module.iam.aws_iam_role.burst_node",
            "module.iam.aws_iam_role.head_node",
            "module.iam.data.aws_iam_policy_document.burst_node_assume_role",
            "module.iam.data.aws_iam_policy_document.head_node_assume_role",
            "module.shared_storage.aws_efs_access_point.home",
            "module.shared_storage.aws_efs_access_point.slurm",
            "module.shared_storage.aws_efs_file_system.main",
            "module.vpc.aws_route_table.cloud",
            "module.vpc.aws_security_group.burst_node",
            "module.vpc.aws_security_group.head_node",
            "module.vpc.aws_subnet.cloud_a",
            "module.vpc.aws_subnet.cloud_b",
            "module.vpc.aws_subnet.management",
            "module.vpc.aws_subnet.onprem",
            "module.vpc.aws_vpc.main",
            "random_bytes.munge_key",
            "random_password.slurmdbd_db"
          ]
        }
      ]
    },
    {
      "module": "module.head_node",
      "mode": "managed",
      "type": "aws_route",
      "name": "onprem_nat",
      "provider": "provider[\"registry.terraform.io/hashicorp/aws\"]",
      "instances": [
        {
          "schema_version": 0,
          "attributes": {
            "carrier_gateway_id": "",
            "core_network_arn": "",
            "destination_cidr_block": "0.0.0.0/0",
            "destination_ipv6_cidr_block": "",
            "destination_prefix_list_id": "",
            "egress_only_gateway_id": "",
            "gateway_id": "",
            "id": "r-rtb-0f296139c4fe3b7d71080289494",
            "instance_id": "i-0b6d954e077ae8d54",
            "instance_owner_id": "942542972736",
            "local_gateway_id": "",
            "nat_gateway_id": "",
            "network_interface_id": "eni-012b6e089b9e3fcef",
            "origin": "CreateRoute",
            "route_table_id": "rtb-0f296139c4fe3b7d7",
            "state": "active",
            "timeouts": null,
            "transit_gateway_id": "",
            "vpc_endpoint_id": "",
            "vpc_peering_connection_id": ""
          },
          "sensitive_attributes": [],
          "identity_schema_version": 0,
          "private": "eyJlMmJmYjczMC1lY2FhLTExZTYtOGY4OC0zNDM2M2JjN2M0YzAiOnsiY3JlYXRlIjozMDAwMDAwMDAwMDAsImRlbGV0ZSI6MzAwMDAwMDAwMDAwLCJ1cGRhdGUiOjEyMDAwMDAwMDAwMH19",
          "dependencies": [
            "module.burst_config.aws_launch_template.burst",
            "module.head_node.aws_instance.head_node",
            "module.iam.aws_iam_instance_profile.burst_node",
            "module.iam.aws_iam_instance_profile.head_node",
            "module.iam.aws_iam_role.burst_node",
            "module.iam.aws_iam_role.head_node",
            "module.iam.data.aws_iam_policy_document.burst_node_assume_role",
            "module.iam.data.aws_iam_policy_document.head_node_assume_role",
            "module.shared_storage.aws_efs_access_point.home",
            "module.shared_storage.aws_efs_access_point.slurm",
            "module.shared_storage.aws_efs_file_system.main",
            "module.vpc.aws_route_table.onprem",
            "module.vpc.aws_security_group.burst_node",
            "module.vpc.aws_security_group.head_node",
            "module.vpc.aws_subnet.cloud_a",
            "module.vpc.aws_subnet.cloud_b",
            "module.vpc.aws_subnet.management",
            "module.vpc.aws_subnet.onprem",
            "module.vpc.aws_vpc.main",
            "random_bytes.munge_key",
            "random_password.slurmdbd_db"
          ]
        }
      ]
    },
    {
      "module": "module.iam",
      "mode": "data",
      "type": "aws_iam_policy_document",
      "name": "burst_node_assume_role",
      "provider": "provider[\"registry.terraform.io/hashicorp/aws\"]",
      "instances": [
        {
          "schema_version": 0,
          "attributes": {
            "id": "1256122602",
            "json": "{\n  \"Version\": \"2012-10-17\",\n  \"Statement\": [\n    {\n      \"Sid\": \"EC2AssumeRole\",\n      \"Effect\": \"Allow\",\n      \"Action\": \"sts:AssumeRole\",\n      \"Principal\": {\n        \"Service\": \"ec2.amazonaws.com\"\n      }\n    }\n  ]\n}",
            "minified_json": "{\"Version\":\"2012-10-17\",\"Statement\":[{\"Sid\":\"EC2AssumeRole\",\"Effect\":\"Allow\",\"Action\":\"sts:AssumeRole\",\"Principal\":{\"Service\":\"ec2.amazonaws.com\"}}]}",
            "override_json": null,
            "override_policy_documents": null,
            "policy_id": null,
            "source_json": null,
            "source_policy_documents": null,
            "statement": [
              {
                "actions": [
                  "sts:AssumeRole"
                ],
                "condition": [],
                "effect": "Allow",
                "not_actions": [],
                "not_principals": [],
                "not_resources": [],
                "principals": [
                  {
                    "identifiers": [
                      "ec2.amazonaws.com"
                    ],
                    "type": "Service"
                  }
                ],
                "resources": [],
                "sid": "EC2AssumeRole"
              }
            ],
            "version": "2012-10-17"
          },
          "sensitive_attributes": [],
          "identity_schema_version": 0
        }
      ]
    },
    {
      "module": "module.iam",
      "mode": "data",
      "type": "aws_iam_policy_document",
      "name": "burst_node_permissions",
      "provider": "provider[\"registry.terraform.io/hashicorp/aws\"]",
      "instances": [
        {
          "schema_version": 0,
          "attributes": {
            "id": "3261248263",
            "json": "{\n  \"Version\": \"2012-10-17\",\n  \"Statement\": [\n    {\n      \"Sid\": \"ReadOwnTags\",\n      \"Effect\": \"Allow\",\n      \"Action\": \"ec2:DescribeTags\",\n      \"Resource\": \"*\"\n    }\n  ]\n}",
            "minified_json": "{\"Version\":\"2012-10-17\",\"Statement\":[{\"Sid\":\"ReadOwnTags\",\"Effect\":\"Allow\",\"Action\":\"ec2:DescribeTags\",\"Resource\":\"*\"}]}",
            "override_json": null,
            "override_policy_documents": null,
            "policy_id": null,
            "source_json": null,
            "source_policy_documents": null,
            "statement": [
              {
                "actions": [
                  "ec2:DescribeTags"
                ],
                "condition": [],
                "effect": "Allow",
                "not_actions": [],
                "not_principals": [],
                "not_resources": [],
                "principals": [],
                "resources": [
                  "*"
                ],
                "sid": "ReadOwnTags"
              }
            ],
            "version": "2012-10-17"
          },
          "sensitive_attributes": [],
          "identity_schema_version": 0
        }
      ]
    },
    {
      "module": "module.iam",
      "mode": "data",
      "type": "aws_iam_policy_document",
      "name": "head_node_assume_role",
      "provider": "provider[\"registry.terraform.io/hashicorp/aws\"]",
      "instances": [
        {
          "schema_version": 0,
          "attributes": {
            "id": "1256122602",
            "json": "{\n  \"Version\": \"2012-10-17\",\n  \"Statement\": [\n    {\n      \"Sid\": \"EC2AssumeRole\",\n      \"Effect\": \"Allow\",\n      \"Action\": \"sts:AssumeRole\",\n      \"Principal\": {\n        \"Service\": \"ec2.amazonaws.com\"\n      }\n    }\n  ]\n}",
            "minified_json": "{\"Version\":\"2012-10-17\",\"Statement\":[{\"Sid\":\"EC2AssumeRole\",\"Effect\":\"Allow\",\"Action\":\"sts:AssumeRole\",\"Principal\":{\"Service\":\"ec2.amazonaws.com\"}}]}",
            "override_json": null,
            "override_policy_documents": null,
            "policy_id": null,
            "source_json": null,
            "source_policy_documents": null,
            "statement": [
              {
                "actions": [
                  "sts:AssumeRole"
                ],
                "condition": [],
                "effect": "Allow",
                "not_actions": [],
                "not_principals": [],
                "not_resources": [],
                "principals": [
                  {
                    "identifiers": [
                      "ec2.amazonaws.com"
                    ],
                    "type": "Service"
                  }
                ],
                "resources": [],
                "sid": "EC2AssumeRole"
              }
            ],
            "version": "2012-10-17"
          },
          "sensitive_attributes": [],
          "identity_schema_version": 0
        }
      ]
    },
    {
      "module": "module.iam",
      "mode": "data",
      "type": "aws_iam_policy_document",
      "name": "head_node_permissions",
      "provider": "provider[\"registry.terraform.io/hashicorp/aws\"]",
      "instances": [
        {
          "schema_version": 0,
          "attributes": {
            "id": "1435705703",
            "json": "{\n  \"Version\": \"2012-10-17\",\n  \"Statement\": [\n    {\n      \"Sid\": \"SlurmEC2FleetOperations\",\n      \"Effect\": \"Allow\",\n      \"Action\": [\n        \"ec2:TerminateInstances\",\n        \"ec2:RunInstances\",\n        \"ec2:ModifyInstanceAttribute\",\n        \"ec2:DescribeInstances\",\n        \"ec2:DescribeInstanceStatus\",\n        \"ec2:CreateTags\",\n        \"ec2:CreateFleet\"\n      ],\n      \"Resource\": \"*\"\n    },\n    {\n      \"Sid\": \"EC2FleetServiceLinkedRole\",\n      \"Effect\": \"Allow\",\n      \"Action\": \"iam:CreateServiceLinkedRole\",\n      \"Resource\": \"arn:aws:iam::*:role/aws-service-role/ec2fleet.amazonaws.com/AWSServiceRoleForEC2Fleet\"\n    },\n    {\n      \"Sid\": \"PassRoleToBurstNodes\",\n      \"Effect\": \"Allow\",\n      \"Action\": \"iam:PassRole\",\n      \"Resource\": \"arn:aws:iam::942542972736:role/burstlab-gen1-burst-node-role\"\n    }\n  ]\n}",
            "minified_json": "{\"Version\":\"2012-10-17\",\"Statement\":[{\"Sid\":\"SlurmEC2FleetOperations\",\"Effect\":\"Allow\",\"Action\":[\"ec2:TerminateInstances\",\"ec2:RunInstances\",\"ec2:ModifyInstanceAttribute\",\"ec2:DescribeInstances\",\"ec2:DescribeInstanceStatus\",\"ec2:CreateTags\",\"ec2:CreateFleet\"],\"Resource\":\"*\"},{\"Sid\":\"EC2FleetServiceLinkedRole\",\"Effect\":\"Allow\",\"Action\":\"iam:CreateServiceLinkedRole\",\"Resource\":\"arn:aws:iam::*:role/aws-service-role/ec2fleet.amazonaws.com/AWSServiceRoleForEC2Fleet\"},{\"Sid\":\"PassRoleToBurstNodes\",\"Effect\":\"Allow\",\"Action\":\"iam:PassRole\",\"Resource\":\"arn:aws:iam::942542972736:role/burstlab-gen1-burst-node-role\"}]}",
            "override_json": null,
            "override_policy_documents": null,
            "policy_id": null,
            "source_json": null,
            "source_policy_documents": null,
            "statement": [
              {
                "actions": [
                  "ec2:CreateFleet",
                  "ec2:CreateTags",
                  "ec2:DescribeInstanceStatus",
                  "ec2:DescribeInstances",
                  "ec2:ModifyInstanceAttribute",
                  "ec2:RunInstances",
                  "ec2:TerminateInstances"
                ],
                "condition": [],
                "effect": "Allow",
                "not_actions": [],
                "not_principals": [],
                "not_resources": [],
                "principals": [],
                "resources": [
                  "*"
                ],
                "sid": "SlurmEC2FleetOperations"
              },
              {
                "actions": [
                  "iam:CreateServiceLinkedRole"
                ],
                "condition": [],
                "effect": "Allow",
                "not_actions": [],
                "not_principals": [],
                "not_resources": [],
                "principals": [],
                "resources": [
                  "arn:aws:iam::*:role/aws-service-role/ec2fleet.amazonaws.com/AWSServiceRoleForEC2Fleet"
                ],
                "sid": "EC2FleetServiceLinkedRole"
              },
              {
                "actions": [
                  "iam:PassRole"
                ],
                "condition": [],
                "effect": "Allow",
                "not_actions": [],
                "not_principals": [],
                "not_resources": [],
                "principals": [],
                "resources": [
                  "arn:aws:iam::942542972736:role/burstlab-gen1-burst-node-role"
                ],
                "sid": "PassRoleToBurstNodes"
              }
            ],
            "version": "2012-10-17"
          },
          "sensitive_attributes": [],
          "identity_schema_version": 0
        }
      ]
    },
    {
      "module": "module.iam",
      "mode": "managed",
      "type": "aws_iam_instance_profile",
      "name": "burst_node",
      "provider": "provider[\"registry.terraform.io/hashicorp/aws\"]",
      "instances": [
        {
          "schema_version": 0,
          "attributes": {
            "arn": "arn:aws:iam::942542972736:instance-profile/burstlab-gen1-burst-node-profile",
            "create_date": "2026-03-29T19:11:46Z",
            "id": "burstlab-gen1-burst-node-profile",
            "name": "burstlab-gen1-burst-node-profile",
            "name_prefix": "",
            "path": "/",
            "role": "burstlab-gen1-burst-node-role",
            "tags": {
              "Generation": "gen1",
              "ManagedBy": "terraform",
              "Name": "burstlab-gen1-burst-node-profile",
              "Project": "burstlab"
            },
            "tags_all": {
              "Generation": "gen1",
              "ManagedBy": "terraform",
              "Name": "burstlab-gen1-burst-node-profile",
              "Project": "burstlab"
            },
            "unique_id": "AIPA5W47QM5AFYTEB4FOT"
          },
          "sensitive_attributes": [],
          "identity_schema_version": 0,
          "private": "bnVsbA==",
          "dependencies": [
            "module.iam.aws_iam_role.burst_node",
            "module.iam.data.aws_iam_policy_document.burst_node_assume_role"
          ]
        }
      ]
    },
    {
      "module": "module.iam",
      "mode": "managed",
      "type": "aws_iam_instance_profile",
      "name": "head_node",
      "provider": "provider[\"registry.terraform.io/hashicorp/aws\"]",
      "instances": [
        {
          "schema_version": 0,
          "attributes": {
            "arn": "arn:aws:iam::942542972736:instance-profile/burstlab-gen1-head-node-profile",
            "create_date": "2026-03-29T19:11:45Z",
            "id": "burstlab-gen1-head-node-profile",
            "name": "burstlab-gen1-head-node-profile",
            "name_prefix": "",
            "path": "/",
            "role": "burstlab-gen1-head-node-role",
            "tags": {
              "Generation": "gen1",
              "ManagedBy": "terraform",
              "Name": "burstlab-gen1-head-node-profile",
              "Project": "burstlab"
            },
            "tags_all": {
              "Generation": "gen1",
              "ManagedBy": "terraform",
              "Name": "burstlab-gen1-head-node-profile",
              "Project": "burstlab"
            },
            "unique_id": "AIPA5W47QM5AAU7JRJ5PS"
          },
          "sensitive_attributes": [],
          "identity_schema_version": 0,
          "private": "bnVsbA==",
          "dependencies": [
            "module.iam.aws_iam_role.head_node",
            "module.iam.data.aws_iam_policy_document.head_node_assume_role"
          ]
        }
      ]
    },
    {
      "module": "module.iam",
      "mode": "managed",
      "type": "aws_iam_policy",
      "name": "burst_node_permissions",
      "provider": "provider[\"registry.terraform.io/hashicorp/aws\"]",
      "instances": [
        {
          "schema_version": 0,
          "attributes": {
            "arn": "arn:aws:iam::942542972736:policy/burstlab-gen1-burst-node-policy",
            "attachment_count": 1,
            "description": "Minimal policy for burst nodes: read EC2 tags to determine Slurm node name",
            "id": "arn:aws:iam::942542972736:policy/burstlab-gen1-burst-node-policy",
            "name": "burstlab-gen1-burst-node-policy",
            "name_prefix": "",
            "path": "/",
            "policy": "{\"Statement\":[{\"Action\":\"ec2:DescribeTags\",\"Effect\":\"Allow\",\"Resource\":\"*\",\"Sid\":\"ReadOwnTags\"}],\"Version\":\"2012-10-17\"}",
            "policy_id": "ANPA5W47QM5AEPB3IGINA",
            "tags": {
              "Generation": "gen1",
              "ManagedBy": "terraform",
              "Name": "burstlab-gen1-burst-node-policy",
              "Project": "burstlab"
            },
            "tags_all": {
              "Generation": "gen1",
              "ManagedBy": "terraform",
              "Name": "burstlab-gen1-burst-node-policy",
              "Project": "burstlab"
            }
          },
          "sensitive_attributes": [],
          "identity_schema_version": 0,
          "private": "bnVsbA==",
          "dependencies": [
            "module.iam.data.aws_iam_policy_document.burst_node_permissions"
          ]
        }
      ]
    },
    {
      "module": "module.iam",
      "mode": "managed",
      "type": "aws_iam_policy",
      "name": "head_node_permissions",
      "provider": "provider[\"registry.terraform.io/hashicorp/aws\"]",
      "instances": [
        {
          "schema_version": 0,
          "attributes": {
            "arn": "arn:aws:iam::942542972736:policy/burstlab-gen1-head-node-policy",
            "attachment_count": 1,
            "description": "Head node policy: EC2 Fleet for burst node lifecycle + PassRole to burst nodes",
            "id": "arn:aws:iam::942542972736:policy/burstlab-gen1-head-node-policy",
            "name": "burstlab-gen1-head-node-policy",
            "name_prefix": "",
            "path": "/",
            "policy": "{\"Statement\":[{\"Action\":[\"ec2:TerminateInstances\",\"ec2:RunInstances\",\"ec2:ModifyInstanceAttribute\",\"ec2:DescribeInstances\",\"ec2:DescribeInstanceStatus\",\"ec2:CreateTags\",\"ec2:CreateFleet\"],\"Effect\":\"Allow\",\"Resource\":\"*\",\"Sid\":\"SlurmEC2FleetOperations\"},{\"Action\":\"iam:CreateServiceLinkedRole\",\"Effect\":\"Allow\",\"Resource\":\"arn:aws:iam::*:role/aws-service-role/ec2fleet.amazonaws.com/AWSServiceRoleForEC2Fleet\",\"Sid\":\"EC2FleetServiceLinkedRole\"},{\"Action\":\"iam:PassRole\",\"Effect\":\"Allow\",\"Resource\":\"arn:aws:iam::942542972736:role/burstlab-gen1-burst-node-role\",\"Sid\":\"PassRoleToBurstNodes\"}],\"Version\":\"2012-10-17\"}",
            "policy_id": "ANPA5W47QM5AFPNB6Y5HA",
            "tags": {
              "Generation": "gen1",
              "ManagedBy": "terraform",
              "Name": "burstlab-gen1-head-node-policy",
              "Project": "burstlab"
            },
            "tags_all": {
              "Generation": "gen1",
              "ManagedBy": "terraform",
              "Name": "burstlab-gen1-head-node-policy",
              "Project": "burstlab"
            }
          },
          "sensitive_attributes": [],
          "identity_schema_version": 0,
          "private": "bnVsbA==",
          "dependencies": [
            "module.iam.aws_iam_role.burst_node",
            "module.iam.data.aws_iam_policy_document.burst_node_assume_role",
            "module.iam.data.aws_iam_policy_document.head_node_permissions"
          ]
        }
      ]
    },
    {
      "module": "module.iam",
      "mode": "managed",
      "type": "aws_iam_role",
      "name": "burst_node",
      "provider": "provider[\"registry.terraform.io/hashicorp/aws\"]",
      "instances": [
        {
          "schema_version": 0,
          "attributes": {
            "arn": "arn:aws:iam::942542972736:role/burstlab-gen1-burst-node-role",
            "assume_role_policy": "{\"Statement\":[{\"Action\":\"sts:AssumeRole\",\"Effect\":\"Allow\",\"Principal\":{\"Service\":\"ec2.amazonaws.com\"},\"Sid\":\"EC2AssumeRole\"}],\"Version\":\"2012-10-17\"}",
            "create_date": "2026-03-29T19:11:45Z",
            "description": "Role for BurstLab burst nodes - minimal EC2 permissions + SSM",
            "force_detach_policies": false,
            "id": "burstlab-gen1-burst-node-role",
            "inline_policy": [],
            "managed_policy_arns": [
              "arn:aws:iam::942542972736:policy/burstlab-gen1-burst-node-policy",
              "arn:aws:iam::aws:policy/AmazonSSMManagedInstanceCore"
            ],
            "max_session_duration": 3600,
            "name": "burstlab-gen1-burst-node-role",
            "name_prefix": "",
            "path": "/",
            "permissions_boundary": "",
            "tags": {
              "Generation": "gen1",
              "ManagedBy": "terraform",
              "Name": "burstlab-gen1-burst-node-role",
              "Project": "burstlab"
            },
            "tags_all": {
              "Generation": "gen1",
              "ManagedBy": "terraform",
              "Name": "burstlab-gen1-burst-node-role",
              "Project": "burstlab"
            },
            "unique_id": "AROA5W47QM5AGD7GHQHLT"
          },
          "sensitive_attributes": [],
          "identity_schema_version": 0,
          "private": "bnVsbA==",
          "dependencies": [
            "module.iam.data.aws_iam_policy_document.burst_node_assume_role"
          ]
        }
      ]
    },
    {
      "module": "module.iam",
      "mode": "managed",
      "type": "aws_iam_role",
      "name": "head_node",
      "provider": "provider[\"registry.terraform.io/hashicorp/aws\"]",
      "instances": [
        {
          "schema_version": 0,
          "attributes": {
            "arn": "arn:aws:iam::942542972736:role/burstlab-gen1-head-node-role",
            "assume_role_policy": "{\"Statement\":[{\"Action\":\"sts:AssumeRole\",\"Effect\":\"Allow\",\"Principal\":{\"Service\":\"ec2.amazonaws.com\"},\"Sid\":\"EC2AssumeRole\"}],\"Version\":\"2012-10-17\"}",
            "create_date": "2026-03-29T19:11:45Z",
            "description": "Role for BurstLab head node - EC2 Fleet for burst, PassRole, SSM",
            "force_detach_policies": false,
            "id": "burstlab-gen1-head-node-role",
            "inline_policy": [],
            "managed_policy_arns": [
              "arn:aws:iam::942542972736:policy/burstlab-gen1-head-node-policy",
              "arn:aws:iam::aws:policy/AmazonSSMManagedInstanceCore"
            ],
            "max_session_duration": 3600,
            "name": "burstlab-gen1-head-node-role",
            "name_prefix": "",
            "path": "/",
            "permissions_boundary": "",
            "tags": {
              "Generation": "gen1",
              "ManagedBy": "terraform",
              "Name": "burstlab-gen1-head-node-role",
              "Project": "burstlab"
            },
            "tags_all": {
              "Generation": "gen1",
              "ManagedBy": "terraform",
              "Name": "burstlab-gen1-head-node-role",
              "Project": "burstlab"
            },
            "unique_id": "AROA5W47QM5AM5QRX6EX6"
          },
          "sensitive_attributes": [],
          "identity_schema_version": 0,
          "private": "bnVsbA==",
          "dependencies": [
            "module.iam.data.aws_iam_policy_document.head_node_assume_role"
          ]
        }
      ]
    },
    {
      "module": "module.iam",
      "mode": "managed",
      "type": "aws_iam_role_policy_attachment",
      "name": "burst_node_custom",
      "provider": "provider[\"registry.terraform.io/hashicorp/aws\"]",
      "instances": [
        {
          "schema_version": 0,
          "attributes": {
            "id": "burstlab-gen1-burst-node-role-20260329191145964600000001",
            "policy_arn": "arn:aws:iam::942542972736:policy/burstlab-gen1-burst-node-policy",
            "role": "burstlab-gen1-burst-node-role"
          },
          "sensitive_attributes": [],
          "identity_schema_version": 0,
          "private": "bnVsbA==",
          "dependencies": [
            "module.iam.aws_iam_policy.burst_node_permissions",
            "module.iam.aws_iam_role.burst_node",
            "module.iam.data.aws_iam_policy_document.burst_node_assume_role",
            "module.iam.data.aws_iam_policy_document.burst_node_permissions"
          ]
        }
      ]
    },
    {
      "module": "module.iam",
      "mode": "managed",
      "type": "aws_iam_role_policy_attachment",
      "name": "burst_node_ssm",
      "provider": "provider[\"registry.terraform.io/hashicorp/aws\"]",
      "instances": [
        {
          "schema_version": 0,
          "attributes": {
            "id": "burstlab-gen1-burst-node-role-20260329191146094200000003",
            "policy_arn": "arn:aws:iam::aws:policy/AmazonSSMManagedInstanceCore",
            "role": "burstlab-gen1-burst-node-role"
          },
          "sensitive_attributes": [],
          "identity_schema_version": 0,
          "private": "bnVsbA==",
          "dependencies": [
            "module.iam.aws_iam_role.burst_node",
            "module.iam.data.aws_iam_policy_document.burst_node_assume_role"
          ]
        }
      ]
    },
    {
      "module": "module.iam",
      "mode": "managed",
      "type": "aws_iam_role_policy_attachment",
      "name": "head_node_custom",
      "provider": "provider[\"registry.terraform.io/hashicorp/aws\"]",
      "instances": [
        {
          "schema_version": 0,
          "attributes": {
            "id": "burstlab-gen1-head-node-role-20260329191146473400000004",
            "policy_arn": "arn:aws:iam::942542972736:policy/burstlab-gen1-head-node-policy",
            "role": "burstlab-gen1-head-node-role"
          },
          "sensitive_attributes": [],
          "identity_schema_version": 0,
          "private": "bnVsbA==",
          "dependencies": [
            "module.iam.aws_iam_policy.head_node_permissions",
            "module.iam.aws_iam_role.burst_node",
            "module.iam.aws_iam_role.head_node",
            "module.iam.data.aws_iam_policy_document.burst_node_assume_role",
            "module.iam.data.aws_iam_policy_document.head_node_assume_role",
            "module.iam.data.aws_iam_policy_document.head_node_permissions"
          ]
        }
      ]
    },
    {
      "module": "module.iam",
      "mode": "managed",
      "type": "aws_iam_role_policy_attachment",
      "name": "head_node_ssm",
      "provider": "provider[\"registry.terraform.io/hashicorp/aws\"]",
      "instances": [
        {
          "schema_version": 0,
          "attributes": {
            "id": "burstlab-gen1-head-node-role-20260329191145999400000002",
            "policy_arn": "arn:aws:iam::aws:policy/AmazonSSMManagedInstanceCore",
            "role": "burstlab-gen1-head-node-role"
          },
          "sensitive_attributes": [],
          "identity_schema_version": 0,
          "private": "bnVsbA==",
          "dependencies": [
            "module.iam.aws_iam_role.head_node",
            "module.iam.data.aws_iam_policy_document.head_node_assume_role"
          ]
        }
      ]
    },
    {
      "module": "module.shared_storage",
      "mode": "managed",
      "type": "aws_efs_access_point",
      "name": "home",
      "provider": "provider[\"registry.terraform.io/hashicorp/aws\"]",
      "instances": [
        {
          "schema_version": 0,
          "attributes": {
            "arn": "arn:aws:elasticfilesystem:us-west-2:942542972736:access-point/fsap-0807d82946ee8b68e",
            "file_system_arn": "arn:aws:elasticfilesystem:us-west-2:942542972736:file-system/fs-04075fbb3ba0d6658",
            "file_system_id": "fs-04075fbb3ba0d6658",
            "id": "fsap-0807d82946ee8b68e",
            "owner_id": "942542972736",
            "posix_user": [],
            "root_directory": [
              {
                "creation_info": [
                  {
                    "owner_gid": 0,
                    "owner_uid": 0,
                    "permissions": "755"
                  }
                ],
                "path": "/home"
              }
            ],
            "tags": {
              "Export": "/home",
              "Generation": "gen1",
              "ManagedBy": "terraform",
              "Name": "burstlab-gen1-efs-home",
              "Project": "burstlab"
            },
            "tags_all": {
              "Export": "/home",
              "Generation": "gen1",
              "ManagedBy": "terraform",
              "Name": "burstlab-gen1-efs-home",
              "Project": "burstlab"
            }
          },
          "sensitive_attributes": [],
          "identity_schema_version": 0,
          "private": "bnVsbA==",
          "dependencies": [
            "module.shared_storage.aws_efs_file_system.main"
          ]
        }
      ]
    },
    {
      "module": "module.shared_storage",
      "mode": "managed",
      "type": "aws_efs_access_point",
      "name": "slurm",
      "provider": "provider[\"registry.terraform.io/hashicorp/aws\"]",
      "instances": [
        {
          "schema_version": 0,
          "attributes": {
            "arn": "arn:aws:elasticfilesystem:us-west-2:942542972736:access-point/fsap-0f22417e8c4313363",
            "file_system_arn": "arn:aws:elasticfilesystem:us-west-2:942542972736:file-system/fs-04075fbb3ba0d6658",
            "file_system_id": "fs-04075fbb3ba0d6658",
            "id": "fsap-0f22417e8c4313363",
            "owner_id": "942542972736",
            "posix_user": [],
            "root_directory": [
              {
                "creation_info": [
                  {
                    "owner_gid": 0,
                    "owner_uid": 0,
                    "permissions": "755"
                  }
                ],
                "path": "/slurm"
              }
            ],
            "tags": {
              "Export": "/opt/slurm",
              "Generation": "gen1",
              "ManagedBy": "terraform",
              "Name": "burstlab-gen1-efs-slurm",
              "Project": "burstlab"
            },
            "tags_all": {
              "Export": "/opt/slurm",
              "Generation": "gen1",
              "ManagedBy": "terraform",
              "Name": "burstlab-gen1-efs-slurm",
              "Project": "burstlab"
            }
          },
          "sensitive_attributes": [],
          "identity_schema_version": 0,
          "private": "bnVsbA==",
          "dependencies": [
            "module.shared_storage.aws_efs_file_system.main"
          ]
        }
      ]
    },
    {
      "module": "module.shared_storage",
      "mode": "managed",
      "type": "aws_efs_file_system",
      "name": "main",
      "provider": "provider[\"registry.terraform.io/hashicorp/aws\"]",
      "instances": [
        {
          "schema_version": 0,
          "attributes": {
            "arn": "arn:aws:elasticfilesystem:us-west-2:942542972736:file-system/fs-04075fbb3ba0d6658",
            "availability_zone_id": "",
            "availability_zone_name": "",
            "creation_token": "burstlab-gen1-efs",
            "dns_name": "fs-04075fbb3ba0d6658.efs.us-west-2.amazonaws.com",
            "encrypted": true,
            "id": "fs-04075fbb3ba0d6658",
            "kms_key_id": "arn:aws:kms:us-west-2:942542972736:key/1a9bc150-db34-469c-9b42-3f5607fcbf0a",
            "lifecycle_policy": [
              {
                "transition_to_archive": "",
                "transition_to_ia": "AFTER_30_DAYS",
                "transition_to_primary_storage_class": ""
              }
            ],
            "name": "burstlab-gen1-efs",
            "number_of_mount_targets": 2,
            "owner_id": "942542972736",
            "performance_mode": "generalPurpose",
            "protection": [
              {
                "replication_overwrite": "ENABLED"
              }
            ],
            "provisioned_throughput_in_mibps": 0,
            "size_in_bytes": [
              {
                "value": 6144,
                "value_in_ia": 0,
                "value_in_standard": 6144
              }
            ],
            "tags": {
              "Generation": "gen1",
              "ManagedBy": "terraform",
              "Name": "burstlab-gen1-efs",
              "Project": "burstlab"
            },
            "tags_all": {
              "Generation": "gen1",
              "ManagedBy": "terraform",
              "Name": "burstlab-gen1-efs",
              "Project": "burstlab"
            },
            "throughput_mode": "bursting"
          },
          "sensitive_attributes": [],
          "identity_schema_version": 0,
          "private": "bnVsbA=="
        }
      ]
    },
    {
      "module": "module.shared_storage",
      "mode": "managed",
      "type": "aws_efs_mount_target",
      "name": "cloud_b",
      "provider": "provider[\"registry.terraform.io/hashicorp/aws\"]",
      "instances": [
        {
          "schema_version": 0,
          "attributes": {
            "availability_zone_id": "usw2-az2",
            "availability_zone_name": "us-west-2b",
            "dns_name": "fs-04075fbb3ba0d6658.efs.us-west-2.amazonaws.com",
            "file_system_arn": "arn:aws:elasticfilesystem:us-west-2:942542972736:file-system/fs-04075fbb3ba0d6658",
            "file_system_id": "fs-04075fbb3ba0d6658",
            "id": "fsmt-0e61a173f000a64c6",
            "ip_address": "10.0.3.247",
            "mount_target_dns_name": "us-west-2b.fs-04075fbb3ba0d6658.efs.us-west-2.amazonaws.com",
            "network_interface_id": "eni-03906b6844745e5a1",
            "owner_id": "942542972736",
            "security_groups": [
              "sg-0886217e482d24c93"
            ],
            "subnet_id": "subnet-011cff219a70f0996",
            "timeouts": null
          },
          "sensitive_attributes": [],
          "identity_schema_version": 0,
          "private": "eyJlMmJmYjczMC1lY2FhLTExZTYtOGY4OC0zNDM2M2JjN2M0YzAiOnsiY3JlYXRlIjoxODAwMDAwMDAwMDAwLCJkZWxldGUiOjYwMDAwMDAwMDAwMH19",
          "dependencies": [
            "module.shared_storage.aws_efs_file_system.main",
            "module.vpc.aws_security_group.efs",
            "module.vpc.aws_subnet.cloud_b",
            "module.vpc.aws_vpc.main"
          ]
        }
      ]
    },
    {
      "module": "module.shared_storage",
      "mode": "managed",
      "type": "aws_efs_mount_target",
      "name": "management",
      "provider": "provider[\"registry.terraform.io/hashicorp/aws\"]",
      "instances": [
        {
          "schema_version": 0,
          "attributes": {
            "availability_zone_id": "usw2-az1",
            "availability_zone_name": "us-west-2a",
            "dns_name": "fs-04075fbb3ba0d6658.efs.us-west-2.amazonaws.com",
            "file_system_arn": "arn:aws:elasticfilesystem:us-west-2:942542972736:file-system/fs-04075fbb3ba0d6658",
            "file_system_id": "fs-04075fbb3ba0d6658",
            "id": "fsmt-059ed5a2ebdfda310",
            "ip_address": "10.0.0.127",
            "mount_target_dns_name": "us-west-2a.fs-04075fbb3ba0d6658.efs.us-west-2.amazonaws.com",
            "network_interface_id": "eni-0cd058d403b7feb29",
            "owner_id": "942542972736",
            "security_groups": [
              "sg-0886217e482d24c93"
            ],
            "subnet_id": "subnet-08d4e15f68b94671d",
            "timeouts": null
          },
          "sensitive_attributes": [],
          "identity_schema_version": 0,
          "private": "eyJlMmJmYjczMC1lY2FhLTExZTYtOGY4OC0zNDM2M2JjN2M0YzAiOnsiY3JlYXRlIjoxODAwMDAwMDAwMDAwLCJkZWxldGUiOjYwMDAwMDAwMDAwMH19",
          "dependencies": [
            "module.shared_storage.aws_efs_file_system.main",
            "module.vpc.aws_security_group.efs",
            "module.vpc.aws_subnet.management",
            "module.vpc.aws_vpc.main"
          ]
        }
      ]
    },
    {
      "module": "module.vpc",
      "mode": "managed",
      "type": "aws_internet_gateway",
      "name": "main",
      "provider": "provider[\"registry.terraform.io/hashicorp/aws\"]",
      "instances": [
        {
          "schema_version": 0,
          "attributes": {
            "arn": "arn:aws:ec2:us-west-2:942542972736:internet-gateway/igw-0adab289ee9e67e6c",
            "id": "igw-0adab289ee9e67e6c",
            "owner_id": "942542972736",
            "tags": {
              "Generation": "gen1",
              "ManagedBy": "terraform",
              "Name": "burstlab-gen1-igw",
              "Project": "burstlab"
            },
            "tags_all": {
              "Generation": "gen1",
              "ManagedBy": "terraform",
              "Name": "burstlab-gen1-igw",
              "Project": "burstlab"
            },
            "timeouts": null,
            "vpc_id": "vpc-0f0c65ebe9bbe0cfd"
          },
          "sensitive_attributes": [],
          "identity_schema_version": 0,
          "private": "eyJlMmJmYjczMC1lY2FhLTExZTYtOGY4OC0zNDM2M2JjN2M0YzAiOnsiY3JlYXRlIjoxMjAwMDAwMDAwMDAwLCJkZWxldGUiOjEyMDAwMDAwMDAwMDAsInVwZGF0ZSI6MTIwMDAwMDAwMDAwMH19",
          "dependencies": [
            "module.vpc.aws_vpc.main"
          ]
        }
      ]
    },
    {
      "module": "module.vpc",
      "mode": "managed",
      "type": "aws_route_table",
      "name": "cloud",
      "provider": "provider[\"registry.terraform.io/hashicorp/aws\"]",
      "instances": [
        {
          "schema_version": 0,
          "attributes": {
            "arn": "arn:aws:ec2:us-west-2:942542972736:route-table/rtb-0f1d724b0e7aaa363",
            "id": "rtb-0f1d724b0e7aaa363",
            "owner_id": "942542972736",
            "propagating_vgws": [],
            "route": [
              {
                "carrier_gateway_id": "",
                "cidr_block": "0.0.0.0/0",
                "core_network_arn": "",
                "destination_prefix_list_id": "",
                "egress_only_gateway_id": "",
                "gateway_id": "",
                "ipv6_cidr_block": "",
                "local_gateway_id": "",
                "nat_gateway_id": "",
                "network_interface_id": "eni-09f0ebe546f81b235",
                "transit_gateway_id": "",
                "vpc_endpoint_id": "",
                "vpc_peering_connection_id": ""
              }
            ],
            "tags": {
              "Generation": "gen1",
              "ManagedBy": "terraform",
              "Name": "burstlab-gen1-cloud-rtb",
              "Project": "burstlab"
            },
            "tags_all": {
              "Generation": "gen1",
              "ManagedBy": "terraform",
              "Name": "burstlab-gen1-cloud-rtb",
              "Project": "burstlab"
            },
            "timeouts": null,
            "vpc_id": "vpc-0f0c65ebe9bbe0cfd"
          },
          "sensitive_attributes": [],
          "identity_schema_version": 0,
          "private": "eyJlMmJmYjczMC1lY2FhLTExZTYtOGY4OC0zNDM2M2JjN2M0YzAiOnsiY3JlYXRlIjozMDAwMDAwMDAwMDAsImRlbGV0ZSI6MzAwMDAwMDAwMDAwLCJ1cGRhdGUiOjEyMDAwMDAwMDAwMH19",
          "dependencies": [
            "module.vpc.aws_vpc.main"
          ]
        }
      ]
    },
    {
      "module": "module.vpc",
      "mode": "managed",
      "type": "aws_route_table",
      "name": "management",
      "provider": "provider[\"registry.terraform.io/hashicorp/aws\"]",
      "instances": [
        {
          "schema_version": 0,
          "attributes": {
            "arn": "arn:aws:ec2:us-west-2:942542972736:route-table/rtb-0bc0c3c40a5d95608",
            "id": "rtb-0bc0c3c40a5d95608",
            "owner_id": "942542972736",
            "propagating_vgws": [],
            "route": [
              {
                "carrier_gateway_id": "",
                "cidr_block": "0.0.0.0/0",
                "core_network_arn": "",
                "destination_prefix_list_id": "",
                "egress_only_gateway_id": "",
                "gateway_id": "igw-0adab289ee9e67e6c",
                "ipv6_cidr_block": "",
                "local_gateway_id": "",
                "nat_gateway_id": "",
                "network_interface_id": "",
                "transit_gateway_id": "",
                "vpc_endpoint_id": "",
                "vpc_peering_connection_id": ""
              }
            ],
            "tags": {
              "Generation": "gen1",
              "ManagedBy": "terraform",
              "Name": "burstlab-gen1-mgmt-rtb",
              "Project": "burstlab"
            },
            "tags_all": {
              "Generation": "gen1",
              "ManagedBy": "terraform",
              "Name": "burstlab-gen1-mgmt-rtb",
              "Project": "burstlab"
            },
            "timeouts": null,
            "vpc_id": "vpc-0f0c65ebe9bbe0cfd"
          },
          "sensitive_attributes": [],
          "identity_schema_version": 0,
          "private": "eyJlMmJmYjczMC1lY2FhLTExZTYtOGY4OC0zNDM2M2JjN2M0YzAiOnsiY3JlYXRlIjozMDAwMDAwMDAwMDAsImRlbGV0ZSI6MzAwMDAwMDAwMDAwLCJ1cGRhdGUiOjEyMDAwMDAwMDAwMH19",
          "dependencies": [
            "module.vpc.aws_internet_gateway.main",
            "module.vpc.aws_vpc.main"
          ]
        }
      ]
    },
    {
      "module": "module.vpc",
      "mode": "managed",
      "type": "aws_route_table",
      "name": "onprem",
      "provider": "provider[\"registry.terraform.io/hashicorp/aws\"]",
      "instances": [
        {
          "schema_version": 0,
          "attributes": {
            "arn": "arn:aws:ec2:us-west-2:942542972736:route-table/rtb-0f296139c4fe3b7d7",
            "id": "rtb-0f296139c4fe3b7d7",
            "owner_id": "942542972736",
            "propagating_vgws": [],
            "route": [
              {
                "carrier_gateway_id": "",
                "cidr_block": "0.0.0.0/0",
                "core_network_arn": "",
                "destination_prefix_list_id": "",
                "egress_only_gateway_id": "",
                "gateway_id": "",
                "ipv6_cidr_block": "",
                "local_gateway_id": "",
                "nat_gateway_id": "",
                "network_interface_id": "eni-09f0ebe546f81b235",
                "transit_gateway_id": "",
                "vpc_endpoint_id": "",
                "vpc_peering_connection_id": ""
              }
            ],
            "tags": {
              "Generation": "gen1",
              "ManagedBy": "terraform",
              "Name": "burstlab-gen1-onprem-rtb",
              "Project": "burstlab"
            },
            "tags_all": {
              "Generation": "gen1",
              "ManagedBy": "terraform",
              "Name": "burstlab-gen1-onprem-rtb",
              "Project": "burstlab"
            },
            "timeouts": null,
            "vpc_id": "vpc-0f0c65ebe9bbe0cfd"
          },
          "sensitive_attributes": [],
          "identity_schema_version": 0,
          "private": "eyJlMmJmYjczMC1lY2FhLTExZTYtOGY4OC0zNDM2M2JjN2M0YzAiOnsiY3JlYXRlIjozMDAwMDAwMDAwMDAsImRlbGV0ZSI6MzAwMDAwMDAwMDAwLCJ1cGRhdGUiOjEyMDAwMDAwMDAwMH19",
          "dependencies": [
            "module.vpc.aws_vpc.main"
          ]
        }
      ]
    },
    {
      "module": "module.vpc",
      "mode": "managed",
      "type": "aws_route_table_association",
      "name": "cloud_a",
      "provider": "provider[\"registry.terraform.io/hashicorp/aws\"]",
      "instances": [
        {
          "schema_version": 0,
          "attributes": {
            "gateway_id": "",
            "id": "rtbassoc-04828898710a7e018",
            "route_table_id": "rtb-0f1d724b0e7aaa363",
            "subnet_id": "subnet-03176617cf4794a19",
            "timeouts": null
          },
          "sensitive_attributes": [],
          "identity_schema_version": 0,
          "private": "eyJlMmJmYjczMC1lY2FhLTExZTYtOGY4OC0zNDM2M2JjN2M0YzAiOnsiY3JlYXRlIjozMDAwMDAwMDAwMDAsImRlbGV0ZSI6MzAwMDAwMDAwMDAwLCJ1cGRhdGUiOjEyMDAwMDAwMDAwMH19",
          "dependencies": [
            "module.vpc.aws_route_table.cloud",
            "module.vpc.aws_subnet.cloud_a",
            "module.vpc.aws_vpc.main"
          ]
        }
      ]
    },
    {
      "module": "module.vpc",
      "mode": "managed",
      "type": "aws_route_table_association",
      "name": "cloud_b",
      "provider": "provider[\"registry.terraform.io/hashicorp/aws\"]",
      "instances": [
        {
          "schema_version": 0,
          "attributes": {
            "gateway_id": "",
            "id": "rtbassoc-0de5f8ac63f05c774",
            "route_table_id": "rtb-0f1d724b0e7aaa363",
            "subnet_id": "subnet-011cff219a70f0996",
            "timeouts": null
          },
          "sensitive_attributes": [],
          "identity_schema_version": 0,
          "private": "eyJlMmJmYjczMC1lY2FhLTExZTYtOGY4OC0zNDM2M2JjN2M0YzAiOnsiY3JlYXRlIjozMDAwMDAwMDAwMDAsImRlbGV0ZSI6MzAwMDAwMDAwMDAwLCJ1cGRhdGUiOjEyMDAwMDAwMDAwMH19",
          "dependencies": [
            "module.vpc.aws_route_table.cloud",
            "module.vpc.aws_subnet.cloud_b",
            "module.vpc.aws_vpc.main"
          ]
        }
      ]
    },
    {
      "module": "module.vpc",
      "mode": "managed",
      "type": "aws_route_table_association",
      "name": "management",
      "provider": "provider[\"registry.terraform.io/hashicorp/aws\"]",
      "instances": [
        {
          "schema_version": 0,
          "attributes": {
            "gateway_id": "",
            "id": "rtbassoc-040f6770de8ab112d",
            "route_table_id": "rtb-0bc0c3c40a5d95608",
            "subnet_id": "subnet-08d4e15f68b94671d",
            "timeouts": null
          },
          "sensitive_attributes": [],
          "identity_schema_version": 0,
          "private": "eyJlMmJmYjczMC1lY2FhLTExZTYtOGY4OC0zNDM2M2JjN2M0YzAiOnsiY3JlYXRlIjozMDAwMDAwMDAwMDAsImRlbGV0ZSI6MzAwMDAwMDAwMDAwLCJ1cGRhdGUiOjEyMDAwMDAwMDAwMH19",
          "dependencies": [
            "module.vpc.aws_internet_gateway.main",
            "module.vpc.aws_route_table.management",
            "module.vpc.aws_subnet.management",
            "module.vpc.aws_vpc.main"
          ]
        }
      ]
    },
    {
      "module": "module.vpc",
      "mode": "managed",
      "type": "aws_route_table_association",
      "name": "onprem",
      "provider": "provider[\"registry.terraform.io/hashicorp/aws\"]",
      "instances": [
        {
          "schema_version": 0,
          "attributes": {
            "gateway_id": "",
            "id": "rtbassoc-048e0160ac16ec67e",
            "route_table_id": "rtb-0f296139c4fe3b7d7",
            "subnet_id": "subnet-0a62de49fa1420ecc",
            "timeouts": null
          },
          "sensitive_attributes": [],
          "identity_schema_version": 0,
          "private": "eyJlMmJmYjczMC1lY2FhLTExZTYtOGY4OC0zNDM2M2JjN2M0YzAiOnsiY3JlYXRlIjozMDAwMDAwMDAwMDAsImRlbGV0ZSI6MzAwMDAwMDAwMDAwLCJ1cGRhdGUiOjEyMDAwMDAwMDAwMH19",
          "dependencies": [
            "module.vpc.aws_route_table.onprem",
            "module.vpc.aws_subnet.onprem",
            "module.vpc.aws_vpc.main"
          ]
        }
      ]
    },
    {
      "module": "module.vpc",
      "mode": "managed",
      "type": "aws_security_group",
      "name": "burst_node",
      "provider": "provider[\"registry.terraform.io/hashicorp/aws\"]",
      "instances": [
        {
          "schema_version": 1,
          "attributes": {
            "arn": "arn:aws:ec2:us-west-2:942542972736:security-group/sg-0afcbecb73226db6d",
            "description": "Cloud burst nodes: all VPC traffic only, internet via head-node NAT",
            "egress": [
              {
                "cidr_blocks": [
                  "0.0.0.0/0"
                ],
                "description": "All outbound - goes through head node NAT for external access",
                "from_port": 0,
                "ipv6_cidr_blocks": [],
                "prefix_list_ids": [],
                "protocol": "-1",
                "security_groups": [],
                "self": false,
                "to_port": 0
              }
            ],
            "id": "sg-0afcbecb73226db6d",
            "ingress": [
              {
                "cidr_blocks": [
                  "10.0.0.0/16"
                ],
                "description": "All traffic from VPC - Slurmd, Munge, EFS, srun I/O",
                "from_port": 0,
                "ipv6_cidr_blocks": [],
                "prefix_list_ids": [],
                "protocol": "-1",
                "security_groups": [],
                "self": false,
                "to_port": 0
              }
            ],
            "name": "burstlab-gen1-burst-node-sg",
            "name_prefix": "",
            "owner_id": "942542972736",
            "revoke_rules_on_delete": false,
            "tags": {
              "Generation": "gen1",
              "ManagedBy": "terraform",
              "Name": "burstlab-gen1-burst-node-sg",
              "Project": "burstlab"
            },
            "tags_all": {
              "Generation": "gen1",
              "ManagedBy": "terraform",
              "Name": "burstlab-gen1-burst-node-sg",
              "Project": "burstlab"
            },
            "timeouts": null,
            "vpc_id": "vpc-0f0c65ebe9bbe0cfd"
          },
          "sensitive_attributes": [],
          "identity_schema_version": 0,
          "private": "eyJlMmJmYjczMC1lY2FhLTExZTYtOGY4OC0zNDM2M2JjN2M0YzAiOnsiY3JlYXRlIjo2MDAwMDAwMDAwMDAsImRlbGV0ZSI6OTAwMDAwMDAwMDAwfSwic2NoZW1hX3ZlcnNpb24iOiIxIn0=",
          "dependencies": [
            "module.vpc.aws_vpc.main"
          ]
        }
      ]
    },
    {
      "module": "module.vpc",
      "mode": "managed",
      "type": "aws_security_group",
      "name": "compute_node",
      "provider": "provider[\"registry.terraform.io/hashicorp/aws\"]",
      "instances": [
        {
          "schema_version": 1,
          "attributes": {
            "arn": "arn:aws:ec2:us-west-2:942542972736:security-group/sg-0f29d43109b62ca96",
            "description": "On-prem compute nodes: all VPC traffic only (no public ingress)",
            "egress": [
              {
                "cidr_blocks": [
                  "0.0.0.0/0"
                ],
                "description": "All outbound - internet via head node NAT for yum/updates",
                "from_port": 0,
                "ipv6_cidr_blocks": [],
                "prefix_list_ids": [],
                "protocol": "-1",
                "security_groups": [],
                "self": false,
                "to_port": 0
              }
            ],
            "id": "sg-0f29d43109b62ca96",
            "ingress": [
              {
                "cidr_blocks": [
                  "10.0.0.0/16"
                ],
                "description": "All traffic from VPC - Slurmd (6818), Munge, EFS, job I/O",
                "from_port": 0,
                "ipv6_cidr_blocks": [],
                "prefix_list_ids": [],
                "protocol": "-1",
                "security_groups": [],
                "self": false,
                "to_port": 0
              }
            ],
            "name": "burstlab-gen1-compute-node-sg",
            "name_prefix": "",
            "owner_id": "942542972736",
            "revoke_rules_on_delete": false,
            "tags": {
              "Generation": "gen1",
              "ManagedBy": "terraform",
              "Name": "burstlab-gen1-compute-node-sg",
              "Project": "burstlab"
            },
            "tags_all": {
              "Generation": "gen1",
              "ManagedBy": "terraform",
              "Name": "burstlab-gen1-compute-node-sg",
              "Project": "burstlab"
            },
            "timeouts": null,
            "vpc_id": "vpc-0f0c65ebe9bbe0cfd"
          },
          "sensitive_attributes": [],
          "identity_schema_version": 0,
          "private": "eyJlMmJmYjczMC1lY2FhLTExZTYtOGY4OC0zNDM2M2JjN2M0YzAiOnsiY3JlYXRlIjo2MDAwMDAwMDAwMDAsImRlbGV0ZSI6OTAwMDAwMDAwMDAwfSwic2NoZW1hX3ZlcnNpb24iOiIxIn0=",
          "dependencies": [
            "module.vpc.aws_vpc.main"
          ]
        }
      ]
    },
    {
      "module": "module.vpc",
      "mode": "managed",
      "type": "aws_security_group",
      "name": "efs",
      "provider": "provider[\"registry.terraform.io/hashicorp/aws\"]",
      "instances": [
        {
          "schema_version": 1,
          "attributes": {
            "arn": "arn:aws:ec2:us-west-2:942542972736:security-group/sg-0886217e482d24c93",
            "description": "EFS mount targets: NFS (2049) from VPC CIDR only",
            "egress": [
              {
                "cidr_blocks": [
                  "0.0.0.0/0"
                ],
                "description": "All outbound (standard AWS SG requirement, EFS does not initiate connections)",
                "from_port": 0,
                "ipv6_cidr_blocks": [],
                "prefix_list_ids": [],
                "protocol": "-1",
                "security_groups": [],
                "self": false,
                "to_port": 0
              }
            ],
            "id": "sg-0886217e482d24c93",
            "ingress": [
              {
                "cidr_blocks": [
                  "10.0.0.0/16"
                ],
                "description": "NFS from VPC - all nodes mount EFS for /home and /opt/slurm",
                "from_port": 2049,
                "ipv6_cidr_blocks": [],
                "prefix_list_ids": [],
                "protocol": "tcp",
                "security_groups": [],
                "self": false,
                "to_port": 2049
              }
            ],
            "name": "burstlab-gen1-efs-sg",
            "name_prefix": "",
            "owner_id": "942542972736",
            "revoke_rules_on_delete": false,
            "tags": {
              "Generation": "gen1",
              "ManagedBy": "terraform",
              "Name": "burstlab-gen1-efs-sg",
              "Project": "burstlab"
            },
            "tags_all": {
              "Generation": "gen1",
              "ManagedBy": "terraform",
              "Name": "burstlab-gen1-efs-sg",
              "Project": "burstlab"
            },
            "timeouts": null,
            "vpc_id": "vpc-0f0c65ebe9bbe0cfd"
          },
          "sensitive_attributes": [],
          "identity_schema_version": 0,
          "private": "eyJlMmJmYjczMC1lY2FhLTExZTYtOGY4OC0zNDM2M2JjN2M0YzAiOnsiY3JlYXRlIjo2MDAwMDAwMDAwMDAsImRlbGV0ZSI6OTAwMDAwMDAwMDAwfSwic2NoZW1hX3ZlcnNpb24iOiIxIn0=",
          "dependencies": [
            "module.vpc.aws_vpc.main"
          ]
        }
      ]
    },
    {
      "module": "module.vpc",
      "mode": "managed",
      "type": "aws_security_group",
      "name": "head_node",
      "provider": "provider[\"registry.terraform.io/hashicorp/aws\"]",
      "instances": [
        {
          "schema_version": 1,
          "attributes": {
            "arn": "arn:aws:ec2:us-west-2:942542972736:security-group/sg-0c33bc2d7c5e63bad",
            "description": "Head node: SSH from internet + all VPC traffic for Slurm/Munge/EFS",
            "egress": [
              {
                "cidr_blocks": [
                  "0.0.0.0/0"
                ],
                "description": "All outbound - AWS API, yum repos, EFS, internet for updates",
                "from_port": 0,
                "ipv6_cidr_blocks": [],
                "prefix_list_ids": [],
                "protocol": "-1",
                "security_groups": [],
                "self": false,
                "to_port": 0
              }
            ],
            "id": "sg-0c33bc2d7c5e63bad",
            "ingress": [
              {
                "cidr_blocks": [
                  "0.0.0.0/0"
                ],
                "description": "SSH from anywhere - lab access (restrict in production)",
                "from_port": 22,
                "ipv6_cidr_blocks": [],
                "prefix_list_ids": [],
                "protocol": "tcp",
                "security_groups": [],
                "self": false,
                "to_port": 22
              },
              {
                "cidr_blocks": [
                  "10.0.0.0/16"
                ],
                "description": "All traffic from within VPC - Slurm (6817/6818/6819), Munge (no fixed port), EFS (2049), srun forwarding",
                "from_port": 0,
                "ipv6_cidr_blocks": [],
                "prefix_list_ids": [],
                "protocol": "-1",
                "security_groups": [],
                "self": false,
                "to_port": 0
              }
            ],
            "name": "burstlab-gen1-head-node-sg",
            "name_prefix": "",
            "owner_id": "942542972736",
            "revoke_rules_on_delete": false,
            "tags": {
              "Generation": "gen1",
              "ManagedBy": "terraform",
              "Name": "burstlab-gen1-head-node-sg",
              "Project": "burstlab"
            },
            "tags_all": {
              "Generation": "gen1",
              "ManagedBy": "terraform",
              "Name": "burstlab-gen1-head-node-sg",
              "Project": "burstlab"
            },
            "timeouts": null,
            "vpc_id": "vpc-0f0c65ebe9bbe0cfd"
          },
          "sensitive_attributes": [],
          "identity_schema_version": 0,
          "private": "eyJlMmJmYjczMC1lY2FhLTExZTYtOGY4OC0zNDM2M2JjN2M0YzAiOnsiY3JlYXRlIjo2MDAwMDAwMDAwMDAsImRlbGV0ZSI6OTAwMDAwMDAwMDAwfSwic2NoZW1hX3ZlcnNpb24iOiIxIn0=",
          "dependencies": [
            "module.vpc.aws_vpc.main"
          ]
        }
      ]
    },
    {
      "module": "module.vpc",
      "mode": "managed",
      "type": "aws_subnet",
      "name": "cloud_a",
      "provider": "provider[\"registry.terraform.io/hashicorp/aws\"]",
      "instances": [
        {
          "schema_version": 1,
          "attributes": {
            "arn": "arn:aws:ec2:us-west-2:942542972736:subnet/subnet-03176617cf4794a19",
            "assign_ipv6_address_on_creation": false,
            "availability_zone": "us-west-2a",
            "availability_zone_id": "usw2-az1",
            "cidr_block": "10.0.2.0/24",
            "customer_owned_ipv4_pool": "",
            "enable_dns64": false,
            "enable_lni_at_device_index": 0,
            "enable_resource_name_dns_a_record_on_launch": false,
            "enable_resource_name_dns_aaaa_record_on_launch": false,
            "id": "subnet-03176617cf4794a19",
            "ipv6_cidr_block": "",
            "ipv6_cidr_block_association_id": "",
            "ipv6_native": false,
            "map_customer_owned_ip_on_launch": false,
            "map_public_ip_on_launch": false,
            "outpost_arn": "",
            "owner_id": "942542972736",
            "private_dns_hostname_type_on_launch": "ip-name",
            "tags": {
              "Generation": "gen1",
              "ManagedBy": "terraform",
              "Name": "burstlab-gen1-cloud-a-subnet",
              "Project": "burstlab",
              "Role": "cloud-burst"
            },
            "tags_all": {
              "Generation": "gen1",
              "ManagedBy": "terraform",
              "Name": "burstlab-gen1-cloud-a-subnet",
              "Project": "burstlab",
              "Role": "cloud-burst"
            },
            "timeouts": null,
            "vpc_id": "vpc-0f0c65ebe9bbe0cfd"
          },
          "sensitive_attributes": [],
          "identity_schema_version": 0,
          "private": "eyJlMmJmYjczMC1lY2FhLTExZTYtOGY4OC0zNDM2M2JjN2M0YzAiOnsiY3JlYXRlIjo2MDAwMDAwMDAwMDAsImRlbGV0ZSI6MTIwMDAwMDAwMDAwMH0sInNjaGVtYV92ZXJzaW9uIjoiMSJ9",
          "dependencies": [
            "module.vpc.aws_vpc.main"
          ]
        }
      ]
    },
    {
      "module": "module.vpc",
      "mode": "managed",
      "type": "aws_subnet",
      "name": "cloud_b",
      "provider": "provider[\"registry.terraform.io/hashicorp/aws\"]",
      "instances": [
        {
          "schema_version": 1,
          "attributes": {
            "arn": "arn:aws:ec2:us-west-2:942542972736:subnet/subnet-011cff219a70f0996",
            "assign_ipv6_address_on_creation": false,
            "availability_zone": "us-west-2b",
            "availability_zone_id": "usw2-az2",
            "cidr_block": "10.0.3.0/24",
            "customer_owned_ipv4_pool": "",
            "enable_dns64": false,
            "enable_lni_at_device_index": 0,
            "enable_resource_name_dns_a_record_on_launch": false,
            "enable_resource_name_dns_aaaa_record_on_launch": false,
            "id": "subnet-011cff219a70f0996",
            "ipv6_cidr_block": "",
            "ipv6_cidr_block_association_id": "",
            "ipv6_native": false,
            "map_customer_owned_ip_on_launch": false,
            "map_public_ip_on_launch": false,
            "outpost_arn": "",
            "owner_id": "942542972736",
            "private_dns_hostname_type_on_launch": "ip-name",
            "tags": {
              "Generation": "gen1",
              "ManagedBy": "terraform",
              "Name": "burstlab-gen1-cloud-b-subnet",
              "Project": "burstlab",
              "Role": "cloud-burst"
            },
            "tags_all": {
              "Generation": "gen1",
              "ManagedBy": "terraform",
              "Name": "burstlab-gen1-cloud-b-subnet",
              "Project": "burstlab",
              "Role": "cloud-burst"
            },
            "timeouts": null,
            "vpc_id": "vpc-0f0c65ebe9bbe0cfd"
          },
          "sensitive_attributes": [],
          "identity_schema_version": 0,
          "private": "eyJlMmJmYjczMC1lY2FhLTExZTYtOGY4OC0zNDM2M2JjN2M0YzAiOnsiY3JlYXRlIjo2MDAwMDAwMDAwMDAsImRlbGV0ZSI6MTIwMDAwMDAwMDAwMH0sInNjaGVtYV92ZXJzaW9uIjoiMSJ9",
          "dependencies": [
            "module.vpc.aws_vpc.main"
          ]
        }
      ]
    },
    {
      "module": "module.vpc",
      "mode": "managed",
      "type": "aws_subnet",
      "name": "management",
      "provider": "provider[\"registry.terraform.io/hashicorp/aws\"]",
      "instances": [
        {
          "schema_version": 1,
          "attributes": {
            "arn": "arn:aws:ec2:us-west-2:942542972736:subnet/subnet-08d4e15f68b94671d",
            "assign_ipv6_address_on_creation": false,
            "availability_zone": "us-west-2a",
            "availability_zone_id": "usw2-az1",
            "cidr_block": "10.0.0.0/24",
            "customer_owned_ipv4_pool": "",
            "enable_dns64": false,
            "enable_lni_at_device_index": 0,
            "enable_resource_name_dns_a_record_on_launch": false,
            "enable_resource_name_dns_aaaa_record_on_launch": false,
            "id": "subnet-08d4e15f68b94671d",
            "ipv6_cidr_block": "",
            "ipv6_cidr_block_association_id": "",
            "ipv6_native": false,
            "map_customer_owned_ip_on_launch": false,
            "map_public_ip_on_launch": false,
            "outpost_arn": "",
            "owner_id": "942542972736",
            "private_dns_hostname_type_on_launch": "ip-name",
            "tags": {
              "Generation": "gen1",
              "ManagedBy": "terraform",
              "Name": "burstlab-gen1-mgmt-subnet",
              "Project": "burstlab",
              "Role": "management"
            },
            "tags_all": {
              "Generation": "gen1",
              "ManagedBy": "terraform",
              "Name": "burstlab-gen1-mgmt-subnet",
              "Project": "burstlab",
              "Role": "management"
            },
            "timeouts": null,
            "vpc_id": "vpc-0f0c65ebe9bbe0cfd"
          },
          "sensitive_attributes": [],
          "identity_schema_version": 0,
          "private": "eyJlMmJmYjczMC1lY2FhLTExZTYtOGY4OC0zNDM2M2JjN2M0YzAiOnsiY3JlYXRlIjo2MDAwMDAwMDAwMDAsImRlbGV0ZSI6MTIwMDAwMDAwMDAwMH0sInNjaGVtYV92ZXJzaW9uIjoiMSJ9",
          "dependencies": [
            "module.vpc.aws_vpc.main"
          ]
        }
      ]
    },
    {
      "module": "module.vpc",
      "mode": "managed",
      "type": "aws_subnet",
      "name": "onprem",
      "provider": "provider[\"registry.terraform.io/hashicorp/aws\"]",
      "instances": [
        {
          "schema_version": 1,
          "attributes": {
            "arn": "arn:aws:ec2:us-west-2:942542972736:subnet/subnet-0a62de49fa1420ecc",
            "assign_ipv6_address_on_creation": false,
            "availability_zone": "us-west-2a",
            "availability_zone_id": "usw2-az1",
            "cidr_block": "10.0.1.0/24",
            "customer_owned_ipv4_pool": "",
            "enable_dns64": false,
            "enable_lni_at_device_index": 0,
            "enable_resource_name_dns_a_record_on_launch": false,
            "enable_resource_name_dns_aaaa_record_on_launch": false,
            "id": "subnet-0a62de49fa1420ecc",
            "ipv6_cidr_block": "",
            "ipv6_cidr_block_association_id": "",
            "ipv6_native": false,
            "map_customer_owned_ip_on_launch": false,
            "map_public_ip_on_launch": false,
            "outpost_arn": "",
            "owner_id": "942542972736",
            "private_dns_hostname_type_on_launch": "ip-name",
            "tags": {
              "Generation": "gen1",
              "ManagedBy": "terraform",
              "Name": "burstlab-gen1-onprem-subnet",
              "Project": "burstlab",
              "Role": "onprem-compute"
            },
            "tags_all": {
              "Generation": "gen1",
              "ManagedBy": "terraform",
              "Name": "burstlab-gen1-onprem-subnet",
              "Project": "burstlab",
              "Role": "onprem-compute"
            },
            "timeouts": null,
            "vpc_id": "vpc-0f0c65ebe9bbe0cfd"
          },
          "sensitive_attributes": [],
          "identity_schema_version": 0,
          "private": "eyJlMmJmYjczMC1lY2FhLTExZTYtOGY4OC0zNDM2M2JjN2M0YzAiOnsiY3JlYXRlIjo2MDAwMDAwMDAwMDAsImRlbGV0ZSI6MTIwMDAwMDAwMDAwMH0sInNjaGVtYV92ZXJzaW9uIjoiMSJ9",
          "dependencies": [
            "module.vpc.aws_vpc.main"
          ]
        }
      ]
    },
    {
      "module": "module.vpc",
      "mode": "managed",
      "type": "aws_vpc",
      "name": "main",
      "provider": "provider[\"registry.terraform.io/hashicorp/aws\"]",
      "instances": [
        {
          "schema_version": 1,
          "attributes": {
            "arn": "arn:aws:ec2:us-west-2:942542972736:vpc/vpc-0f0c65ebe9bbe0cfd",
            "assign_generated_ipv6_cidr_block": false,
            "cidr_block": "10.0.0.0/16",
            "default_network_acl_id": "acl-06df60c84056d19d4",
            "default_route_table_id": "rtb-044fc71716780ea8d",
            "default_security_group_id": "sg-066a51c273085941c",
            "dhcp_options_id": "dopt-09e19171",
            "enable_dns_hostnames": true,
            "enable_dns_support": true,
            "enable_network_address_usage_metrics": false,
            "id": "vpc-0f0c65ebe9bbe0cfd",
            "instance_tenancy": "default",
            "ipv4_ipam_pool_id": null,
            "ipv4_netmask_length": null,
            "ipv6_association_id": "",
            "ipv6_cidr_block": "",
            "ipv6_cidr_block_network_border_group": "",
            "ipv6_ipam_pool_id": "",
            "ipv6_netmask_length": 0,
            "main_route_table_id": "rtb-044fc71716780ea8d",
            "owner_id": "942542972736",
            "tags": {
              "Generation": "gen1",
              "ManagedBy": "terraform",
              "Name": "burstlab-gen1-vpc",
              "Project": "burstlab"
            },
            "tags_all": {
              "Generation": "gen1",
              "ManagedBy": "terraform",
              "Name": "burstlab-gen1-vpc",
              "Project": "burstlab"
            }
          },
          "sensitive_attributes": [],
          "identity_schema_version": 0,
          "private": "eyJzY2hlbWFfdmVyc2lvbiI6IjEifQ=="
        }
      ]
    }
  ],
  "check_results": null
}
