{
  "version": 4,
  "terraform_version": "1.14.7",
  "serial": 244,
  "lineage": "dac768e0-4f70-9c26-64fc-39a890a4b939",
  "outputs": {
    "burst_launch_template_id": {
      "value": "lt-0cd3b1b81a5555a83",
      "type": "string"
    },
    "burst_node_role_arn": {
      "value": "arn:aws:iam::942542972736:role/burstlab-gen1-burst-node-role",
      "type": "string"
    },
    "cloud_subnet_a_id": {
      "value": "subnet-03176617cf4794a19",
      "type": "string"
    },
    "cloud_subnet_b_id": {
      "value": "subnet-011cff219a70f0996",
      "type": "string"
    },
    "compute_node_instance_ids": {
      "value": [
        "i-008a751481d722ade",
        "i-0de685c5d49b65fa1",
        "i-0b6600c699a6fb8a8",
        "i-09ddbbf6b2cfd5a56"
      ],
      "type": [
        "tuple",
        [
          "string",
          "string",
          "string",
          "string"
        ]
      ]
    },
    "compute_node_private_ips": {
      "value": [
        "10.0.1.10",
        "10.0.1.11",
        "10.0.1.12",
        "10.0.1.13"
      ],
      "type": [
        "tuple",
        [
          "string",
          "string",
          "string",
          "string"
        ]
      ]
    },
    "efs_dns_name": {
      "value": "fs-04075fbb3ba0d6658.efs.us-west-2.amazonaws.com",
      "type": "string"
    },
    "efs_id": {
      "value": "fs-04075fbb3ba0d6658",
      "type": "string"
    },
    "head_node_instance_id": {
      "value": "i-09c3ff5eeae394d5d",
      "type": "string"
    },
    "head_node_private_ip": {
      "value": "10.0.0.10",
      "type": "string"
    },
    "head_node_public_ip": {
      "value": "52.33.58.129",
      "type": "string"
    },
    "head_node_role_arn": {
      "value": "arn:aws:iam::942542972736:role/burstlab-gen1-head-node-role",
      "type": "string"
    },
    "management_subnet_id": {
      "value": "subnet-08d4e15f68b94671d",
      "type": "string"
    },
    "munge_key_b64": {
      "value": "KVZNoyTaAEo5+WVyiCZISlQu61/BF/rQjyWsM83CSmaCWDiQiqa59s02+0Wjt4BZR6Oa9mBjZ5VrcvjBQ8M4/qch3RpFWSNJL7Bf/ObWuIVdMe4r4FHCIrD0mkvJEBIs1AHS2OPWUGSmgUeoLxAmIYRcNdUDHq4MBiGVXk6XkGid/i5sThlT8HrrZpw7kyeg19NuSIWPbeei/IGKcbVFPrFF6QlBbXxeIIyL685V250DjasoCi/oUspZ0HbK1Q7RAPvh8jKoV6Xud9mOVRriYgy/VnRwNXyr9uspqrnZAbz4Cf/B13on863dlG9gYzk8NViPdaqTAxW9VTiEIwfLflvO1lO+W3OgjpWMb/rUVUDZvhOju4xFZJywfzsG2dUdkZvFZyslK5nVVq5dNWMa7pNE2ZaWDHhAfyHxFXI0OsJA2AR/cwSzkuclvIRWgz0m3zHhlSlFktslPEaAiJFUF6n7c0NDBBaIu1JqDy33/R5s6dcTo/Mc15mZRy/8MmjtlSOBanVu//fJSHmrYVIUaoqHDs7ht3FkiLdHxSLY47kUTu8wE3QXx6taJHLielr16pmZhI+AumrVrytoPgDuYTjdvGgzjdoVpgLR2KS7wfY4gDg4ywqVk9nmwmUeJOYLvl3IZwTtS4/Y9ZsMQnXpnBPB0lEG06QyZoRAj357Uam8qXxFp6Ee5Uwi/dpldyXBhlZHK45FEEtNFmxJaRY4lm9YUMacnABVhAHnWXovdyE4b9skclN9S+e+YP3qW9IM2VgpT76D+ALMQIS1T01rOnebGjX97x+wh7df83g+A1JfiM5b7HjkSW07XGU2NCpdaR3mOrdG8xXxnTtvFNrCqazlF0GQppLcjZz8IlF4ipql/NkerURKv9LwVh/CZeReHXXABy4N1qg+4ZF38lYZ8ALKYEWxMmPpBXUOV9ZTbtLRv4Hs83uQrofxBo8XVINQuxBuHldZERli+ln7ReFTYAujW9Y6Yj4jLEDtI1XYHGpxVUFRrIFkatw55mTcvE4nKfjRQGUThAkMi+Uuierj8qnWjHuLKe79M9yXY6F7dzUKG1ETqiNkLHNx4ONWDIRVpfnMi8G0v1EnpPsl+n3T8TXEItpOuP/VHc8wV58C2Q7sstLUruy7e9Cr9prBlaP6gl46B763kr0wYTYTuklRpSk3E9hV/ksSd3k6KdMKBSVt7gZ1XuH2FVgHHiM5urjWa0wrEb7lC0R+Kkx+b+etcMHjkwLgDSMSD/1axKDFseIREgvsVa1Z3wgo7QpAw0jzKGoh5hqcvgW+hPMLOBZml+BPh793A36lZhLOXZNCHXKUSsgUT2e/3b/IC8+fZM7DNauNmZl1xPCNIT/UyZ8bzg==",
      "type": "string",
      "sensitive": true
    },
    "onprem_subnet_id": {
      "value": "subnet-0a62de49fa1420ecc",
      "type": "string"
    },
    "ssh_command": {
      "value": "ssh -i ~/.ssh/burstlab-key.pem rocky@52.33.58.129",
      "type": "string"
    },
    "vpc_id": {
      "value": "vpc-0f0c65ebe9bbe0cfd",
      "type": "string"
    }
  },
  "resources": [
    {
      "mode": "managed",
      "type": "random_bytes",
      "name": "munge_key",
      "provider": "provider[\"registry.terraform.io/hashicorp/random\"]",
      "instances": [
        {
          "schema_version": 0,
          "attributes": {
            "base64": "KVZNoyTaAEo5+WVyiCZISlQu61/BF/rQjyWsM83CSmaCWDiQiqa59s02+0Wjt4BZR6Oa9mBjZ5VrcvjBQ8M4/qch3RpFWSNJL7Bf/ObWuIVdMe4r4FHCIrD0mkvJEBIs1AHS2OPWUGSmgUeoLxAmIYRcNdUDHq4MBiGVXk6XkGid/i5sThlT8HrrZpw7kyeg19NuSIWPbeei/IGKcbVFPrFF6QlBbXxeIIyL685V250DjasoCi/oUspZ0HbK1Q7RAPvh8jKoV6Xud9mOVRriYgy/VnRwNXyr9uspqrnZAbz4Cf/B13on863dlG9gYzk8NViPdaqTAxW9VTiEIwfLflvO1lO+W3OgjpWMb/rUVUDZvhOju4xFZJywfzsG2dUdkZvFZyslK5nVVq5dNWMa7pNE2ZaWDHhAfyHxFXI0OsJA2AR/cwSzkuclvIRWgz0m3zHhlSlFktslPEaAiJFUF6n7c0NDBBaIu1JqDy33/R5s6dcTo/Mc15mZRy/8MmjtlSOBanVu//fJSHmrYVIUaoqHDs7ht3FkiLdHxSLY47kUTu8wE3QXx6taJHLielr16pmZhI+AumrVrytoPgDuYTjdvGgzjdoVpgLR2KS7wfY4gDg4ywqVk9nmwmUeJOYLvl3IZwTtS4/Y9ZsMQnXpnBPB0lEG06QyZoRAj357Uam8qXxFp6Ee5Uwi/dpldyXBhlZHK45FEEtNFmxJaRY4lm9YUMacnABVhAHnWXovdyE4b9skclN9S+e+YP3qW9IM2VgpT76D+ALMQIS1T01rOnebGjX97x+wh7df83g+A1JfiM5b7HjkSW07XGU2NCpdaR3mOrdG8xXxnTtvFNrCqazlF0GQppLcjZz8IlF4ipql/NkerURKv9LwVh/CZeReHXXABy4N1qg+4ZF38lYZ8ALKYEWxMmPpBXUOV9ZTbtLRv4Hs83uQrofxBo8XVINQuxBuHldZERli+ln7ReFTYAujW9Y6Yj4jLEDtI1XYHGpxVUFRrIFkatw55mTcvE4nKfjRQGUThAkMi+Uuierj8qnWjHuLKe79M9yXY6F7dzUKG1ETqiNkLHNx4ONWDIRVpfnMi8G0v1EnpPsl+n3T8TXEItpOuP/VHc8wV58C2Q7sstLUruy7e9Cr9prBlaP6gl46B763kr0wYTYTuklRpSk3E9hV/ksSd3k6KdMKBSVt7gZ1XuH2FVgHHiM5urjWa0wrEb7lC0R+Kkx+b+etcMHjkwLgDSMSD/1axKDFseIREgvsVa1Z3wgo7QpAw0jzKGoh5hqcvgW+hPMLOBZml+BPh793A36lZhLOXZNCHXKUSsgUT2e/3b/IC8+fZM7DNauNmZl1xPCNIT/UyZ8bzg==",
            "hex": "29564da324da004a39f965728826484a542eeb5fc117fad08f25ac33cdc24a66825838908aa6b9f6cd36fb45a3b7805947a39af6606367956b72f8c143c338fea721dd1a455923492fb05ffce6d6b8855d31ee2be051c222b0f49a4bc910122cd401d2d8e3d65064a68147a82f102621845c35d5031eae0c0621955e4e9790689dfe2e6c4e1953f07aeb669c3b9327a0d7d36e48858f6de7a2fc818a71b5453eb145e909416d7c5e208c8bebce55db9d038dab280a2fe852ca59d076cad50ed100fbe1f232a857a5ee77d98e551ae2620cbf567470357cabf6eb29aab9d901bcf809ffc1d77a27f3addd946f6063393c35588f75aa930315bd5538842307cb7e5bced653be5b73a08e958c6ffad45540d9be13a3bb8c45649cb07f3b06d9d51d919bc5672b252b99d556ae5d35631aee9344d996960c78407f21f11572343ac240d8047f7304b392e725bc8456833d26df31e195294592db253c468088915417a9fb734343041688bb526a0f2df7fd1e6ce9d713a3f31cd79999472ffc3268ed9523816a756efff7c94879ab6152146a8a870ecee1b7716488b747c522d8e3b9144eef30137417c7ab5a2472e27a5af5ea9999848f80ba6ad5af2b683e00ee6138ddbc68338dda15a602d1d8a4bbc1f638803838cb0a9593d9e6c2651e24e60bbe5dc86704ed4b8fd8f59b0c4275e99c13c1d25106d3a4326684408f7e7b51a9bca97c45a7a11ee54c22fdda657725c18656472b8e45104b4d166c49691638966f5850c69c9c00558401e7597a2f7721386fdb2472537d4be7be60fdea5bd20cd958294fbe83f802cc4084b54f4d6b3a779b1a35fdef1fb087b75ff3783e03525f88ce5bec78e4496d3b5c6536342a5d691de63ab746f315f19d3b6f14dac2a9ace5174190a692dc8d9cfc2251788a9aa5fcd91ead444abfd2f0561fc265e45e1d75c0072e0dd6a83ee19177f25619f002ca6045b13263e905750e57d6536ed2d1bf81ecf37b90ae87f1068f17548350bb106e1e5759111962fa59fb45e153600ba35bd63a623e232c40ed2355d81c6a71554151ac81646adc39e664dcbc4e2729f8d140651384090c8be52e89eae3f2a9d68c7b8b29eefd33dc9763a17b77350a1b5113aa23642c7371e0e3560c8455a5f9cc8bc1b4bf5127a4fb25fa7dd3f135c422da4eb8ffd51dcf30579f02d90eecb2d2d4aeecbb7bd0abf69ac195a3fa825e3a07beb792bd30613613ba4951a5293713d855fe4b1277793a29d30a05256dee06755ee1f61558071e2339bab8d66b4c2b11bee50b447e2a4c7e6fe7ad70c1e39302e00d23120ffd5ac4a0c5b1e211120bec55ad59df0828ed0a40c348f3286a21e61a9cbe05be84f30b38166697e04f87bf77037ea56612ce5d93421d72944ac8144f67bfddbfc80bcf9f64cec335ab8d999975c4f08d213fd4c99f1bce",
            "keepers": null,
            "length": 1024
          },
          "sensitive_attributes": [
            [
              {
                "type": "get_attr",
                "value": "base64"
              }
            ],
            [
              {
                "type": "get_attr",
                "value": "hex"
              }
            ]
          ],
          "identity_schema_version": 0
        }
      ]
    },
    {
      "mode": "managed",
      "type": "random_password",
      "name": "slurmdbd_db",
      "provider": "provider[\"registry.terraform.io/hashicorp/random\"]",
      "instances": [
        {
          "schema_version": 3,
          "attributes": {
            "bcrypt_hash": "$2a$10$kpFSXDcYXY2B4bNvkz157e5YC3vTxJYOcjFOmPDzTf2Oe.h.f5j/S",
            "id": "none",
            "keepers": null,
            "length": 24,
            "lower": true,
            "min_lower": 0,
            "min_numeric": 0,
            "min_special": 0,
            "min_upper": 0,
            "number": true,
            "numeric": true,
            "override_special": null,
            "result": "7VnY8ZvlWc1SyWfXbYcsZXzP",
            "special": false,
            "upper": true
          },
          "sensitive_attributes": [
            [
              {
                "type": "get_attr",
                "value": "bcrypt_hash"
              }
            ],
            [
              {
                "type": "get_attr",
                "value": "result"
              }
            ]
          ],
          "identity_schema_version": 0
        }
      ]
    },
    {
      "module": "module.burst_config",
      "mode": "managed",
      "type": "aws_launch_template",
      "name": "burst",
      "provider": "provider[\"registry.terraform.io/hashicorp/aws\"]",
      "instances": [
        {
          "schema_version": 0,
          "attributes": {
            "arn": "arn:aws:ec2:us-west-2:942542972736:launch-template/lt-0cd3b1b81a5555a83",
            "block_device_mappings": [
              {
                "device_name": "/dev/sda1",
                "ebs": [
                  {
                    "delete_on_termination": "true",
                    "encrypted": "",
                    "iops": 0,
                    "kms_key_id": "",
                    "snapshot_id": "",
                    "throughput": 0,
                    "volume_initialization_rate": 0,
                    "volume_size": 30,
                    "volume_type": "gp3"
                  }
                ],
                "no_device": "",
                "virtual_name": ""
              }
            ],
            "capacity_reservation_specification": [],
            "cpu_options": [],
            "credit_specification": [],
            "default_version": 1,
            "description": "Launch template for BurstLab burst nodes — used by aws-plugin-for-slurm EC2 Fleet calls",
            "disable_api_stop": false,
            "disable_api_termination": false,
            "ebs_optimized": "",
            "elastic_gpu_specifications": [],
            "elastic_inference_accelerator": [],
            "enclave_options": [],
            "hibernation_options": [],
            "iam_instance_profile": [
              {
                "arn": "",
                "name": "burstlab-gen1-burst-node-profile"
              }
            ],
            "id": "lt-0cd3b1b81a5555a83",
            "image_id": "ami-06435bc8a2c0a8e5a",
            "instance_initiated_shutdown_behavior": "",
            "instance_market_options": [],
            "instance_requirements": [],
            "instance_type": "m7a.xlarge",
            "kernel_id": "",
            "key_name": "burstlab-key",
            "latest_version": 2,
            "license_specification": [],
            "maintenance_options": [],
            "metadata_options": [
              {
                "http_endpoint": "enabled",
                "http_protocol_ipv6": "",
                "http_put_response_hop_limit": 1,
                "http_tokens": "required",
                "instance_metadata_tags": "enabled"
              }
            ],
            "monitoring": [],
            "name": "burstlab-gen1-burst-node-lt",
            "name_prefix": "",
            "network_interfaces": [],
            "placement": [],
            "private_dns_name_options": [],
            "ram_disk_id": "",
            "security_group_names": [],
            "tag_specifications": [
              {
                "resource_type": "instance",
                "tags": {
                  "Generation": "gen1",
                  "ManagedBy": "terraform",
                  "Name": "burstlab-gen1-burst-node",
                  "Project": "burstlab",
                  "Role": "burst-node"
                }
              },
              {
                "resource_type": "volume",
                "tags": {
                  "Generation": "gen1",
                  "ManagedBy": "terraform",
                  "Name": "burstlab-gen1-burst-node-root",
                  "Project": "burstlab"
                }
              }
            ],
            "tags": {
              "Generation": "gen1",
              "ManagedBy": "terraform",
              "Name": "burstlab-gen1-burst-node-lt",
              "Project": "burstlab"
            },
            "tags_all": {
              "Generation": "gen1",
              "ManagedBy": "terraform",
              "Name": "burstlab-gen1-burst-node-lt",
              "Project": "burstlab"
            },
            "update_default_version": null,
            "user_data": "IyEvYmluL2Jhc2gKIyA9PT09PT09PT09PT09PT09PT09PT09PT09PT09PT09PT09PT09PT09PT09PT09PT09PT09PT09PT09PT09PT09PT09PT09PT09PT09PQojIGJ1cnN0LW5vZGUtaW5pdC5zaCDigJQgQnVyc3RMYWIgR2VuIDEgYnVyc3Qgbm9kZSBjbG91ZC1pbml0CiMKIyBUaGlzIHNjcmlwdCBydW5zIG9uIEVDMiBpbnN0YW5jZXMgbGF1bmNoZWQgYnkgUGx1Z2luIHYyIChyZXN1bWUucHkpLgojIFRoZSBpbnN0YW5jZSBpcyBuYW1lZCBjbG91ZC1idXJzdC1OIGJ5IHJlc3VtZS5weSAodmlhIEVDMiBOYW1lIHRhZykuCiMgSU1EUyB0YWcgYWNjZXNzIChJbnN0YW5jZU1ldGFkYXRhVGFncz1lbmFibGVkKSBpcyBzZXQgaW4gdGhlIGxhdW5jaCB0ZW1wbGF0ZS4KIwojIFdoYXQgdGhpcyBzY3JpcHQgZG9lczoKIyAgIDEuIEZpeCBDZW50T1MgOCBFT0wgcmVwb3MKIyAgIDIuIFJlYWQgU0xVUk1fTk9ERU5BTUUgZnJvbSBFQzIgTmFtZSB0YWcgdmlhIElNRFMKIyAgIDMuIFNldCBob3N0bmFtZSB0byBtYXRjaCBTbHVybSBub2RlIG5hbWUKIyAgIDQuIEFkZCAvZXRjL2hvc3RzIGVudHJpZXMgZm9yIGNsdXN0ZXIgbm9kZXMKIyAgIDUuIE1vdW50IEVGUzogL2hvbWUgYW5kIC9vcHQvc2x1cm0KIyAgIDYuIENvcHkgbXVuZ2Uga2V5IGZyb20gRUZTLCBzdGFydCBtdW5nZQojICAgNy4gU3RhcnQgc2x1cm1kIC1OICRTTFVSTV9OT0RFTkFNRQojCiMgVGVycmFmb3JtIHRlbXBsYXRlZmlsZSgpIHN1YnN0aXR1dGlvbnMg4oCUIHNlZSBBTExDQVBTIHZhcnMgcmVwbGFjZWQgYXQgZGVwbG95IHRpbWUuCiMgPT09PT09PT09PT09PT09PT09PT09PT09PT09PT09PT09PT09PT09PT09PT09PT09PT09PT09PT09PT09PT09PT09PT09PT09PT09PT0KCnNldCAtZXVvIHBpcGVmYWlsCmV4ZWMgPiA+KHRlZSAvdmFyL2xvZy9idXJzdGxhYi1pbml0LmxvZykgMj4mMQplY2hvICI9PT0gQnVyc3RMYWIgYnVyc3Qgbm9kZSBpbml0IHN0YXJ0ZWQ6ICQoZGF0ZSkgPT09IgoKIyAtLS0tLS0tLS0tLS0tLS0tLS0tLS0tLS0tLS0tLS0tLS0tLS0tLS0tLS0tLS0tLS0tLS0tLS0tLS0tLS0tLS0tLS0tLS0tLS0tLS0tLQojIDEuIEZpeCByZXBvcyBpZiBuZWVkZWQgKENlbnRPUyA4IG9ubHkg4oCUIFJvY2t5IDggcmVwb3MgYXJlIGFjdGl2ZSkKIyAtLS0tLS0tLS0tLS0tLS0tLS0tLS0tLS0tLS0tLS0tLS0tLS0tLS0tLS0tLS0tLS0tLS0tLS0tLS0tLS0tLS0tLS0tLS0tLS0tLS0tLQpPU19JRD0kKC4gL2V0Yy9vcy1yZWxlYXNlICYmIGVjaG8gIiRJRCIpCmlmIFsgIiRPU19JRCIgPSAiY2VudG9zIiBdOyB0aGVuCiAgc2VkIC1pICdzL21pcnJvcmxpc3QvI21pcnJvcmxpc3QvZycgL2V0Yy95dW0ucmVwb3MuZC9DZW50T1MtKi5yZXBvCiAgc2VkIC1pICdzfCNiYXNldXJsPWh0dHA6Ly9taXJyb3IuY2VudG9zLm9yZ3xiYXNldXJsPWh0dHA6Ly92YXVsdC5jZW50b3Mub3JnfGcnIC9ldGMveXVtLnJlcG9zLmQvQ2VudE9TLSoucmVwbwogIGRuZiBjbGVhbiBhbGwKZmkKCiMgLS0tLS0tLS0tLS0tLS0tLS0tLS0tLS0tLS0tLS0tLS0tLS0tLS0tLS0tLS0tLS0tLS0tLS0tLS0tLS0tLS0tLS0tLS0tLS0tLS0tLS0KIyAyLiBSZWFkIG5vZGUgbmFtZSBmcm9tIEVDMiBOYW1lIHRhZwojIEluc3RhbmNlTWV0YWRhdGFUYWdzPWVuYWJsZWQgaXMgc2V0IGluIHRoZSBsYXVuY2ggdGVtcGxhdGUuCiMgcmVzdW1lLnB5IHNldHMgdGhlIE5hbWUgdGFnIHRvIGNsb3VkLWJ1cnN0LU4gYmVmb3JlIHRoZSBpbnN0YW5jZSBzdGFydHMuCiMgVGhpcyBpcyBob3cgc2x1cm1kIGtub3dzIHdoYXQgbmFtZSB0byByZWdpc3RlciB1bmRlci4KIyAtLS0tLS0tLS0tLS0tLS0tLS0tLS0tLS0tLS0tLS0tLS0tLS0tLS0tLS0tLS0tLS0tLS0tLS0tLS0tLS0tLS0tLS0tLS0tLS0tLS0tLQpUT0tFTj0kKGN1cmwgLXNYIFBVVCAiaHR0cDovLzE2OS4yNTQuMTY5LjI1NC9sYXRlc3QvYXBpL3Rva2VuIiBcCiAgLUggIlgtYXdzLWVjMi1tZXRhZGF0YS10b2tlbi10dGwtc2Vjb25kczogMzAwIikKCmZvciBhdHRlbXB0IGluICQoc2VxIDEgMTApOyBkbwogIFNMVVJNX05PREVOQU1FPSQoY3VybCAtc2YgXAogICAgLUggIlgtYXdzLWVjMi1tZXRhZGF0YS10b2tlbjogJFRPS0VOIiBcCiAgICAiaHR0cDovLzE2OS4yNTQuMTY5LjI1NC9sYXRlc3QvbWV0YS1kYXRhL3RhZ3MvaW5zdGFuY2UvTmFtZSIpICYmIGJyZWFrIHx8IHsKICAgIGVjaG8gIklNRFMgdGFnIHJlYWQgYXR0ZW1wdCAkYXR0ZW1wdCBmYWlsZWQsIHJldHJ5aW5nIGluIDVzLi4uIgogICAgc2xlZXAgNQogIH0KZG9uZQoKaWYgWyAteiAiJFNMVVJNX05PREVOQU1FIiBdOyB0aGVuCiAgZWNobyAiRkFUQUw6IGNvdWxkIG5vdCBkZXRlcm1pbmUgU0xVUk1fTk9ERU5BTUUgZnJvbSBFQzIgTmFtZSB0YWciCiAgZXhpdCAxCmZpCmVjaG8gIlNMVVJNX05PREVOQU1FOiAkU0xVUk1fTk9ERU5BTUUiCgojIEV4cG9ydCBmb3Igc2x1cm1kIHN5c3RlbWQgdW5pdAplY2hvICJTTFVSTV9OT0RFTkFNRT0kU0xVUk1fTk9ERU5BTUUiID4gL2V0Yy9zeXNjb25maWcvc2x1cm1kCgojIC0tLS0tLS0tLS0tLS0tLS0tLS0tLS0tLS0tLS0tLS0tLS0tLS0tLS0tLS0tLS0tLS0tLS0tLS0tLS0tLS0tLS0tLS0tLS0tLS0tLS0tCiMgMy4gU2V0IGhvc3RuYW1lIHRvIG1hdGNoIFNsdXJtIG5vZGUgbmFtZQojIFNsdXJtIHJlc29sdmVzIG5vZGUgbmFtZXMgdmlhIC9ldGMvaG9zdHMuIFRoZSBuYW1lIG11c3QgbWF0Y2ggTm9kZU5hbWUgaW4KIyBzbHVybS5jb25mIGV4YWN0bHkgb3Igc2x1cm1kIHdpbGwgZmFpbCB0byByZWdpc3Rlci4KIyAtLS0tLS0tLS0tLS0tLS0tLS0tLS0tLS0tLS0tLS0tLS0tLS0tLS0tLS0tLS0tLS0tLS0tLS0tLS0tLS0tLS0tLS0tLS0tLS0tLS0tLQpob3N0bmFtZWN0bCBzZXQtaG9zdG5hbWUgIiRTTFVSTV9OT0RFTkFNRSIKZWNobyAiMTI3LjAuMC4xICRTTFVSTV9OT0RFTkFNRSIgPj4gL2V0Yy9ob3N0cwoKIyAtLS0tLS0tLS0tLS0tLS0tLS0tLS0tLS0tLS0tLS0tLS0tLS0tLS0tLS0tLS0tLS0tLS0tLS0tLS0tLS0tLS0tLS0tLS0tLS0tLS0tLQojIDQuIEFkZCAvZXRjL2hvc3RzIGVudHJpZXMgZm9yIGNsdXN0ZXIgbm9kZXMKIyBCdXJzdCBub2RlcyBuZWVkIHRvIHJlc29sdmUgaGVhZG5vZGUgdG8gcmVhY2ggc2x1cm1jdGxkIChwb3J0IDY4MTcpLgojIC0tLS0tLS0tLS0tLS0tLS0tLS0tLS0tLS0tLS0tLS0tLS0tLS0tLS0tLS0tLS0tLS0tLS0tLS0tLS0tLS0tLS0tLS0tLS0tLS0tLS0tCmVjaG8gIjEwLjAuMC4xMCBoZWFkbm9kZSIgPj4gL2V0Yy9ob3N0cwoKIyAtLS0tLS0tLS0tLS0tLS0tLS0tLS0tLS0tLS0tLS0tLS0tLS0tLS0tLS0tLS0tLS0tLS0tLS0tLS0tLS0tLS0tLS0tLS0tLS0tLS0tLQojIDUuIE1vdW50IEVGUwojIEJ1cnN0IG5vZGVzIGFyZSBpbiB0aGUgY2xvdWQgc3VibmV0cywgd2hpY2ggaGF2ZSBFRlMgbW91bnQgdGFyZ2V0cy4KIyBSb3V0ZSB0byBoZWFkIG5vZGUgKE5BVCkgaXMgaGFuZGxlZCBieSB0aGUgVlBDIHJvdXRlIHRhYmxlLgojIC0tLS0tLS0tLS0tLS0tLS0tLS0tLS0tLS0tLS0tLS0tLS0tLS0tLS0tLS0tLS0tLS0tLS0tLS0tLS0tLS0tLS0tLS0tLS0tLS0tLS0tCm1rZGlyIC1wIC91IC9vcHQvc2x1cm0KCmVjaG8gImZzLTA0MDc1ZmJiM2JhMGQ2NjU4LmVmcy51cy13ZXN0LTIuYW1hem9uYXdzLmNvbTovIC91IG5mczQgX25ldGRldixuZnN2ZXJzPTQuMSxyc2l6ZT0xMDQ4NTc2LHdzaXplPTEwNDg1NzYsaGFyZCx0aW1lbz02MDAscmV0cmFucz0yLG5vcmVzdnBvcnQsbm9mYWlsLHgtc3lzdGVtZC5yZXF1aXJlcz1uZXR3b3JrLW9ubGluZS50YXJnZXQseC1zeXN0ZW1kLmFmdGVyPW5ldHdvcmstb25saW5lLnRhcmdldCAwIDAiID4+IC9ldGMvZnN0YWIKZWNobyAiZnMtMDQwNzVmYmIzYmEwZDY2NTguZWZzLnVzLXdlc3QtMi5hbWF6b25hd3MuY29tOi9zbHVybSAvb3B0L3NsdXJtIG5mczQgX25ldGRldixuZnN2ZXJzPTQuMSxyc2l6ZT0xMDQ4NTc2LHdzaXplPTEwNDg1NzYsaGFyZCx0aW1lbz02MDAscmV0cmFucz0yLG5vcmVzdnBvcnQsbm9mYWlsLHgtc3lzdGVtZC5yZXF1aXJlcz1uZXR3b3JrLW9ubGluZS50YXJnZXQseC1zeXN0ZW1kLmFmdGVyPW5ldHdvcmstb25saW5lLnRhcmdldCAwIDAiID4+IC9ldGMvZnN0YWIKCmZvciBkaXIgaW4gL3UgL29wdC9zbHVybTsgZG8KICBmb3IgYXR0ZW1wdCBpbiAkKHNlcSAxIDEwKTsgZG8KICAgIG1vdW50ICIkZGlyIiAmJiBicmVhayB8fCB7CiAgICAgIGVjaG8gIkVGUyBtb3VudCBhdHRlbXB0ICRhdHRlbXB0IGZvciAkZGlyIGZhaWxlZCwgcmV0cnlpbmcgaW4gMTBzLi4uIgogICAgICBzbGVlcCAxMAogICAgfQogIGRvbmUKICBtb3VudHBvaW50IC1xICIkZGlyIiB8fCB7IGVjaG8gIkZBVEFMOiBjb3VsZCBub3QgbW91bnQgJGRpciI7IGV4aXQgMTsgfQpkb25lCgojIFdhaXQgZm9yIC9vcHQvc2x1cm0gdG8gYmUgcG9wdWxhdGVkIChoZWFkIG5vZGUgbWF5IHN0aWxsIGJlIGluaXRpYWxpemluZykKZWNobyAiV2FpdGluZyBmb3IgL29wdC9zbHVybS8uYnVyc3RsYWItcG9wdWxhdGVkLi4uIgpmb3IgYXR0ZW1wdCBpbiAkKHNlcSAxIDIwKTsgZG8KICBbIC1mIC9vcHQvc2x1cm0vLmJ1cnN0bGFiLXBvcHVsYXRlZCBdICYmIGJyZWFrCiAgZWNobyAiQXR0ZW1wdCAkYXR0ZW1wdDogd2FpdGluZyAxNXMuLi4iCiAgc2xlZXAgMTUKZG9uZQpbIC1mIC9vcHQvc2x1cm0vLmJ1cnN0bGFiLXBvcHVsYXRlZCBdIHx8IHsgZWNobyAiRkFUQUw6IC9vcHQvc2x1cm0gbmV2ZXIgcG9wdWxhdGVkIjsgZXhpdCAxOyB9CgojIENyZWF0ZSBsb2NhbCBzcG9vbCBkaXIgKG11c3QgTk9UIGJlIG9uIEVGUyDigJQgZWFjaCBub2RlIG93bnMgaXRzIG93biBzcG9vbCkKbWtkaXIgLXAgL3Zhci9zcG9vbC9zbHVybS9kIC92YXIvbG9nL3NsdXJtCmNob3duIHNsdXJtOnNsdXJtIC92YXIvc3Bvb2wvc2x1cm0vZCAvdmFyL2xvZy9zbHVybQoKIyAtLS0tLS0tLS0tLS0tLS0tLS0tLS0tLS0tLS0tLS0tLS0tLS0tLS0tLS0tLS0tLS0tLS0tLS0tLS0tLS0tLS0tLS0tLS0tLS0tLS0tLQojIDYuIENvbmZpZ3VyZSBtdW5nZQojIC0tLS0tLS0tLS0tLS0tLS0tLS0tLS0tLS0tLS0tLS0tLS0tLS0tLS0tLS0tLS0tLS0tLS0tLS0tLS0tLS0tLS0tLS0tLS0tLS0tLS0tCmNwIC9vcHQvc2x1cm0vZXRjL211bmdlL211bmdlLmtleSAvZXRjL211bmdlL211bmdlLmtleQpjaG93biBtdW5nZTptdW5nZSAvZXRjL211bmdlL211bmdlLmtleQpjaG1vZCAwNDAwIC9ldGMvbXVuZ2UvbXVuZ2Uua2V5CgpzeXN0ZW1jdGwgZW5hYmxlIG11bmdlCnN5c3RlbWN0bCBzdGFydCBtdW5nZQpzeXN0ZW1jdGwgaXMtYWN0aXZlIG11bmdlIHx8IHsgZWNobyAiRkFUQUw6IG11bmdlIGZhaWxlZCI7IGV4aXQgMTsgfQoKIyBWZXJpZnkgbXVuZ2UgY29ubmVjdGl2aXR5IHRvIGhlYWQgbm9kZQpmb3IgYXR0ZW1wdCBpbiAkKHNlcSAxIDUpOyBkbwogIG11bmdlIC1uIHwgdW5tdW5nZSAtcyBoZWFkbm9kZSAmJiBicmVhayB8fCB7CiAgICBlY2hvICJNdW5nZSBjb25uZWN0aXZpdHkgYXR0ZW1wdCAkYXR0ZW1wdCBmYWlsZWQsIHJldHJ5aW5nLi4uIgogICAgc2xlZXAgMTAKICB9CmRvbmUKCiMgLS0tLS0tLS0tLS0tLS0tLS0tLS0tLS0tLS0tLS0tLS0tLS0tLS0tLS0tLS0tLS0tLS0tLS0tLS0tLS0tLS0tLS0tLS0tLS0tLS0tLS0KIyA3LiBTdGFydCBzbHVybWQKIyBUaGUgLU4gZmxhZyBpcyBjcml0aWNhbCDigJQgaXQgdGVsbHMgc2x1cm1kIHRvIHJlZ2lzdGVyIGFzIGNsb3VkLWJ1cnN0LU4sCiMgd2hpY2ggbWF0Y2hlcyB0aGUgTm9kZU5hbWU9IGluIHNsdXJtLmNvbmYgdGhhdCBzbHVybWN0bGQgaXMgZXhwZWN0aW5nLgojIFdpdGhvdXQgLU4sIHNsdXJtZCB1c2VzIHRoZSBPUyBob3N0bmFtZSwgd2hpY2ggbWF5IGRpZmZlciBvciBub3QgYmUgaW4gY29uZi4KIyAtLS0tLS0tLS0tLS0tLS0tLS0tLS0tLS0tLS0tLS0tLS0tLS0tLS0tLS0tLS0tLS0tLS0tLS0tLS0tLS0tLS0tLS0tLS0tLS0tLS0tLQoKIyBPdmVycmlkZSB0aGUgc3lzdGVtZCB1bml0IHRvIHBhc3MgdGhlIGNvcnJlY3Qgbm9kZSBuYW1lCm1rZGlyIC1wIC9ldGMvc3lzdGVtZC9zeXN0ZW0vc2x1cm1kLnNlcnZpY2UuZApjYXQgPiAvZXRjL3N5c3RlbWQvc3lzdGVtL3NsdXJtZC5zZXJ2aWNlLmQvbm9kZW5hbWUuY29uZiA8PCBFT0YKW1NlcnZpY2VdCkVudmlyb25tZW50RmlsZT0vZXRjL3N5c2NvbmZpZy9zbHVybWQKRXhlY1N0YXJ0PQpFeGVjU3RhcnQ9L29wdC9zbHVybS9zYmluL3NsdXJtZCAtTiBcJFNMVVJNX05PREVOQU1FIC1EIFwkU0xVUk1EX09QVElPTlMKRU9GCnN5c3RlbWN0bCBkYWVtb24tcmVsb2FkCgpzeXN0ZW1jdGwgZW5hYmxlIHNsdXJtZApzeXN0ZW1jdGwgc3RhcnQgc2x1cm1kCgpzbGVlcCAzCnN5c3RlbWN0bCBpcy1hY3RpdmUgc2x1cm1kIHx8IHsKICBlY2hvICJGQVRBTDogc2x1cm1kIGZhaWxlZCB0byBzdGFydCIKICBqb3VybmFsY3RsIC11IHNsdXJtZCAtLW5vLXBhZ2VyIC1uIDMwCiAgZXhpdCAxCn0KCmVjaG8gIj09PSBCdXJzdExhYiBidXJzdCBub2RlICRTTFVSTV9OT0RFTkFNRSBpbml0IGNvbXBsZXRlOiAkKGRhdGUpID09PSIK",
            "vpc_security_group_ids": [
              "sg-0afcbecb73226db6d"
            ]
          },
          "sensitive_attributes": [
            [
              {
                "type": "get_attr",
                "value": "user_data"
              }
            ]
          ],
          "identity_schema_version": 0,
          "private": "bnVsbA==",
          "dependencies": [
            "module.iam.aws_iam_instance_profile.burst_node",
            "module.iam.aws_iam_role.burst_node",
            "module.iam.data.aws_iam_policy_document.burst_node_assume_role",
            "module.shared_storage.aws_efs_access_point.home",
            "module.shared_storage.aws_efs_access_point.slurm",
            "module.shared_storage.aws_efs_file_system.main",
            "module.vpc.aws_security_group.burst_node",
            "module.vpc.aws_vpc.main",
            "random_bytes.munge_key"
          ]
        }
      ]
    },
    {
      "module": "module.compute_nodes",
      "mode": "managed",
      "type": "aws_instance",
      "name": "compute",
      "provider": "provider[\"registry.terraform.io/hashicorp/aws\"]",
      "instances": [
        {
          "index_key": 0,
          "schema_version": 1,
          "attributes": {
            "ami": "ami-06435bc8a2c0a8e5a",
            "arn": "arn:aws:ec2:us-west-2:942542972736:instance/i-008a751481d722ade",
            "associate_public_ip_address": false,
            "availability_zone": "us-west-2a",
            "capacity_reservation_specification": [
              {
                "capacity_reservation_preference": "open",
                "capacity_reservation_target": []
              }
            ],
            "cpu_core_count": 2,
            "cpu_options": [
              {
                "amd_sev_snp": "",
                "core_count": 2,
                "threads_per_core": 1
              }
            ],
            "cpu_threads_per_core": 1,
            "credit_specification": [],
            "disable_api_stop": false,
            "disable_api_termination": false,
            "ebs_block_device": [],
            "ebs_optimized": false,
            "enable_primary_ipv6": null,
            "enclave_options": [
              {
                "enabled": false
              }
            ],
            "ephemeral_block_device": [],
            "get_password_data": false,
            "hibernation": false,
            "host_id": "",
            "host_resource_group_arn": null,
            "iam_instance_profile": "",
            "id": "i-008a751481d722ade",
            "instance_initiated_shutdown_behavior": "stop",
            "instance_lifecycle": "",
            "instance_market_options": [],
            "instance_state": "running",
            "instance_type": "m7a.large",
            "ipv6_address_count": 0,
            "ipv6_addresses": [],
            "key_name": "burstlab-key",
            "launch_template": [],
            "maintenance_options": [
              {
                "auto_recovery": "default"
              }
            ],
            "metadata_options": [
              {
                "http_endpoint": "enabled",
                "http_protocol_ipv6": "disabled",
                "http_put_response_hop_limit": 2,
                "http_tokens": "required",
                "instance_metadata_tags": "disabled"
              }
            ],
            "monitoring": false,
            "network_interface": [],
            "outpost_arn": "",
            "password_data": "",
            "placement_group": "",
            "placement_partition_number": 0,
            "primary_network_interface_id": "eni-02a21bf82dda71ce7",
            "private_dns": "ip-10-0-1-10.us-west-2.compute.internal",
            "private_dns_name_options": [
              {
                "enable_resource_name_dns_a_record": false,
                "enable_resource_name_dns_aaaa_record": false,
                "hostname_type": "ip-name"
              }
            ],
            "private_ip": "10.0.1.10",
            "public_dns": "",
            "public_ip": "",
            "root_block_device": [
              {
                "delete_on_termination": true,
                "device_name": "/dev/sda1",
                "encrypted": false,
                "iops": 3000,
                "kms_key_id": "",
                "tags": {
                  "Generation": "gen1",
                  "ManagedBy": "terraform",
                  "Name": "burstlab-gen1-compute01-root",
                  "Project": "burstlab"
                },
                "tags_all": {
                  "Generation": "gen1",
                  "ManagedBy": "terraform",
                  "Name": "burstlab-gen1-compute01-root",
                  "Project": "burstlab"
                },
                "throughput": 125,
                "volume_id": "vol-015aa8e5c11b99615",
                "volume_size": 30,
                "volume_type": "gp3"
              }
            ],
            "secondary_private_ips": [],
            "security_groups": [],
            "source_dest_check": true,
            "spot_instance_request_id": "",
            "subnet_id": "subnet-0a62de49fa1420ecc",
            "tags": {
              "Generation": "gen1",
              "ManagedBy": "terraform",
              "Name": "burstlab-gen1-compute01",
              "NodeIndex": "1",
              "Project": "burstlab",
              "Role": "compute-node"
            },
            "tags_all": {
              "Generation": "gen1",
              "ManagedBy": "terraform",
              "Name": "burstlab-gen1-compute01",
              "NodeIndex": "1",
              "Project": "burstlab",
              "Role": "compute-node"
            },
            "tenancy": "default",
            "timeouts": null,
            "user_data": "317f0d5ff0cf87e6598adc81dd7464e2355c5c77",
            "user_data_base64": null,
            "user_data_replace_on_change": true,
            "volume_tags": null,
            "vpc_security_group_ids": [
              "sg-0f29d43109b62ca96"
            ]
          },
          "sensitive_attributes": [
            [
              {
                "type": "get_attr",
                "value": "user_data"
              }
            ]
          ],
          "identity_schema_version": 0,
          "private": "eyJlMmJmYjczMC1lY2FhLTExZTYtOGY4OC0zNDM2M2JjN2M0YzAiOnsiY3JlYXRlIjo2MDAwMDAwMDAwMDAsImRlbGV0ZSI6MTIwMDAwMDAwMDAwMCwicmVhZCI6OTAwMDAwMDAwMDAwLCJ1cGRhdGUiOjYwMDAwMDAwMDAwMH0sInNjaGVtYV92ZXJzaW9uIjoiMSJ9",
          "dependencies": [
            "module.shared_storage.aws_efs_access_point.home",
            "module.shared_storage.aws_efs_access_point.slurm",
            "module.shared_storage.aws_efs_file_system.main",
            "module.vpc.aws_security_group.compute_node",
            "module.vpc.aws_subnet.onprem",
            "module.vpc.aws_vpc.main",
            "random_bytes.munge_key"
          ]
        },
        {
          "index_key": 1,
          "schema_version": 1,
          "attributes": {
            "ami": "ami-06435bc8a2c0a8e5a",
            "arn": "arn:aws:ec2:us-west-2:942542972736:instance/i-0de685c5d49b65fa1",
            "associate_public_ip_address": false,
            "availability_zone": "us-west-2a",
            "capacity_reservation_specification": [
              {
                "capacity_reservation_preference": "open",
                "capacity_reservation_target": []
              }
            ],
            "cpu_core_count": 2,
            "cpu_options": [
              {
                "amd_sev_snp": "",
                "core_count": 2,
                "threads_per_core": 1
              }
            ],
            "cpu_threads_per_core": 1,
            "credit_specification": [],
            "disable_api_stop": false,
            "disable_api_termination": false,
            "ebs_block_device": [],
            "ebs_optimized": false,
            "enable_primary_ipv6": null,
            "enclave_options": [
              {
                "enabled": false
              }
            ],
            "ephemeral_block_device": [],
            "get_password_data": false,
            "hibernation": false,
            "host_id": "",
            "host_resource_group_arn": null,
            "iam_instance_profile": "",
            "id": "i-0de685c5d49b65fa1",
            "instance_initiated_shutdown_behavior": "stop",
            "instance_lifecycle": "",
            "instance_market_options": [],
            "instance_state": "running",
            "instance_type": "m7a.large",
            "ipv6_address_count": 0,
            "ipv6_addresses": [],
            "key_name": "burstlab-key",
            "launch_template": [],
            "maintenance_options": [
              {
                "auto_recovery": "default"
              }
            ],
            "metadata_options": [
              {
                "http_endpoint": "enabled",
                "http_protocol_ipv6": "disabled",
                "http_put_response_hop_limit": 2,
                "http_tokens": "required",
                "instance_metadata_tags": "disabled"
              }
            ],
            "monitoring": false,
            "network_interface": [],
            "outpost_arn": "",
            "password_data": "",
            "placement_group": "",
            "placement_partition_number": 0,
            "primary_network_interface_id": "eni-07cbe35106e3bbe13",
            "private_dns": "ip-10-0-1-11.us-west-2.compute.internal",
            "private_dns_name_options": [
              {
                "enable_resource_name_dns_a_record": false,
                "enable_resource_name_dns_aaaa_record": false,
                "hostname_type": "ip-name"
              }
            ],
            "private_ip": "10.0.1.11",
            "public_dns": "",
            "public_ip": "",
            "root_block_device": [
              {
                "delete_on_termination": true,
                "device_name": "/dev/sda1",
                "encrypted": false,
                "iops": 3000,
                "kms_key_id": "",
                "tags": {
                  "Generation": "gen1",
                  "ManagedBy": "terraform",
                  "Name": "burstlab-gen1-compute02-root",
                  "Project": "burstlab"
                },
                "tags_all": {
                  "Generation": "gen1",
                  "ManagedBy": "terraform",
                  "Name": "burstlab-gen1-compute02-root",
                  "Project": "burstlab"
                },
                "throughput": 125,
                "volume_id": "vol-0cf6bf1ae9293ac98",
                "volume_size": 30,
                "volume_type": "gp3"
              }
            ],
            "secondary_private_ips": [],
            "security_groups": [],
            "source_dest_check": true,
            "spot_instance_request_id": "",
            "subnet_id": "subnet-0a62de49fa1420ecc",
            "tags": {
              "Generation": "gen1",
              "ManagedBy": "terraform",
              "Name": "burstlab-gen1-compute02",
              "NodeIndex": "2",
              "Project": "burstlab",
              "Role": "compute-node"
            },
            "tags_all": {
              "Generation": "gen1",
              "ManagedBy": "terraform",
              "Name": "burstlab-gen1-compute02",
              "NodeIndex": "2",
              "Project": "burstlab",
              "Role": "compute-node"
            },
            "tenancy": "default",
            "timeouts": null,
            "user_data": "c873577f61272f10ba304c801ca708c9e7909bb1",
            "user_data_base64": null,
            "user_data_replace_on_change": true,
            "volume_tags": null,
            "vpc_security_group_ids": [
              "sg-0f29d43109b62ca96"
            ]
          },
          "sensitive_attributes": [
            [
              {
                "type": "get_attr",
                "value": "user_data"
              }
            ]
          ],
          "identity_schema_version": 0,
          "private": "eyJlMmJmYjczMC1lY2FhLTExZTYtOGY4OC0zNDM2M2JjN2M0YzAiOnsiY3JlYXRlIjo2MDAwMDAwMDAwMDAsImRlbGV0ZSI6MTIwMDAwMDAwMDAwMCwicmVhZCI6OTAwMDAwMDAwMDAwLCJ1cGRhdGUiOjYwMDAwMDAwMDAwMH0sInNjaGVtYV92ZXJzaW9uIjoiMSJ9",
          "dependencies": [
            "module.shared_storage.aws_efs_access_point.home",
            "module.shared_storage.aws_efs_access_point.slurm",
            "module.shared_storage.aws_efs_file_system.main",
            "module.vpc.aws_security_group.compute_node",
            "module.vpc.aws_subnet.onprem",
            "module.vpc.aws_vpc.main",
            "random_bytes.munge_key"
          ]
        },
        {
          "index_key": 2,
          "schema_version": 1,
          "attributes": {
            "ami": "ami-06435bc8a2c0a8e5a",
            "arn": "arn:aws:ec2:us-west-2:942542972736:instance/i-0b6600c699a6fb8a8",
            "associate_public_ip_address": false,
            "availability_zone": "us-west-2a",
            "capacity_reservation_specification": [
              {
                "capacity_reservation_preference": "open",
                "capacity_reservation_target": []
              }
            ],
            "cpu_core_count": 2,
            "cpu_options": [
              {
                "amd_sev_snp": "",
                "core_count": 2,
                "threads_per_core": 1
              }
            ],
            "cpu_threads_per_core": 1,
            "credit_specification": [],
            "disable_api_stop": false,
            "disable_api_termination": false,
            "ebs_block_device": [],
            "ebs_optimized": false,
            "enable_primary_ipv6": null,
            "enclave_options": [
              {
                "enabled": false
              }
            ],
            "ephemeral_block_device": [],
            "get_password_data": false,
            "hibernation": false,
            "host_id": "",
            "host_resource_group_arn": null,
            "iam_instance_profile": "",
            "id": "i-0b6600c699a6fb8a8",
            "instance_initiated_shutdown_behavior": "stop",
            "instance_lifecycle": "",
            "instance_market_options": [],
            "instance_state": "running",
            "instance_type": "m7a.large",
            "ipv6_address_count": 0,
            "ipv6_addresses": [],
            "key_name": "burstlab-key",
            "launch_template": [],
            "maintenance_options": [
              {
                "auto_recovery": "default"
              }
            ],
            "metadata_options": [
              {
                "http_endpoint": "enabled",
                "http_protocol_ipv6": "disabled",
                "http_put_response_hop_limit": 2,
                "http_tokens": "required",
                "instance_metadata_tags": "disabled"
              }
            ],
            "monitoring": false,
            "network_interface": [],
            "outpost_arn": "",
            "password_data": "",
            "placement_group": "",
            "placement_partition_number": 0,
            "primary_network_interface_id": "eni-03c6e3a1f246d06fe",
            "private_dns": "ip-10-0-1-12.us-west-2.compute.internal",
            "private_dns_name_options": [
              {
                "enable_resource_name_dns_a_record": false,
                "enable_resource_name_dns_aaaa_record": false,
                "hostname_type": "ip-name"
              }
            ],
            "private_ip": "10.0.1.12",
            "public_dns": "",
            "public_ip": "",
            "root_block_device": [
              {
                "delete_on_termination": true,
                "device_name": "/dev/sda1",
                "encrypted": false,
                "iops": 3000,
                "kms_key_id": "",
                "tags": {
                  "Generation": "gen1",
                  "ManagedBy": "terraform",
                  "Name": "burstlab-gen1-compute03-root",
                  "Project": "burstlab"
                },
                "tags_all": {
                  "Generation": "gen1",
                  "ManagedBy": "terraform",
                  "Name": "burstlab-gen1-compute03-root",
                  "Project": "burstlab"
                },
                "throughput": 125,
                "volume_id": "vol-08de40b52e8e6cfb1",
                "volume_size": 30,
                "volume_type": "gp3"
              }
            ],
            "secondary_private_ips": [],
            "security_groups": [],
            "source_dest_check": true,
            "spot_instance_request_id": "",
            "subnet_id": "subnet-0a62de49fa1420ecc",
            "tags": {
              "Generation": "gen1",
              "ManagedBy": "terraform",
              "Name": "burstlab-gen1-compute03",
              "NodeIndex": "3",
              "Project": "burstlab",
              "Role": "compute-node"
            },
            "tags_all": {
              "Generation": "gen1",
              "ManagedBy": "terraform",
              "Name": "burstlab-gen1-compute03",
              "NodeIndex": "3",
              "Project": "burstlab",
              "Role": "compute-node"
            },
            "tenancy": "default",
            "timeouts": null,
            "user_data": "093540e93e7b1026d016652539f79bb4b44c07e1",
            "user_data_base64": null,
            "user_data_replace_on_change": true,
            "volume_tags": null,
            "vpc_security_group_ids": [
              "sg-0f29d43109b62ca96"
            ]
          },
          "sensitive_attributes": [
            [
              {
                "type": "get_attr",
                "value": "user_data"
              }
            ]
          ],
          "identity_schema_version": 0,
          "private": "eyJlMmJmYjczMC1lY2FhLTExZTYtOGY4OC0zNDM2M2JjN2M0YzAiOnsiY3JlYXRlIjo2MDAwMDAwMDAwMDAsImRlbGV0ZSI6MTIwMDAwMDAwMDAwMCwicmVhZCI6OTAwMDAwMDAwMDAwLCJ1cGRhdGUiOjYwMDAwMDAwMDAwMH0sInNjaGVtYV92ZXJzaW9uIjoiMSJ9",
          "dependencies": [
            "module.shared_storage.aws_efs_access_point.home",
            "module.shared_storage.aws_efs_access_point.slurm",
            "module.shared_storage.aws_efs_file_system.main",
            "module.vpc.aws_security_group.compute_node",
            "module.vpc.aws_subnet.onprem",
            "module.vpc.aws_vpc.main",
            "random_bytes.munge_key"
          ]
        },
        {
          "index_key": 3,
          "schema_version": 1,
          "attributes": {
            "ami": "ami-06435bc8a2c0a8e5a",
            "arn": "arn:aws:ec2:us-west-2:942542972736:instance/i-09ddbbf6b2cfd5a56",
            "associate_public_ip_address": false,
            "availability_zone": "us-west-2a",
            "capacity_reservation_specification": [
              {
                "capacity_reservation_preference": "open",
                "capacity_reservation_target": []
              }
            ],
            "cpu_core_count": 2,
            "cpu_options": [
              {
                "amd_sev_snp": "",
                "core_count": 2,
                "threads_per_core": 1
              }
            ],
            "cpu_threads_per_core": 1,
            "credit_specification": [],
            "disable_api_stop": false,
            "disable_api_termination": false,
            "ebs_block_device": [],
            "ebs_optimized": false,
            "enable_primary_ipv6": null,
            "enclave_options": [
              {
                "enabled": false
              }
            ],
            "ephemeral_block_device": [],
            "get_password_data": false,
            "hibernation": false,
            "host_id": "",
            "host_resource_group_arn": null,
            "iam_instance_profile": "",
            "id": "i-09ddbbf6b2cfd5a56",
            "instance_initiated_shutdown_behavior": "stop",
            "instance_lifecycle": "",
            "instance_market_options": [],
            "instance_state": "running",
            "instance_type": "m7a.large",
            "ipv6_address_count": 0,
            "ipv6_addresses": [],
            "key_name": "burstlab-key",
            "launch_template": [],
            "maintenance_options": [
              {
                "auto_recovery": "default"
              }
            ],
            "metadata_options": [
              {
                "http_endpoint": "enabled",
                "http_protocol_ipv6": "disabled",
                "http_put_response_hop_limit": 2,
                "http_tokens": "required",
                "instance_metadata_tags": "disabled"
              }
            ],
            "monitoring": false,
            "network_interface": [],
            "outpost_arn": "",
            "password_data": "",
            "placement_group": "",
            "placement_partition_number": 0,
            "primary_network_interface_id": "eni-02a5a4f6fa0e04cb5",
            "private_dns": "ip-10-0-1-13.us-west-2.compute.internal",
            "private_dns_name_options": [
              {
                "enable_resource_name_dns_a_record": false,
                "enable_resource_name_dns_aaaa_record": false,
                "hostname_type": "ip-name"
              }
            ],
            "private_ip": "10.0.1.13",
            "public_dns": "",
            "public_ip": "",
            "root_block_device": [
              {
                "delete_on_termination": true,
                "device_name": "/dev/sda1",
                "encrypted": false,
                "iops": 3000,
                "kms_key_id": "",
                "tags": {
                  "Generation": "gen1",
                  "ManagedBy": "terraform",
                  "Name": "burstlab-gen1-compute04-root",
                  "Project": "burstlab"
                },
                "tags_all": {
                  "Generation": "gen1",
                  "ManagedBy": "terraform",
                  "Name": "burstlab-gen1-compute04-root",
                  "Project": "burstlab"
                },
                "throughput": 125,
                "volume_id": "vol-026447e18499efbdb",
                "volume_size": 30,
                "volume_type": "gp3"
              }
            ],
            "secondary_private_ips": [],
            "security_groups": [],
            "source_dest_check": true,
            "spot_instance_request_id": "",
            "subnet_id": "subnet-0a62de49fa1420ecc",
            "tags": {
              "Generation": "gen1",
              "ManagedBy": "terraform",
              "Name": "burstlab-gen1-compute04",
              "NodeIndex": "4",
              "Project": "burstlab",
              "Role": "compute-node"
            },
            "tags_all": {
              "Generation": "gen1",
              "ManagedBy": "terraform",
              "Name": "burstlab-gen1-compute04",
              "NodeIndex": "4",
              "Project": "burstlab",
              "Role": "compute-node"
            },
            "tenancy": "default",
            "timeouts": null,
            "user_data": "21a18030eb98be633ba1da9206b08dc4e29fc6eb",
            "user_data_base64": null,
            "user_data_replace_on_change": true,
            "volume_tags": null,
            "vpc_security_group_ids": [
              "sg-0f29d43109b62ca96"
            ]
          },
          "sensitive_attributes": [
            [
              {
                "type": "get_attr",
                "value": "user_data"
              }
            ]
          ],
          "identity_schema_version": 0,
          "private": "eyJlMmJmYjczMC1lY2FhLTExZTYtOGY4OC0zNDM2M2JjN2M0YzAiOnsiY3JlYXRlIjo2MDAwMDAwMDAwMDAsImRlbGV0ZSI6MTIwMDAwMDAwMDAwMCwicmVhZCI6OTAwMDAwMDAwMDAwLCJ1cGRhdGUiOjYwMDAwMDAwMDAwMH0sInNjaGVtYV92ZXJzaW9uIjoiMSJ9",
          "dependencies": [
            "module.shared_storage.aws_efs_access_point.home",
            "module.shared_storage.aws_efs_access_point.slurm",
            "module.shared_storage.aws_efs_file_system.main",
            "module.vpc.aws_security_group.compute_node",
            "module.vpc.aws_subnet.onprem",
            "module.vpc.aws_vpc.main",
            "random_bytes.munge_key"
          ]
        }
      ]
    },
    {
      "module": "module.head_node",
      "mode": "managed",
      "type": "aws_eip",
      "name": "head_node",
      "provider": "provider[\"registry.terraform.io/hashicorp/aws\"]",
      "instances": [
        {
          "schema_version": 0,
          "attributes": {
            "address": null,
            "allocation_id": "eipalloc-07983584c68d33085",
            "arn": "arn:aws:ec2:us-west-2:942542972736:elastic-ip/eipalloc-07983584c68d33085",
            "associate_with_private_ip": null,
            "association_id": "eipassoc-071b6ce5b8048c64f",
            "carrier_ip": "",
            "customer_owned_ip": "",
            "customer_owned_ipv4_pool": "",
            "domain": "vpc",
            "id": "eipalloc-07983584c68d33085",
            "instance": "i-0b6d954e077ae8d54",
            "ipam_pool_id": null,
            "network_border_group": "us-west-2",
            "network_interface": "eni-012b6e089b9e3fcef",
            "private_dns": "ip-10-0-0-10.us-west-2.compute.internal",
            "private_ip": "10.0.0.10",
            "ptr_record": "",
            "public_dns": "ec2-52-33-58-129.us-west-2.compute.amazonaws.com",
            "public_ip": "52.33.58.129",
            "public_ipv4_pool": "amazon",
            "tags": {
              "Generation": "gen1",
              "ManagedBy": "terraform",
              "Name": "burstlab-gen1-head-node-eip",
              "Project": "burstlab"
            },
            "tags_all": {
              "Generation": "gen1",
              "ManagedBy": "terraform",
              "Name": "burstlab-gen1-head-node-eip",
              "Project": "burstlab"
            },
            "timeouts": null,
            "vpc": true
          },
          "sensitive_attributes": [],
          "identity_schema_version": 0,
          "private": "eyJlMmJmYjczMC1lY2FhLTExZTYtOGY4OC0zNDM2M2JjN2M0YzAiOnsiZGVsZXRlIjoxODAwMDAwMDAwMDAsInJlYWQiOjkwMDAwMDAwMDAwMCwidXBkYXRlIjozMDAwMDAwMDAwMDB9fQ=="
        }
      ]
    },
    {
      "module": "module.head_node",
      "mode": "managed",
      "type": "aws_eip_association",
      "name": "head_node",
      "provider": "provider[\"registry.terraform.io/hashicorp/aws\"]",
      "instances": [
        {
          "schema_version": 0,
          "attributes": {
            "allocation_id": "eipalloc-07983584c68d33085",
            "allow_reassociation": null,
            "id": "eipassoc-0f6cc52ce4366f08c",
            "instance_id": "i-09c3ff5eeae394d5d",
            "network_interface_id": "eni-0090d5237ed5b7f1f",
            "private_ip_address": "10.0.0.10",
            "public_ip": "52.33.58.129"
          },
          "sensitive_attributes": [],
          "identity_schema_version": 0,
          "private": "bnVsbA==",
          "dependencies": [
            "module.burst_config.aws_launch_template.burst",
            "module.head_node.aws_eip.head_node",
            "module.head_node.aws_instance.head_node",
            "module.iam.aws_iam_instance_profile.burst_node",
            "module.iam.aws_iam_instance_profile.head_node",
            "module.iam.aws_iam_role.burst_node",
            "module.iam.aws_iam_role.head_node",
            "module.iam.data.aws_iam_policy_document.burst_node_assume_role",
            "module.iam.data.aws_iam_policy_document.head_node_assume_role",
            "module.shared_storage.aws_efs_access_point.home",
            "module.shared_storage.aws_efs_access_point.slurm",
            "module.shared_storage.aws_efs_file_system.main",
            "module.vpc.aws_security_group.burst_node",
            "module.vpc.aws_security_group.head_node",
            "module.vpc.aws_subnet.cloud_a",
            "module.vpc.aws_subnet.cloud_b",
            "module.vpc.aws_subnet.management",
            "module.vpc.aws_subnet.onprem",
            "module.vpc.aws_vpc.main",
            "random_bytes.munge_key",
            "random_password.slurmdbd_db"
          ]
        }
      ]
    },
    {
      "module": "module.head_node",
      "mode": "managed",
      "type": "aws_instance",
      "name": "head_node",
      "provider": "provider[\"registry.terraform.io/hashicorp/aws\"]",
      "instances": [
        {
          "schema_version": 1,
          "attributes": {
            "ami": "ami-06435bc8a2c0a8e5a",
            "arn": "arn:aws:ec2:us-west-2:942542972736:instance/i-09c3ff5eeae394d5d",
            "associate_public_ip_address": false,
            "availability_zone": "us-west-2a",
            "capacity_reservation_specification": [
              {
                "capacity_reservation_preference": "open",
                "capacity_reservation_target": []
              }
            ],
            "cpu_core_count": 2,
            "cpu_options": [
              {
                "amd_sev_snp": "",
                "core_count": 2,
                "threads_per_core": 1
              }
            ],
            "cpu_threads_per_core": 1,
            "credit_specification": [],
            "disable_api_stop": false,
            "disable_api_termination": false,
            "ebs_block_device": [],
            "ebs_optimized": false,
            "enable_primary_ipv6": null,
            "enclave_options": [
              {
                "enabled": false
              }
            ],
            "ephemeral_block_device": [],
            "get_password_data": false,
            "hibernation": false,
            "host_id": "",
            "host_resource_group_arn": null,
            "iam_instance_profile": "burstlab-gen1-head-node-profile",
            "id": "i-09c3ff5eeae394d5d",
            "instance_initiated_shutdown_behavior": "stop",
            "instance_lifecycle": "",
            "instance_market_options": [],
            "instance_state": "running",
            "instance_type": "m7a.large",
            "ipv6_address_count": 0,
            "ipv6_addresses": [],
            "key_name": "burstlab-key",
            "launch_template": [],
            "maintenance_options": [
              {
                "auto_recovery": "default"
              }
            ],
            "metadata_options": [
              {
                "http_endpoint": "enabled",
                "http_protocol_ipv6": "disabled",
                "http_put_response_hop_limit": 2,
                "http_tokens": "required",
                "instance_metadata_tags": "disabled"
              }
            ],
            "monitoring": false,
            "network_interface": [],
            "outpost_arn": "",
            "password_data": "",
            "placement_group": "",
            "placement_partition_number": 0,
            "primary_network_interface_id": "eni-0090d5237ed5b7f1f",
            "private_dns": "ip-10-0-0-10.us-west-2.compute.internal",
            "private_dns_name_options": [
              {
                "enable_resource_name_dns_a_record": false,
                "enable_resource_name_dns_aaaa_record": false,
                "hostname_type": "ip-name"
              }
            ],
            "private_ip": "10.0.0.10",
            "public_dns": "",
            "public_ip": "",
            "root_block_device": [
              {
                "delete_on_termination": true,
                "device_name": "/dev/sda1",
                "encrypted": false,
                "iops": 3000,
                "kms_key_id": "",
                "tags": {
                  "Generation": "gen1",
                  "ManagedBy": "terraform",
                  "Name": "burstlab-gen1-head-node-root",
                  "Project": "burstlab"
                },
                "tags_all": {
                  "Generation": "gen1",
                  "ManagedBy": "terraform",
                  "Name": "burstlab-gen1-head-node-root",
                  "Project": "burstlab"
                },
                "throughput": 125,
                "volume_id": "vol-034a82f36a25df529",
                "volume_size": 50,
                "volume_type": "gp3"
              }
            ],
            "secondary_private_ips": [],
            "security_groups": [],
            "source_dest_check": false,
            "spot_instance_request_id": "",
            "subnet_id": "subnet-08d4e15f68b94671d",
            "tags": {
              "Generation": "gen1",
              "ManagedBy": "terraform",
              "Name": "burstlab-gen1-head-node",
              "Project": "burstlab",
              "Role": "head-node"
            },
            "tags_all": {
              "Generation": "gen1",
              "ManagedBy": "terraform",
              "Name": "burstlab-gen1-head-node",
              "Project": "burstlab",
              "Role": "head-node"
            },
            "tenancy": "default",
            "timeouts": null,
            "user_data": null,
            "user_data_base64": "H4sIAAAAAAAA/9y963bbOJMo+p9PUSNndeyJRUm+2/nU68iWbCuxJUUX33q+8QeRkAiLBBgAlKx0+qzz6zzAXvsJ50n2woUUJcvpTHcyP3Z6rY5IAoVCoapQNyAb/1YaEloaIhE4G1D9kX+cDQgw8ouU+bhIKJGuCOC//r//DacJF/IKDeECU6joRqAagReyxNdNnQ1nA24DJEEGRIDwOIkl+AwL2CQUGPcx3zpxNgCg4sI5eYYzTGW7B0fQaF8BxzETIBlMURJK18NUMuEyPtY9dlzoYQkBE5KiCOt3uy6cMToi44RjILFEwxALaNX6sLnAjwiQgUIzERLztwIIlZhTLGGMJJ6h+ZaGtefCNUuohMZ57wRKAYswIOpDicWyJMKER7rZvgsdFichkjj3CRhV/WDEWaRHq103gYxgRLiQMGRM6s4HeXyjhI4xTPBcfzp04ZYTiaGn4Xm6GYyImpCG2secoxHjUZFj6mOOfZA4ihUiQkM4ygO/Rpyg+imMGAeNoT/0datjF3oScWmH/6///39BpNr6Q/07bbt48GSoe1bKLjSpkCgMNV28bKxOmIwJhemOblZxoZtQGGOKOZL4UbVz4/k2oDjG1Ieh4iPLOWaSkpmRXPWsYey4UPN98AJEx/hRSCSxG8/B44xqHstokZFAEWpzC0QyFJLIRBJGxQmEbIa5hwR+nCIuACkuoU/Yk9gHJMHHccjmIEmE3R8uR47AEoo4YRCTGI8QCR38jD34FX7dlBhDaYp4KWTjkiZIiIZG2kI23oKdX3+pONgLGBSq1epC9HJMTYkEoRYS+yfwZtNHEm+pGRQcZwN6vUvFWHayhFEINPUV74OQOIY92EQjibnm2kjx/RYIBkRCjLkgQgrL0q6CV/yRf5yNVPqNwJMRUIx9rLisTRcqYbN/NngrAHkyQSG0e1snwLFPOPbkt9WFawB1mTeZwxWhybOCxhKupXKIBNagVG/FEciTZIq3gTIYkWeLi/vDZ22Ws1gswlmAvQmhY2j3tCSNyLN6WqGGGr7gtHuPzXr1zaYLJSy9EhNFjkOMBIZffgED8k2zXthyyAh+g8Ib3b4AVSgYehTgn++VQqIO2OYZfX0sjSQo7Z5SViGyhqQFB0AonAi8FaWIcM54SIQsbeR+j98aJOdJ5OrJuH7JjFb8d/0iD+TrhlqIhIfVQMr4pGSB5sb8utJgFaev3zOeT0fghRhRQGHo4FDgjBCGVqtkWMMVeuAF75nlKTgj4ijoEZpgD3kBhmKR4xHHIoCvX0HyBP8M0Xm5Df7YERZs2sNSs0M6lGHI9MmTIQgsi9lXpZuUarIQKjuHbtktu5XsQwF+/dUsmOqj9qwzFsWJxEajYSo5wUIvg9pj1Euhia0YkmPBwikGjLwAmAwwh+EcRMC4BE0HO6oe0q2UwTOwy5XVYZcbVrKGO99uuJM13P12w92s4d5qw5/ADt9lASGRWj95k+fHopJTbxYfxTsKEc02GyvqWBuFlEkg1qTIcB/OwccjLXKbiVCtRubLltLJzdXmSoGmD0WB+ZR4WKitbIbBQzTdzjQmPAmxUFD6Ac7tpQESYGU7Mw2R52EhYEoQECmg0ezAEI8Yx9a0lTh2tfin+BfnC5xe4KNWvkHVO2h2lE02Q9xX9LHYYSrDuSUhxdIl8XTPJfGjbQlVUGxsWEnMhSdD1y8dHxcz08E2NBaUaQHF+Hs7OBtwHiYiWEPIdCk06WBzFhAvAEK9MFF8Bd3Gh8ZZHzwkvaCoyCADpEzdIcdoYvhQLRCeYqp28XAO+DlAiTIvPEap5MibbIPPWRwrclA807aL+mYMF7Pqt1jpGq0WUoRiFhJP6QvJoHZ21uiYkRgN54B8Xxvh17Xep0GjW6s3NP7Z1p4tVPE8/xuKSpfI3Ku73O8ONFudQd8OtvThvN29rXXr6z61B/1cJ2cDrpH4nGCOfAwskUOWUB8kR6MR8Yydn0qqSIYUS+W7cJaMAz0hxYaaRUfIwy8Z2Xo6gtBxiF+4OdoXUCRktBhzHBkrXjlvRte6TqN/WX2zSWLgTKnlMZZw5Or/4Cug2QTe/h5zQiW82X8P+JnIP95u5WarqQfFGnTavX63Peg3WxdQFGA1Y7m0swdFtfE2+pcFKD7l1ud7oez8ECi734bibEDHag0ZYIEt8yvz+IV8cCwk41gTXnuBeIr5XHt8Zn2IahOHyDNt/kzEsFQbIeE4nLuObbJQLAJNsRJviZVbBtiolPTzz9hf8l7xT9wz9BhKAyh3RCnd1nlvuudW0s1DvSbCOCrYh0Ro5RkiQoGOxB5s0pEoJpKEYsuFFgMUoS+MFnH6NrWpmXULrJ2olqiUgLY5UrlLBOagvX+zJzBtlWw2zntbbn4TeytskEBINNfe0lX7rHYFPhET7WmrP4JpjaiVmt1SlBQqRuAaFPIjQs2YVLGO8kkx9VPvC9AUkRANSUjkXGO7CDkopE2wYEgoUlhuW49abGvZjo1fblB3oolPuN4UknxMw1DgTwlg2cD4zaVkW+/dev7bZpJYeTNmTgrAW2XfaSCbulVJf9qGkHko1DTahpjjoscxUlAJVc7ZllpkQwcRIJ/NsK/sAe2GWmFKdZxE1Fdb42XnDGIklaqDTeyOXY1dyU5Gj72lMNKIR0xISCiZKvGWxBgDlCnn/AR8Rt9KGIbMm2j5Va6Y5TuJo5hxxEk4h4TaNQm1Bn4uGnn0XY4/J4RjUdKOdZViOWN8UmQ0JBS7EvExlicwQ0RqHqi3eqlJYSGANoCdDR0Q0TEaNVPN8wppqSmmdlLtpCkWQp4OovhE+/izAOeAxcSbCEhi1VLNEs9gJCQaakN7DhHxi3qWFgeFjtZVys42kzPiORLF8l75cH80HO4OUdk/ONg/cvFIuIkozrCQxR3XSBuaCddj0UlJMZSWykeKpY+n23QkFMWre25lmwvyBVcr5b2j/cOD7dnSU4C4vy1JhFn1oFze5lhyREV1Z5sqFTuNGZfbZrW2X5J9PcFzDb+xLFCG8sJY12Ry/pqwiQBxxWseZ0Is/Ji/TEszeg6R/ysIe8qYFJKj+ASMAtCCZmcokmGqeOZKBokJISvhxM9E6H1Vbw+qZYxkYERE8a5GWIvGAoJkppvSqFpzYK70i47MKlDZ9gZciUNO1LdT5Axi2zqOAgk1EmnlxsiUwSCvZCMqS2r7GaZTdR4b573H03a73+t3a53H6/ag1W/Uq2VH22VSDawcEKjADuzCHuy/B585YBWAsmjU0hcZ/MBVh/9w1Db1FxizsGaK8Msv8Du8Ms/Ke+MVvIc/4OtX+F0PbMRCEX8BxMw3Jcib9IfiTuxvg5rGXGlARaqycF23oEGJEOMYKmUH4A/HZxSnIbH1+OgYWSUfHvvG2tm98tttUEg87AAkZgJrOCA/X8vsOsOgey6ZG5iKhGPfLSyHrG5r3dYJrCOXoY5WUwsxWggHRMr+RyR0ddyKR2oaaxZw59eSj6clmoRhPoi1kBETJFMbSMhYDEPsoUTgRRQZrNyr8ajeXYBj5M+BRBH2CZI4nGuGVwgQumyMWIb/E3lIJaLwxie8oHhO89WCqfJkfo2ZGAfV/U+5aomvFGcBaN7S/9PxiCfsmY26cbajg+4xIvytgDgZhsSzYXjJjG30VgBKZMA4+YL9xwleNRyVQkobvrCetHVkDChpTK6F66fWhTK9DsaCxNSbZ0ZThBEVxggNZ8paVZpaKcwx4n6orFJmbB2datkG6+YbU2sWsBBDzAhVnj0bGZoqWr2wGIWxDnVQRKHGRsZGdJ3H5nW999hvf2y0qm82vYSHUBQjKN6Bco8LNsRbOTh2d/b3XPt3SSe3ZAnFpCTZBNOC1lfFSyjcFdFMFLG3U4ywRD6SqKhbFKUMiwIro0icwG65XEj5eMt5bJztPHYGpx8b90s4fAPcCbzJYW6G/xNkFYCiglAyHFBUq1wql1iMqRCBeszhpHVUkWo1lWG3XistGKHkChE4AGOOYyh+Pl/tvdq0tMpzK2Ju4+FLMNSe/SdgHAAvYDNqOPbEGP/f1SliPhyWy+vmZD4erPm4BpJBfDnbZeLFRkz+DITRhs6GDqknMWhFnIrewoSwvthmKTGqWsekjNJeTi6DjyNmxGFz0KzDTrlcTq2IzMdRnS9TF4tknp7Ovul8l3ITiXLsdTxoEQtXMq4kfjuNMG+bZKqruEgLpRZSKH6GUrKGgZJsi9qwC6ejZWRk56Lx1raSzhPqQGftugmbIlBEQb5vJqEmnMS+npPOqCUk9LcUP2KJqYQYCTHzLdAcp+38+ktFqWsztv58YhqlqGV7zhKTLPC2GSxLz6zX2uXK1vbHxiw2vqcCQFNtkfvXdP6ZIXeLTxpAyWGVoWMDKX1bmxAgYf0Z5YXbIDb2IaE+5jkAxSGaYN+FWwxczKmnrHHJlI8a5Hd9RnOlDi70kqHAnxPFDIZ1nxIh071YZzypryBp08A1SvDfoDjKDVxys1h1bKntv8hlnmdjnoDHYr2BL3tpShcoZjD7uZlCEb2YYCk/sgMgWeIFf4LNsjm3IPkC3ZT4q2bcSgcUGhMp67gNYkJ0RDxjYsPzqYvjLxmLhvNyvscCbeV1oZl49ZsuAsnBN8QTMWOmyCNkYzWUgM3M7tAZOLWqJgZkBt/KjTBFvKQh2HE8Gfov3/orPUI2tla2UQ/694l1f78T5CqknyD8Lyt4/ocyaaZcx0qxqRTS0aG0iAg204obHTLLKmS2dcHDwR5g6jEf+1sW/sebhxab91Gtwfbf3d7MydlDsxd+Sg4qpdPzEv/0NL8V10e7Z70Ind3WySfyGe0fi/LOu/Ltk9w7fegetNFxdPr0sH/DvenT6aej673SZy/Y7cbnt73Wh6vD01GpPbxNmjf+Nd7je+eXZ01eL0eT6YfGaVNUape9nXbndnDRi8YDzK6ea1Hzvuu1/EH98vPe9Sm5uLmbHNxNLohfIvuiH4T9o0vOH+LZ4WSOx5XjVtJr3naGGJNS8+KjN7w57/Dz84NP4enw7hk3m/Org6P9m539cv0JCXZGSmwg4ofy5fBj5dNht9aZBkdPH9nNwV3iH0ftmy4n9+N56YZ2Z627OT9ORPyZ04fa8Mve2ah0Wtll9Ohg1w8vjsf3XyZHrRvS8dHnfu359vimTxrN2ehqFE7blbD97na3PX6Kb6+HJT64GdQfpkH7Kdl7Pn/4MJ+NvoiLHX/gTx6m5w9zEX7cpzc3n/f91u01OoxbjZ0HdFu/DGqj+eXz+V2z3BYfaju1bsmb9b5MEi+cNru34y/laPfLZRD2wvOJFGGngWrkw/ng/IAeeuVW/fQUNZPKh8/1+e5uqbsvDnyvz0rXXmU/eujOS0fX0ZMMe+1TRG+SUmn0oXcZ8fub5gCxz5d1cRjI3fMJufIvn3tX93uHk0E/OZo1dj/dPR9I9OHyiuCQVw7i6CFovqslEb/hc8k643py33/ypxfjL08+u4nHV92dj73D2eh+b1wf781nn28mxzSaRQP8oX1/NQ13mw+zvuztle6PH8T1J3oX09POaTlsXJQPPs0fWLf2tLt/OEDR0ee75/P4oIH3BzNS8uPQn9+dBuHD5ce9/fNGQ7bOo+cPqHu/F0bH94Nr5NHa6U1Qu6S3d2zqzxt7w2Mx8cLWce8dfnff2f18e9y83rkZx/3Dg/q72tX1p2av0i9XeJvi4cXT3fHh87tZcOiPjnbH72qVDyNyvT88vHya9G7Lh3cXg53WWeyj7m7U5v7F0fPdM+3L6XmLn31GX8Lz8sWnOL7ynh6+HDXD8z0Sfw5LrQnmg+7H6fHV7CYonT3gLr68u6udzvdalc/jd3sP57tH4f3DUe3q433j9vk66sSnd4P2zfFDfyivutO9S3G0m3zibPR8yo7ubpqtT8nzaXIZ+g+NbkjehfSwi8/797Xk6fb4/uD+ae/pqlGXzcrd/eVF/HwzOO/y5vkEydn+ftT3po09+nH01P10MegHtck1eTdICOZPR5/p7dNlcvURHx5fH8/v7g/OD/0vg48XlUb/M2lNri5bz3vt1m292b2JR/SaHF2Up5UGjTsifEd3+0f9u0ZTxu2kU7q59I5mN/tHZzufDoWQVwOezA/x8Rk/jvlpiDoH43Dv4PTwYHfCy7P7/n0/mYTduDfZbRwHN6WJ6Pm7k4OP/vXH096NPBw/VO6Sy53zm/HlJbneT/jTLSrPeGN4GJ6Vu+8+Tp7fDd9h6V1fPk1mV+N677pXL1XQ88f6ucDNbmM8FTeo8rA7G7PDT3FtVn768vGCBfvBZ286vn0XdK6v2qcPUfjutBMcHu/Wdg/Ch+CqfffQOru8+zjoifGgv4NLu8NS8+zo3ejh+rDeQkkreggrz52zVrNfGswfjoZfxtVqAb6mGrfopzl7raXN/90JntstTj+fGA3+SjNlA5f3lBG87ruzAbVQMNApyJwfYd2D0qLUUuhaCGUiAZGOF6+Ft9Y4eAWdb7d8maM0W+XitVjUoObeElE0dVd2X/v6FX5PTb1av3Z1Yt/baFeaJymYbDRU3sMfP2PT/0Zt7k/c/dWQC4PWJhuMBfCKOafmvqikhc2sUHjFIFBs8ajYQhfnqomExrNT1iffcjwkFecur3EO8D/+AW97V4Pu9Vm7df72J1Sg58Z6WXqu3HVNkp0dt7zvViqK87OqxhmRAdRue2lV8ohx23y6Y2qHbRYRZbXDLtwgTmzpDoU3v9/Uun/oIsCsnHiFhqWz+kdnY6WEWOetl+uRXe1vcSySUC+leqvGnnEiJabGk3qdzlk5gQ7xKfAmE6pmcTZQLCHxszwxU0rrsZHOBZpqSgGzAElA4DHOTWwkiD1vVq6UgtgL2ZhQZyPl5xlLQmXxswmEZIJXCvESYQxOgSKs57FtfRAyxbpi0gCy1UwmJ6baZ8XhELMZ5kWBphiErUrWaEdxiOXPKMDWoglnNjTT9DGVRM7/srw6FlILRbiauYNjTCtOLy2Uv2RCVtOCx01dbFJ2K+WtFJlaovxXSTyzSn9DT2zAtVaFq/lwk4AsCuxxLHWwWYtAWvNjlYmZiU5/17Il1l3X7wybPhGSk6GWBMuIK+y/5Tpqdv15jKtqWOtbnvF5LJl+6+mf9v11TOqm8KVKbSxdRzI401USv0AfiQn0OTKl0n+FQN6YsyQuqt1Y11gZSEQsvGidafA8JTRaTFnCPaze2Ai3rj0jMmCJBCK34YkN052UiiTCEKmNN8KRTjQGiGrQWEjsu46aih5VTz5On0oGLUfNzwhHVSIxKaHRiFAi59v6yTayVOl5AfaTEPO/u9k4GSSNlFBPpSHyJmoPcHo4xJ40X/TPkprno+R6nzvrPp4xjh+v9XRPlG5gHpKmZNNThKi16pYYLnRMqYIANlVSnwzNaSDCqGvVV4B8WIwIERERkgohGGI5w5jmwp46FhklQieUiG9EKDTaUZc9uDnkO4ijCCv+ri7jnElhtsB/k57pVuUP/SW+Gs5zek8xmVbgOrmSMeIqbykptkUEHqKUSeA4VLvS3Jao50/O6KxuIoXrLObSk4yjMTYCmL19FOZ1KTsF9KLHktJ6+bnDuKweHFWOX35q0BHjHq4iIZhHtE4T2yGJSFbsDFdsPP77hNasmyrZKzY+JyGuLkd7StlpJTdkY9P6m01z7VSvOh4m4yqhI2b7rr5QjTrEX8DjCc0NGhPfdlzfyLRIBVqzwi/Q05G2v0UVBamHpviKmU2lujZaZlHT49UJf9koQ61vWetvr9iCahZktbJTtnikb3bLZadJjc1/pfimWnauCf3AhrUx1l8/kjC8RUQ1ddTfivOr5Wy7UDYFqOlDCc50Las2FhXHbWYiuPXnczGhcYFhisLEGDQ6Om10WxQx6sZzbdRMUUhM7gONEaFCWvvJfRJWtwV4DteDXh+0PtOCbaESuiY4W8r1B/yMPBnOjZHX4WSKJK4jiapnV+1B/USfNhH5ql2YEpMsIhSEYlZdbA2zAFNjcWEffDajeXWjtOk2vNXN34II2EwAZUtQ0xN+ugI/EZiLUq8m1Ka2gpLjdLHaCjucjTmKqmvmx3UDN547vUTEmPrfaCtMC9XY2QADuoskLtmu6reiwrPF0xwNSSKc9oQYc/DmXohhswxVSKjWR9jXeTd9dIaMA9islMtbWjX7OGK6uNeo1xHGoQBBURzPXWeBQLVSLjs5JPRzhqLl5xOwqWdrZ80QkabiE+Woq5AeYo9FGJr1qwbo+qkMlCWOto11TsaF6BCZcwZUVxHPY7X5hXPgeEy0bUsoHJeLlZ2ytuh2y2UBY22XxyGmcq6T9oiPCU1nlJc/RRYzL/V2MQVkkF3suiFOi56W1zGHqjZLTftfl0mjJo2mjPggMY8IRRIXlS1czBWGFM1S6tISM5N9tYS75TJsLgHbgnewXxYwTEYjzF0nh391dz8/pcaz11KMcgL42RxaULsw8TKD2MudQbInbTNHZWWXNmLz2tyVt6ZPpig6GWjmnERarWkG1m5SfshFZWGE+MQWknfat41uo/5Yb9+2UldqnjLNUgXqyjyrFvhv5UqxvPdPRYk+x/iW+DI4gYDNIEJ0nhr8qYKGEaIC7CoJEiWhRBSzRITm1ECEhUBjS45MhtQXw9WYTglnNNIGn5pQdoJnv7ylTzBIqc/2aBETZExRqKFluFUPyuVUoGTCaZ/1TPF7deckVUmJZBGSGe+rZmbBNJUkM9KkNZ8il7MBHBdTGXFXlhHBkCXUw0sHktOSR0WkBIUglIvNWajEZgUrhaq2EM5DNBbVVvvxrN06f7ys9S5PwCfChBNyoSIIkAjAS89+Ltm4rp53zinJq+K0xkqzgN6TciECPX/tjOnTvKbW12Kt/AV7RNjUDigEUjPbuvu2otiasQac7mMX25zBTYMFJRs9AJ9MMR9jaiog7KZlrPSYs2GII9d5hTrp1t2mxY4SwPQQoGbfv2J0KJY0Mr0QKFvmFHMsdDTC1pQbWTF6qotRaNwC7UMziYwfDN3aNUSEJgL+3/1y+foU2j3txOhiq83oELkh4mMMVTiqHO9cn265jsJdhwWWpQ/OOgNR3ckNVT3cK5eN9VdV3Op0FKmV2aa7myTrOkGG1Fm+b/TgGj1rVddsnTdbzX7DAhx0MgfntmfsoL9O1Yy2F7m04gnEcxkwurvOjFk98a9onFBgikkMd8bpZIUxdhbXCNhnfT4f9GkZW21rLg2w9QYskXEiYXPB/y6aiS0Y4pDNXBMGS0NLPvMSo490CIxIxZh+4mFxom0rgMWi6QsstBoo/lYuHtt128uvW2W/XC7DLSbjQFYrluDGAFKwlpfRSK9dxhfA09XbOymXTzJuGHRsdNIeh6UowiJnRp7A70uD/FH8XQ1wwVkS22dCffz8h7MBSB8qItQEdVeobmKSjbMdUN1AIh0SEViaokIijLHqbCjTNzPdFgG9JXWJfKFIq9VG87re0/sHlqCjw4+tdr3Rql03XMdxnCxg7OS8ZhuoVgpL2dJQPzXVQ4wblVU+KJczt/pbgekMVhabrp/Wf2p4OhtxsYErq3iIBIY6whGjyyFZZ2P1CpVFxyySXcoC2Zob8sEFRfuFWw++HsLNxRm0qU7MMnLkTXJBB2cDAiJ0cZQ+jmncdnhiw3ywaykckTOpbARNm0UKKeVtZed3Z4xPskiFu4iw6y0vtR3ZjJqoSL6qQ2ESKRTVIv+08O/fDvtmqrA+XA7vqheL2IheyIHAvJqvPQEbKPkR4Y9vh3eiufgcOvmIjt5MAiakkw/k7O6WD9IXOXTTJkiI6uENvT96mIa3XqU3vx3dDe898XD3pZM2umKe6fWIPE8++sMfH+v5ZtxmaCI3r4RZhibQoq2PKzzFoQnhpAGDRG3dmxOM40wkIkTRGOs0pXHVdBWnjZG/FjtwNKSGMp5q+vxLJWJUBub1Bza0L3f0W2Fed7GYvmzckzhe89bI38sP/bvWOtgDgcbYfNjZsx+cvCJM07cHL9O3S/psXf3Vt5pngXbbe52KzjXQCvrsotsedH6Wes6PpnSsuXPAvF1Jk2XZwb+inTOLPbXQc3a5wFKYm67+JA2gmnxXKkCNmGU5ta63M5pWcncmuDaMJczlHdoDEZIjQk3yIq3dJDyL3/tZ5sOEfVKXgCcUzdDc9NM7PIliZK6I0TdwOBsmMqRJRaKYcYmoOVthj8FlTnYu3/RjV9s500SoKd9QqcTqHAv77jqriK6WxFyURiKXVTnLyBLZdEaa21GbmlpMndpRvsBqXmc1IID0PmobKOLsXZzqJFG7fV2cEH0pQnqKQu0brpMNfsY4Fgbl9FW3dt2LkYf1W5OeYzMQ+qDxDMW6AJwzFqltPl0pExuSakBQAwrwTdGg9uSSODdib4ZiA5+yZTpIluMIH5uz6Zv23LRa04vOIGdLZuUCMMb6loYMUt301QMsBF3HZOZRSOgEBLOSNSLUF1lpA5LLqUx9fIlImCGTJtY1HzMiAyekUBSjF8HUnPwtnvNvXzne9Lf3q6WNYeO7bmL7sWOurxlNh9Y1Iy9Lcsy1by+Lcux7R5sUUEzMwch//AOu73ufrhrtc+es26j1G1Cv9WuntV4DmufQavehcdfs9XuwZBu8TxsPeo3uSsO3uuXb/+dtZqq8hWa90eo3z5uNOpzew9vXbJG3752Lbq3Vh9rVFXS6zZvmVeOi0YN2a3l499+h31430Hvn/GrQu8z1fe9k8/sJPJHdu2dLrNObYX7i/U02jLMy4ivckLHmKjssPuiDcPsAG3BBposepvhFMn0nHUEh+WIqReqnILwAR2hNOVj+ZsFFFDI9pLg4TmBQSPfXnOup/VuriRBXilU6GzDH+sRgvgZqNSphIwo2zppeh1epbOkzDkoDzmy0QWGiBFifqlcbo88AQaA0E8cGMRPWeDFEWtMi3PXU1JPNzl39dlvrtv6Z++ITX7tWpkdGi/TsotptZ2pbMecw1+NQsMu166wtr8vW7mWFXfbJFNkV3sMTSzhFob5TKFl8LxYpK8ZojDkUKeyWV4rw7IkCfRjbRoMNI1rnBTaXyjDUHiqSYUSEIIxuOfhZn082gQS1gaxmi3JXRua+DAktCSX70ZhDkeirgNLDWUs1O5n+/5POKbbpHHycFTJUCzYolzYqAONjRMkXk4gtpBZl4XsH0yewtLa1EKvpsP89APpmkb8BwRyreg3Cz7gQMne5aP460R87zkI32rGUdnylVtCoSc9fd5omPa+07mPJHROZO6iknryQUQzF4pAj6gW2yqOox/BxLAOo2HP4gZSxOCmVxkQGydD1WKRAFgVS+kTo37bziPGikQA1gLt8vshOJz1XtDjdZUqEF8eLFtjZg0bGR3z3vAj8wSIj++I+1hcR3+xoSlrIkgvurq9GfSWmt5oWV05j52pw0WwZp/F3B6Dw6LEowlQWTqDw2irqi21ygNTHZUevsJ2HtaOA3ZhsvTkLp0Epqyqf08/tMGnGPlcmkJYImE3GLWw7aogrZuIRaoRm67xtBraRjhaKsPqwEvBAM/FoaOmGbGwBaYxOCe0gGeg+SxKdb6TQLpzYY/GFXO5eddPRa40EQGEp97wC9EUeP+20nAp9pdeCf5bH6iKpZlwpl5ehvXi/lPkt6EPdyz3UJ/V+P32fZRULJ2DyigB/OH84zoKFcqy6kpRYz6emrtjeRWuuZoNmXWwDlp77DSZeha4ZudbtN/vNdqv3F5h5FeB3MXTzutPu9mut/slypkKbNUtpBBOyNUz+n7+h4pda8aFcPP7nuzewSRkE8zjAVJS0aAhPua/6wq0sYaENkyH+7mwFVH+FfIqknN13l3/bskydwRSFE/hNL3Z65UNhaTw1aQ3A8hxAIRt/0Tfff7lNCkMPn8HQba7Rs87saB5d+tLFY8Ko6pbdmmLwzlrolezF2CMjWwIsMvHMGp11BuptYW9pXA0/TUepzzojtdrEJKj059VPOs20kPvcxz+Wkewk3AuQIHTc1maO6sNo0ccRov4yLdq0rt+ahmvmUjMRBcJoT6qdYqxRD5mmTsyJh7+ByBVKqBf0bUX9EtlejrTcuOnrcWSx7Pm7w8rwqIL29/f30dHuKlluMBd2km+u9A0O341Re4o5J4YVfluC+jsUmrZepz+PNdWjQ+Q+68RxQd8ikv755wqHaNXS9F/CLBitUyzvVg4PDiqH3mjv8HgPVY5XZ5S2q1S80WincowOy6Py8fFB4fVR+2i8dhIfsV6vDmdP2JOFbUMxtTtmwhEq8/aP7Vd62uSxIvB2rqcywL/RyxbavzZe0XbPzyf7nb5dzHChGdaxaWrDqwFaLEfLgs3TalE0qdr810ycBp2UsH9kV8T8U282S2r+p1jNFTdLz6+5V18pd3vp/uoV+z8Wk4Vdna43Ha/B5xsWdVpWsM6irJkp6Lsq0px9aXkbCwlNi7eWawOWJ+46Gy+ddRQKZisLRGq35k62bOaspu3lEr1089+w9+Xoa8Mzm9sky9FyWiA9HmSKVPTEbHlYZMpJQUc6hLMBBWEUHvZNKFqHoRn1cAFGSKIQsD7ho8MW+Fly5Jl7JvS4iuwL28PQx96zUByt0mj1VoWVz9m58hPF6MrSWW6QXUTTgMJ/bqYr9HVphbaqhdVRf/3GCbMMFbP22P/2wi8vcnZlAlMuCsfCkJ6MFjPJ4tq6VpaMAEexnG85mjpZF0McfWNJvPJ2BfPFKMpHXr07YqmFY8qVuATGgeOQpfVcOvRD2cxcGPpSeohYDm3ZAM/OfytSQkbwajhIIZBxwmqUwJaUAceLf/fj69ccsDQktojsWZf01QiYk96ttbvUag1Wr0WpbOmizgusCYOtD13pTsuxq/2l2NXiRqAFSWEcsqGuOxTMXKxscZSMhQI2dSn1dlYvaDWDLo5Q6sHmixTTpdWgmE5hiriuljHVhsqH7AeLCzzT239TlRIgAURuOxswTCSIAIchCKzDZfaefCL12ayYsxEJseu7qV+iuCB7a/lBBItamU63fd68arz9b/GSbdup9S+ry+xyknsU6vmNauTkh7KRhoO9vdew+ykb5s4izLT+H5f5n4g4rRs5vdlDV0/zhAKy5bn2Nik2o/agX8bDgnkTLHVZ+0BkVyedaHASDTOGXwqr63N8TBglo2SWE08aDMzFU86GPbCkCz5tgldxVad2XVLtXB0jN6ya3VUuldtnLpWbZUVE7zWrLo6ga99Q3wSkuTWtsdVHYUwNRqSzmaMXFCL69k+eUGrLUltM4hP4VzbV8F9agAVUTP0vZRkZzIVWprgJzL/JA4QK4mNbLSuSoRambUMUUxer1UF24z82yocnVGxDTHToTG8ZIKRPbCFjiBEndGyzB+nwuavwkO/bf16FmDw9/Msu2r/SVK5dGIy4viqfSNfZfLGexXBdIvO9VZD/Dul/62JqK4RVm/ByxGmpRcjG+tauwhZ8fclXRTX0f2R7tc1j5Ceu5CzLexpOzl1UuVYOqA5+K91a+BkaoM7oz7qx51v/UlOaEVr5p5pMx/Tvs0yakEzESeFFqF4f70mj8P8HAAD//wEAAP//7pYqdwRuAAA=",
            "user_data_replace_on_change": true,
            "volume_tags": null,
            "vpc_security_group_ids": [
              "sg-0c33bc2d7c5e63bad"
            ]
          },
          "sensitive_attributes": [
            [
              {
                "type": "get_attr",
                "value": "user_data_base64"
              }
            ]
          ],
          "identity_schema_version": 0,
          "private": "eyJlMmJmYjczMC1lY2FhLTExZTYtOGY4OC0zNDM2M2JjN2M0YzAiOnsiY3JlYXRlIjo2MDAwMDAwMDAwMDAsImRlbGV0ZSI6MTIwMDAwMDAwMDAwMCwicmVhZCI6OTAwMDAwMDAwMDAwLCJ1cGRhdGUiOjYwMDAwMDAwMDAwMH0sInNjaGVtYV92ZXJzaW9uIjoiMSJ9",
          "dependencies": [
            "module.burst_config.aws_launch_template.burst",
            "module.iam.aws_iam_instance_profile.burst_node",
            "module.iam.aws_iam_instance_profile.head_node",
            "module.iam.aws_iam_role.burst_node",
            "module.iam.aws_iam_role.head_node",
            "module.iam.data.aws_iam_policy_document.burst_node_assume_role",
            "module.iam.data.aws_iam_policy_document.head_node_assume_role",
            "module.shared_storage.aws_efs_access_point.home",
            "module.shared_storage.aws_efs_access_point.slurm",
            "module.shared_storage.aws_efs_file_system.main",
            "module.vpc.aws_security_group.burst_node",
            "module.vpc.aws_security_group.head_node",
            "module.vpc.aws_subnet.cloud_a",
            "module.vpc.aws_subnet.cloud_b",
            "module.vpc.aws_subnet.management",
            "module.vpc.aws_subnet.onprem",
            "module.vpc.aws_vpc.main",
            "random_bytes.munge_key",
            "random_password.slurmdbd_db"
          ]
        }
      ]
    },
    {
      "module": "module.head_node",
      "mode": "managed",
      "type": "aws_route",
      "name": "cloud_nat",
      "provider": "provider[\"registry.terraform.io/hashicorp/aws\"]",
      "instances": [
        {
          "schema_version": 0,
          "attributes": {
            "carrier_gateway_id": "",
            "core_network_arn": "",
            "destination_cidr_block": "0.0.0.0/0",
            "destination_ipv6_cidr_block": "",
            "destination_prefix_list_id": "",
            "egress_only_gateway_id": "",
            "gateway_id": "",
            "id": "r-rtb-0f1d724b0e7aaa3631080289494",
            "instance_id": "i-09c3ff5eeae394d5d",
            "instance_owner_id": "942542972736",
            "local_gateway_id": "",
            "nat_gateway_id": "",
            "network_interface_id": "eni-0090d5237ed5b7f1f",
            "origin": "CreateRoute",
            "route_table_id": "rtb-0f1d724b0e7aaa363",
            "state": "active",
            "timeouts": null,
            "transit_gateway_id": "",
            "vpc_endpoint_id": "",
            "vpc_peering_connection_id": ""
          },
          "sensitive_attributes": [],
          "identity_schema_version": 0,
          "private": "eyJlMmJmYjczMC1lY2FhLTExZTYtOGY4OC0zNDM2M2JjN2M0YzAiOnsiY3JlYXRlIjozMDAwMDAwMDAwMDAsImRlbGV0ZSI6MzAwMDAwMDAwMDAwLCJ1cGRhdGUiOjEyMDAwMDAwMDAwMH19",
          "dependencies": [
            "module.burst_config.aws_launch_template.burst",
            "module.head_node.aws_instance.head_node",
            "module.iam.aws_iam_instance_profile.burst_node",
            "module.iam.aws_iam_instance_profile.head_node",
            "module.iam.aws_iam_role.burst_node",
            "module.iam.aws_iam_role.head_node",
            "module.iam.data.aws_iam_policy_document.burst_node_assume_role",
            "module.iam.data.aws_iam_policy_document.head_node_assume_role",
            "module.shared_storage.aws_efs_access_point.home",
            "module.shared_storage.aws_efs_access_point.slurm",
            "module.shared_storage.aws_efs_file_system.main",
            "module.vpc.aws_route_table.cloud",
            "module.vpc.aws_security_group.burst_node",
            "module.vpc.aws_security_group.head_node",
            "module.vpc.aws_subnet.cloud_a",
            "module.vpc.aws_subnet.cloud_b",
            "module.vpc.aws_subnet.management",
            "module.vpc.aws_subnet.onprem",
            "module.vpc.aws_vpc.main",
            "random_bytes.munge_key",
            "random_password.slurmdbd_db"
          ]
        }
      ]
    },
    {
      "module": "module.head_node",
      "mode": "managed",
      "type": "aws_route",
      "name": "onprem_nat",
      "provider": "provider[\"registry.terraform.io/hashicorp/aws\"]",
      "instances": [
        {
          "schema_version": 0,
          "attributes": {
            "carrier_gateway_id": "",
            "core_network_arn": "",
            "destination_cidr_block": "0.0.0.0/0",
            "destination_ipv6_cidr_block": "",
            "destination_prefix_list_id": "",
            "egress_only_gateway_id": "",
            "gateway_id": "",
            "id": "r-rtb-0f296139c4fe3b7d71080289494",
            "instance_id": "i-09c3ff5eeae394d5d",
            "instance_owner_id": "942542972736",
            "local_gateway_id": "",
            "nat_gateway_id": "",
            "network_interface_id": "eni-0090d5237ed5b7f1f",
            "origin": "CreateRoute",
            "route_table_id": "rtb-0f296139c4fe3b7d7",
            "state": "active",
            "timeouts": null,
            "transit_gateway_id": "",
            "vpc_endpoint_id": "",
            "vpc_peering_connection_id": ""
          },
          "sensitive_attributes": [],
          "identity_schema_version": 0,
          "private": "eyJlMmJmYjczMC1lY2FhLTExZTYtOGY4OC0zNDM2M2JjN2M0YzAiOnsiY3JlYXRlIjozMDAwMDAwMDAwMDAsImRlbGV0ZSI6MzAwMDAwMDAwMDAwLCJ1cGRhdGUiOjEyMDAwMDAwMDAwMH19",
          "dependencies": [
            "module.burst_config.aws_launch_template.burst",
            "module.head_node.aws_instance.head_node",
            "module.iam.aws_iam_instance_profile.burst_node",
            "module.iam.aws_iam_instance_profile.head_node",
            "module.iam.aws_iam_role.burst_node",
            "module.iam.aws_iam_role.head_node",
            "module.iam.data.aws_iam_policy_document.burst_node_assume_role",
            "module.iam.data.aws_iam_policy_document.head_node_assume_role",
            "module.shared_storage.aws_efs_access_point.home",
            "module.shared_storage.aws_efs_access_point.slurm",
            "module.shared_storage.aws_efs_file_system.main",
            "module.vpc.aws_route_table.onprem",
            "module.vpc.aws_security_group.burst_node",
            "module.vpc.aws_security_group.head_node",
            "module.vpc.aws_subnet.cloud_a",
            "module.vpc.aws_subnet.cloud_b",
            "module.vpc.aws_subnet.management",
            "module.vpc.aws_subnet.onprem",
            "module.vpc.aws_vpc.main",
            "random_bytes.munge_key",
            "random_password.slurmdbd_db"
          ]
        }
      ]
    },
    {
      "module": "module.iam",
      "mode": "data",
      "type": "aws_iam_policy_document",
      "name": "burst_node_assume_role",
      "provider": "provider[\"registry.terraform.io/hashicorp/aws\"]",
      "instances": [
        {
          "schema_version": 0,
          "attributes": {
            "id": "1256122602",
            "json": "{\n  \"Version\": \"2012-10-17\",\n  \"Statement\": [\n    {\n      \"Sid\": \"EC2AssumeRole\",\n      \"Effect\": \"Allow\",\n      \"Action\": \"sts:AssumeRole\",\n      \"Principal\": {\n        \"Service\": \"ec2.amazonaws.com\"\n      }\n    }\n  ]\n}",
            "minified_json": "{\"Version\":\"2012-10-17\",\"Statement\":[{\"Sid\":\"EC2AssumeRole\",\"Effect\":\"Allow\",\"Action\":\"sts:AssumeRole\",\"Principal\":{\"Service\":\"ec2.amazonaws.com\"}}]}",
            "override_json": null,
            "override_policy_documents": null,
            "policy_id": null,
            "source_json": null,
            "source_policy_documents": null,
            "statement": [
              {
                "actions": [
                  "sts:AssumeRole"
                ],
                "condition": [],
                "effect": "Allow",
                "not_actions": [],
                "not_principals": [],
                "not_resources": [],
                "principals": [
                  {
                    "identifiers": [
                      "ec2.amazonaws.com"
                    ],
                    "type": "Service"
                  }
                ],
                "resources": [],
                "sid": "EC2AssumeRole"
              }
            ],
            "version": "2012-10-17"
          },
          "sensitive_attributes": [],
          "identity_schema_version": 0
        }
      ]
    },
    {
      "module": "module.iam",
      "mode": "data",
      "type": "aws_iam_policy_document",
      "name": "burst_node_permissions",
      "provider": "provider[\"registry.terraform.io/hashicorp/aws\"]",
      "instances": [
        {
          "schema_version": 0,
          "attributes": {
            "id": "3261248263",
            "json": "{\n  \"Version\": \"2012-10-17\",\n  \"Statement\": [\n    {\n      \"Sid\": \"ReadOwnTags\",\n      \"Effect\": \"Allow\",\n      \"Action\": \"ec2:DescribeTags\",\n      \"Resource\": \"*\"\n    }\n  ]\n}",
            "minified_json": "{\"Version\":\"2012-10-17\",\"Statement\":[{\"Sid\":\"ReadOwnTags\",\"Effect\":\"Allow\",\"Action\":\"ec2:DescribeTags\",\"Resource\":\"*\"}]}",
            "override_json": null,
            "override_policy_documents": null,
            "policy_id": null,
            "source_json": null,
            "source_policy_documents": null,
            "statement": [
              {
                "actions": [
                  "ec2:DescribeTags"
                ],
                "condition": [],
                "effect": "Allow",
                "not_actions": [],
                "not_principals": [],
                "not_resources": [],
                "principals": [],
                "resources": [
                  "*"
                ],
                "sid": "ReadOwnTags"
              }
            ],
            "version": "2012-10-17"
          },
          "sensitive_attributes": [],
          "identity_schema_version": 0
        }
      ]
    },
    {
      "module": "module.iam",
      "mode": "data",
      "type": "aws_iam_policy_document",
      "name": "head_node_assume_role",
      "provider": "provider[\"registry.terraform.io/hashicorp/aws\"]",
      "instances": [
        {
          "schema_version": 0,
          "attributes": {
            "id": "1256122602",
            "json": "{\n  \"Version\": \"2012-10-17\",\n  \"Statement\": [\n    {\n      \"Sid\": \"EC2AssumeRole\",\n      \"Effect\": \"Allow\",\n      \"Action\": \"sts:AssumeRole\",\n      \"Principal\": {\n        \"Service\": \"ec2.amazonaws.com\"\n      }\n    }\n  ]\n}",
            "minified_json": "{\"Version\":\"2012-10-17\",\"Statement\":[{\"Sid\":\"EC2AssumeRole\",\"Effect\":\"Allow\",\"Action\":\"sts:AssumeRole\",\"Principal\":{\"Service\":\"ec2.amazonaws.com\"}}]}",
            "override_json": null,
            "override_policy_documents": null,
            "policy_id": null,
            "source_json": null,
            "source_policy_documents": null,
            "statement": [
              {
                "actions": [
                  "sts:AssumeRole"
                ],
                "condition": [],
                "effect": "Allow",
                "not_actions": [],
                "not_principals": [],
                "not_resources": [],
                "principals": [
                  {
                    "identifiers": [
                      "ec2.amazonaws.com"
                    ],
                    "type": "Service"
                  }
                ],
                "resources": [],
                "sid": "EC2AssumeRole"
              }
            ],
            "version": "2012-10-17"
          },
          "sensitive_attributes": [],
          "identity_schema_version": 0
        }
      ]
    },
    {
      "module": "module.iam",
      "mode": "data",
      "type": "aws_iam_policy_document",
      "name": "head_node_permissions",
      "provider": "provider[\"registry.terraform.io/hashicorp/aws\"]",
      "instances": [
        {
          "schema_version": 0,
          "attributes": {
            "id": "1435705703",
            "json": "{\n  \"Version\": \"2012-10-17\",\n  \"Statement\": [\n    {\n      \"Sid\": \"SlurmEC2FleetOperations\",\n      \"Effect\": \"Allow\",\n      \"Action\": [\n        \"ec2:TerminateInstances\",\n        \"ec2:RunInstances\",\n        \"ec2:ModifyInstanceAttribute\",\n        \"ec2:DescribeInstances\",\n        \"ec2:DescribeInstanceStatus\",\n        \"ec2:CreateTags\",\n        \"ec2:CreateFleet\"\n      ],\n      \"Resource\": \"*\"\n    },\n    {\n      \"Sid\": \"EC2FleetServiceLinkedRole\",\n      \"Effect\": \"Allow\",\n      \"Action\": \"iam:CreateServiceLinkedRole\",\n      \"Resource\": \"arn:aws:iam::*:role/aws-service-role/ec2fleet.amazonaws.com/AWSServiceRoleForEC2Fleet\"\n    },\n    {\n      \"Sid\": \"PassRoleToBurstNodes\",\n      \"Effect\": \"Allow\",\n      \"Action\": \"iam:PassRole\",\n      \"Resource\": \"arn:aws:iam::942542972736:role/burstlab-gen1-burst-node-role\"\n    }\n  ]\n}",
            "minified_json": "{\"Version\":\"2012-10-17\",\"Statement\":[{\"Sid\":\"SlurmEC2FleetOperations\",\"Effect\":\"Allow\",\"Action\":[\"ec2:TerminateInstances\",\"ec2:RunInstances\",\"ec2:ModifyInstanceAttribute\",\"ec2:DescribeInstances\",\"ec2:DescribeInstanceStatus\",\"ec2:CreateTags\",\"ec2:CreateFleet\"],\"Resource\":\"*\"},{\"Sid\":\"EC2FleetServiceLinkedRole\",\"Effect\":\"Allow\",\"Action\":\"iam:CreateServiceLinkedRole\",\"Resource\":\"arn:aws:iam::*:role/aws-service-role/ec2fleet.amazonaws.com/AWSServiceRoleForEC2Fleet\"},{\"Sid\":\"PassRoleToBurstNodes\",\"Effect\":\"Allow\",\"Action\":\"iam:PassRole\",\"Resource\":\"arn:aws:iam::942542972736:role/burstlab-gen1-burst-node-role\"}]}",
            "override_json": null,
            "override_policy_documents": null,
            "policy_id": null,
            "source_json": null,
            "source_policy_documents": null,
            "statement": [
              {
                "actions": [
                  "ec2:CreateFleet",
                  "ec2:CreateTags",
                  "ec2:DescribeInstanceStatus",
                  "ec2:DescribeInstances",
                  "ec2:ModifyInstanceAttribute",
                  "ec2:RunInstances",
                  "ec2:TerminateInstances"
                ],
                "condition": [],
                "effect": "Allow",
                "not_actions": [],
                "not_principals": [],
                "not_resources": [],
                "principals": [],
                "resources": [
                  "*"
                ],
                "sid": "SlurmEC2FleetOperations"
              },
              {
                "actions": [
                  "iam:CreateServiceLinkedRole"
                ],
                "condition": [],
                "effect": "Allow",
                "not_actions": [],
                "not_principals": [],
                "not_resources": [],
                "principals": [],
                "resources": [
                  "arn:aws:iam::*:role/aws-service-role/ec2fleet.amazonaws.com/AWSServiceRoleForEC2Fleet"
                ],
                "sid": "EC2FleetServiceLinkedRole"
              },
              {
                "actions": [
                  "iam:PassRole"
                ],
                "condition": [],
                "effect": "Allow",
                "not_actions": [],
                "not_principals": [],
                "not_resources": [],
                "principals": [],
                "resources": [
                  "arn:aws:iam::942542972736:role/burstlab-gen1-burst-node-role"
                ],
                "sid": "PassRoleToBurstNodes"
              }
            ],
            "version": "2012-10-17"
          },
          "sensitive_attributes": [],
          "identity_schema_version": 0
        }
      ]
    },
    {
      "module": "module.iam",
      "mode": "managed",
      "type": "aws_iam_instance_profile",
      "name": "burst_node",
      "provider": "provider[\"registry.terraform.io/hashicorp/aws\"]",
      "instances": [
        {
          "schema_version": 0,
          "attributes": {
            "arn": "arn:aws:iam::942542972736:instance-profile/burstlab-gen1-burst-node-profile",
            "create_date": "2026-03-29T19:11:46Z",
            "id": "burstlab-gen1-burst-node-profile",
            "name": "burstlab-gen1-burst-node-profile",
            "name_prefix": "",
            "path": "/",
            "role": "burstlab-gen1-burst-node-role",
            "tags": {
              "Generation": "gen1",
              "ManagedBy": "terraform",
              "Name": "burstlab-gen1-burst-node-profile",
              "Project": "burstlab"
            },
            "tags_all": {
              "Generation": "gen1",
              "ManagedBy": "terraform",
              "Name": "burstlab-gen1-burst-node-profile",
              "Project": "burstlab"
            },
            "unique_id": "AIPA5W47QM5AFYTEB4FOT"
          },
          "sensitive_attributes": [],
          "identity_schema_version": 0,
          "private": "bnVsbA==",
          "dependencies": [
            "module.iam.aws_iam_role.burst_node",
            "module.iam.data.aws_iam_policy_document.burst_node_assume_role"
          ]
        }
      ]
    },
    {
      "module": "module.iam",
      "mode": "managed",
      "type": "aws_iam_instance_profile",
      "name": "head_node",
      "provider": "provider[\"registry.terraform.io/hashicorp/aws\"]",
      "instances": [
        {
          "schema_version": 0,
          "attributes": {
            "arn": "arn:aws:iam::942542972736:instance-profile/burstlab-gen1-head-node-profile",
            "create_date": "2026-03-29T19:11:45Z",
            "id": "burstlab-gen1-head-node-profile",
            "name": "burstlab-gen1-head-node-profile",
            "name_prefix": "",
            "path": "/",
            "role": "burstlab-gen1-head-node-role",
            "tags": {
              "Generation": "gen1",
              "ManagedBy": "terraform",
              "Name": "burstlab-gen1-head-node-profile",
              "Project": "burstlab"
            },
            "tags_all": {
              "Generation": "gen1",
              "ManagedBy": "terraform",
              "Name": "burstlab-gen1-head-node-profile",
              "Project": "burstlab"
            },
            "unique_id": "AIPA5W47QM5AAU7JRJ5PS"
          },
          "sensitive_attributes": [],
          "identity_schema_version": 0,
          "private": "bnVsbA==",
          "dependencies": [
            "module.iam.aws_iam_role.head_node",
            "module.iam.data.aws_iam_policy_document.head_node_assume_role"
          ]
        }
      ]
    },
    {
      "module": "module.iam",
      "mode": "managed",
      "type": "aws_iam_policy",
      "name": "burst_node_permissions",
      "provider": "provider[\"registry.terraform.io/hashicorp/aws\"]",
      "instances": [
        {
          "schema_version": 0,
          "attributes": {
            "arn": "arn:aws:iam::942542972736:policy/burstlab-gen1-burst-node-policy",
            "attachment_count": 1,
            "description": "Minimal policy for burst nodes: read EC2 tags to determine Slurm node name",
            "id": "arn:aws:iam::942542972736:policy/burstlab-gen1-burst-node-policy",
            "name": "burstlab-gen1-burst-node-policy",
            "name_prefix": "",
            "path": "/",
            "policy": "{\"Statement\":[{\"Action\":\"ec2:DescribeTags\",\"Effect\":\"Allow\",\"Resource\":\"*\",\"Sid\":\"ReadOwnTags\"}],\"Version\":\"2012-10-17\"}",
            "policy_id": "ANPA5W47QM5AEPB3IGINA",
            "tags": {
              "Generation": "gen1",
              "ManagedBy": "terraform",
              "Name": "burstlab-gen1-burst-node-policy",
              "Project": "burstlab"
            },
            "tags_all": {
              "Generation": "gen1",
              "ManagedBy": "terraform",
              "Name": "burstlab-gen1-burst-node-policy",
              "Project": "burstlab"
            }
          },
          "sensitive_attributes": [],
          "identity_schema_version": 0,
          "private": "bnVsbA==",
          "dependencies": [
            "module.iam.data.aws_iam_policy_document.burst_node_permissions"
          ]
        }
      ]
    },
    {
      "module": "module.iam",
      "mode": "managed",
      "type": "aws_iam_policy",
      "name": "head_node_permissions",
      "provider": "provider[\"registry.terraform.io/hashicorp/aws\"]",
      "instances": [
        {
          "schema_version": 0,
          "attributes": {
            "arn": "arn:aws:iam::942542972736:policy/burstlab-gen1-head-node-policy",
            "attachment_count": 1,
            "description": "Head node policy: EC2 Fleet for burst node lifecycle + PassRole to burst nodes",
            "id": "arn:aws:iam::942542972736:policy/burstlab-gen1-head-node-policy",
            "name": "burstlab-gen1-head-node-policy",
            "name_prefix": "",
            "path": "/",
            "policy": "{\"Statement\":[{\"Action\":[\"ec2:TerminateInstances\",\"ec2:RunInstances\",\"ec2:ModifyInstanceAttribute\",\"ec2:DescribeInstances\",\"ec2:DescribeInstanceStatus\",\"ec2:CreateTags\",\"ec2:CreateFleet\"],\"Effect\":\"Allow\",\"Resource\":\"*\",\"Sid\":\"SlurmEC2FleetOperations\"},{\"Action\":\"iam:CreateServiceLinkedRole\",\"Effect\":\"Allow\",\"Resource\":\"arn:aws:iam::*:role/aws-service-role/ec2fleet.amazonaws.com/AWSServiceRoleForEC2Fleet\",\"Sid\":\"EC2FleetServiceLinkedRole\"},{\"Action\":\"iam:PassRole\",\"Effect\":\"Allow\",\"Resource\":\"arn:aws:iam::942542972736:role/burstlab-gen1-burst-node-role\",\"Sid\":\"PassRoleToBurstNodes\"}],\"Version\":\"2012-10-17\"}",
            "policy_id": "ANPA5W47QM5AFPNB6Y5HA",
            "tags": {
              "Generation": "gen1",
              "ManagedBy": "terraform",
              "Name": "burstlab-gen1-head-node-policy",
              "Project": "burstlab"
            },
            "tags_all": {
              "Generation": "gen1",
              "ManagedBy": "terraform",
              "Name": "burstlab-gen1-head-node-policy",
              "Project": "burstlab"
            }
          },
          "sensitive_attributes": [],
          "identity_schema_version": 0,
          "private": "bnVsbA==",
          "dependencies": [
            "module.iam.aws_iam_role.burst_node",
            "module.iam.data.aws_iam_policy_document.burst_node_assume_role",
            "module.iam.data.aws_iam_policy_document.head_node_permissions"
          ]
        }
      ]
    },
    {
      "module": "module.iam",
      "mode": "managed",
      "type": "aws_iam_role",
      "name": "burst_node",
      "provider": "provider[\"registry.terraform.io/hashicorp/aws\"]",
      "instances": [
        {
          "schema_version": 0,
          "attributes": {
            "arn": "arn:aws:iam::942542972736:role/burstlab-gen1-burst-node-role",
            "assume_role_policy": "{\"Statement\":[{\"Action\":\"sts:AssumeRole\",\"Effect\":\"Allow\",\"Principal\":{\"Service\":\"ec2.amazonaws.com\"},\"Sid\":\"EC2AssumeRole\"}],\"Version\":\"2012-10-17\"}",
            "create_date": "2026-03-29T19:11:45Z",
            "description": "Role for BurstLab burst nodes - minimal EC2 permissions + SSM",
            "force_detach_policies": false,
            "id": "burstlab-gen1-burst-node-role",
            "inline_policy": [],
            "managed_policy_arns": [
              "arn:aws:iam::942542972736:policy/burstlab-gen1-burst-node-policy",
              "arn:aws:iam::aws:policy/AmazonSSMManagedInstanceCore"
            ],
            "max_session_duration": 3600,
            "name": "burstlab-gen1-burst-node-role",
            "name_prefix": "",
            "path": "/",
            "permissions_boundary": "",
            "tags": {
              "Generation": "gen1",
              "ManagedBy": "terraform",
              "Name": "burstlab-gen1-burst-node-role",
              "Project": "burstlab"
            },
            "tags_all": {
              "Generation": "gen1",
              "ManagedBy": "terraform",
              "Name": "burstlab-gen1-burst-node-role",
              "Project": "burstlab"
            },
            "unique_id": "AROA5W47QM5AGD7GHQHLT"
          },
          "sensitive_attributes": [],
          "identity_schema_version": 0,
          "private": "bnVsbA==",
          "dependencies": [
            "module.iam.data.aws_iam_policy_document.burst_node_assume_role"
          ]
        }
      ]
    },
    {
      "module": "module.iam",
      "mode": "managed",
      "type": "aws_iam_role",
      "name": "head_node",
      "provider": "provider[\"registry.terraform.io/hashicorp/aws\"]",
      "instances": [
        {
          "schema_version": 0,
          "attributes": {
            "arn": "arn:aws:iam::942542972736:role/burstlab-gen1-head-node-role",
            "assume_role_policy": "{\"Statement\":[{\"Action\":\"sts:AssumeRole\",\"Effect\":\"Allow\",\"Principal\":{\"Service\":\"ec2.amazonaws.com\"},\"Sid\":\"EC2AssumeRole\"}],\"Version\":\"2012-10-17\"}",
            "create_date": "2026-03-29T19:11:45Z",
            "description": "Role for BurstLab head node - EC2 Fleet for burst, PassRole, SSM",
            "force_detach_policies": false,
            "id": "burstlab-gen1-head-node-role",
            "inline_policy": [],
            "managed_policy_arns": [
              "arn:aws:iam::942542972736:policy/burstlab-gen1-head-node-policy",
              "arn:aws:iam::aws:policy/AmazonSSMManagedInstanceCore"
            ],
            "max_session_duration": 3600,
            "name": "burstlab-gen1-head-node-role",
            "name_prefix": "",
            "path": "/",
            "permissions_boundary": "",
            "tags": {
              "Generation": "gen1",
              "ManagedBy": "terraform",
              "Name": "burstlab-gen1-head-node-role",
              "Project": "burstlab"
            },
            "tags_all": {
              "Generation": "gen1",
              "ManagedBy": "terraform",
              "Name": "burstlab-gen1-head-node-role",
              "Project": "burstlab"
            },
            "unique_id": "AROA5W47QM5AM5QRX6EX6"
          },
          "sensitive_attributes": [],
          "identity_schema_version": 0,
          "private": "bnVsbA==",
          "dependencies": [
            "module.iam.data.aws_iam_policy_document.head_node_assume_role"
          ]
        }
      ]
    },
    {
      "module": "module.iam",
      "mode": "managed",
      "type": "aws_iam_role_policy_attachment",
      "name": "burst_node_custom",
      "provider": "provider[\"registry.terraform.io/hashicorp/aws\"]",
      "instances": [
        {
          "schema_version": 0,
          "attributes": {
            "id": "burstlab-gen1-burst-node-role-20260329191145964600000001",
            "policy_arn": "arn:aws:iam::942542972736:policy/burstlab-gen1-burst-node-policy",
            "role": "burstlab-gen1-burst-node-role"
          },
          "sensitive_attributes": [],
          "identity_schema_version": 0,
          "private": "bnVsbA==",
          "dependencies": [
            "module.iam.aws_iam_policy.burst_node_permissions",
            "module.iam.aws_iam_role.burst_node",
            "module.iam.data.aws_iam_policy_document.burst_node_assume_role",
            "module.iam.data.aws_iam_policy_document.burst_node_permissions"
          ]
        }
      ]
    },
    {
      "module": "module.iam",
      "mode": "managed",
      "type": "aws_iam_role_policy_attachment",
      "name": "burst_node_ssm",
      "provider": "provider[\"registry.terraform.io/hashicorp/aws\"]",
      "instances": [
        {
          "schema_version": 0,
          "attributes": {
            "id": "burstlab-gen1-burst-node-role-20260329191146094200000003",
            "policy_arn": "arn:aws:iam::aws:policy/AmazonSSMManagedInstanceCore",
            "role": "burstlab-gen1-burst-node-role"
          },
          "sensitive_attributes": [],
          "identity_schema_version": 0,
          "private": "bnVsbA==",
          "dependencies": [
            "module.iam.aws_iam_role.burst_node",
            "module.iam.data.aws_iam_policy_document.burst_node_assume_role"
          ]
        }
      ]
    },
    {
      "module": "module.iam",
      "mode": "managed",
      "type": "aws_iam_role_policy_attachment",
      "name": "head_node_custom",
      "provider": "provider[\"registry.terraform.io/hashicorp/aws\"]",
      "instances": [
        {
          "schema_version": 0,
          "attributes": {
            "id": "burstlab-gen1-head-node-role-20260329191146473400000004",
            "policy_arn": "arn:aws:iam::942542972736:policy/burstlab-gen1-head-node-policy",
            "role": "burstlab-gen1-head-node-role"
          },
          "sensitive_attributes": [],
          "identity_schema_version": 0,
          "private": "bnVsbA==",
          "dependencies": [
            "module.iam.aws_iam_policy.head_node_permissions",
            "module.iam.aws_iam_role.burst_node",
            "module.iam.aws_iam_role.head_node",
            "module.iam.data.aws_iam_policy_document.burst_node_assume_role",
            "module.iam.data.aws_iam_policy_document.head_node_assume_role",
            "module.iam.data.aws_iam_policy_document.head_node_permissions"
          ]
        }
      ]
    },
    {
      "module": "module.iam",
      "mode": "managed",
      "type": "aws_iam_role_policy_attachment",
      "name": "head_node_ssm",
      "provider": "provider[\"registry.terraform.io/hashicorp/aws\"]",
      "instances": [
        {
          "schema_version": 0,
          "attributes": {
            "id": "burstlab-gen1-head-node-role-20260329191145999400000002",
            "policy_arn": "arn:aws:iam::aws:policy/AmazonSSMManagedInstanceCore",
            "role": "burstlab-gen1-head-node-role"
          },
          "sensitive_attributes": [],
          "identity_schema_version": 0,
          "private": "bnVsbA==",
          "dependencies": [
            "module.iam.aws_iam_role.head_node",
            "module.iam.data.aws_iam_policy_document.head_node_assume_role"
          ]
        }
      ]
    },
    {
      "module": "module.shared_storage",
      "mode": "managed",
      "type": "aws_efs_access_point",
      "name": "home",
      "provider": "provider[\"registry.terraform.io/hashicorp/aws\"]",
      "instances": [
        {
          "schema_version": 0,
          "attributes": {
            "arn": "arn:aws:elasticfilesystem:us-west-2:942542972736:access-point/fsap-0807d82946ee8b68e",
            "file_system_arn": "arn:aws:elasticfilesystem:us-west-2:942542972736:file-system/fs-04075fbb3ba0d6658",
            "file_system_id": "fs-04075fbb3ba0d6658",
            "id": "fsap-0807d82946ee8b68e",
            "owner_id": "942542972736",
            "posix_user": [],
            "root_directory": [
              {
                "creation_info": [
                  {
                    "owner_gid": 0,
                    "owner_uid": 0,
                    "permissions": "755"
                  }
                ],
                "path": "/home"
              }
            ],
            "tags": {
              "Export": "/home",
              "Generation": "gen1",
              "ManagedBy": "terraform",
              "Name": "burstlab-gen1-efs-home",
              "Project": "burstlab"
            },
            "tags_all": {
              "Export": "/home",
              "Generation": "gen1",
              "ManagedBy": "terraform",
              "Name": "burstlab-gen1-efs-home",
              "Project": "burstlab"
            }
          },
          "sensitive_attributes": [],
          "identity_schema_version": 0,
          "private": "bnVsbA==",
          "dependencies": [
            "module.shared_storage.aws_efs_file_system.main"
          ]
        }
      ]
    },
    {
      "module": "module.shared_storage",
      "mode": "managed",
      "type": "aws_efs_access_point",
      "name": "slurm",
      "provider": "provider[\"registry.terraform.io/hashicorp/aws\"]",
      "instances": [
        {
          "schema_version": 0,
          "attributes": {
            "arn": "arn:aws:elasticfilesystem:us-west-2:942542972736:access-point/fsap-0f22417e8c4313363",
            "file_system_arn": "arn:aws:elasticfilesystem:us-west-2:942542972736:file-system/fs-04075fbb3ba0d6658",
            "file_system_id": "fs-04075fbb3ba0d6658",
            "id": "fsap-0f22417e8c4313363",
            "owner_id": "942542972736",
            "posix_user": [],
            "root_directory": [
              {
                "creation_info": [
                  {
                    "owner_gid": 0,
                    "owner_uid": 0,
                    "permissions": "755"
                  }
                ],
                "path": "/slurm"
              }
            ],
            "tags": {
              "Export": "/opt/slurm",
              "Generation": "gen1",
              "ManagedBy": "terraform",
              "Name": "burstlab-gen1-efs-slurm",
              "Project": "burstlab"
            },
            "tags_all": {
              "Export": "/opt/slurm",
              "Generation": "gen1",
              "ManagedBy": "terraform",
              "Name": "burstlab-gen1-efs-slurm",
              "Project": "burstlab"
            }
          },
          "sensitive_attributes": [],
          "identity_schema_version": 0,
          "private": "bnVsbA==",
          "dependencies": [
            "module.shared_storage.aws_efs_file_system.main"
          ]
        }
      ]
    },
    {
      "module": "module.shared_storage",
      "mode": "managed",
      "type": "aws_efs_file_system",
      "name": "main",
      "provider": "provider[\"registry.terraform.io/hashicorp/aws\"]",
      "instances": [
        {
          "schema_version": 0,
          "attributes": {
            "arn": "arn:aws:elasticfilesystem:us-west-2:942542972736:file-system/fs-04075fbb3ba0d6658",
            "availability_zone_id": "",
            "availability_zone_name": "",
            "creation_token": "burstlab-gen1-efs",
            "dns_name": "fs-04075fbb3ba0d6658.efs.us-west-2.amazonaws.com",
            "encrypted": true,
            "id": "fs-04075fbb3ba0d6658",
            "kms_key_id": "arn:aws:kms:us-west-2:942542972736:key/1a9bc150-db34-469c-9b42-3f5607fcbf0a",
            "lifecycle_policy": [
              {
                "transition_to_archive": "",
                "transition_to_ia": "AFTER_30_DAYS",
                "transition_to_primary_storage_class": ""
              }
            ],
            "name": "burstlab-gen1-efs",
            "number_of_mount_targets": 2,
            "owner_id": "942542972736",
            "performance_mode": "generalPurpose",
            "protection": [
              {
                "replication_overwrite": "ENABLED"
              }
            ],
            "provisioned_throughput_in_mibps": 0,
            "size_in_bytes": [
              {
                "value": 401922048,
                "value_in_ia": 0,
                "value_in_standard": 401922048
              }
            ],
            "tags": {
              "Generation": "gen1",
              "ManagedBy": "terraform",
              "Name": "burstlab-gen1-efs",
              "Project": "burstlab"
            },
            "tags_all": {
              "Generation": "gen1",
              "ManagedBy": "terraform",
              "Name": "burstlab-gen1-efs",
              "Project": "burstlab"
            },
            "throughput_mode": "bursting"
          },
          "sensitive_attributes": [],
          "identity_schema_version": 0,
          "private": "bnVsbA=="
        }
      ]
    },
    {
      "module": "module.shared_storage",
      "mode": "managed",
      "type": "aws_efs_mount_target",
      "name": "cloud_b",
      "provider": "provider[\"registry.terraform.io/hashicorp/aws\"]",
      "instances": [
        {
          "schema_version": 0,
          "attributes": {
            "availability_zone_id": "usw2-az2",
            "availability_zone_name": "us-west-2b",
            "dns_name": "fs-04075fbb3ba0d6658.efs.us-west-2.amazonaws.com",
            "file_system_arn": "arn:aws:elasticfilesystem:us-west-2:942542972736:file-system/fs-04075fbb3ba0d6658",
            "file_system_id": "fs-04075fbb3ba0d6658",
            "id": "fsmt-0e61a173f000a64c6",
            "ip_address": "10.0.3.247",
            "mount_target_dns_name": "us-west-2b.fs-04075fbb3ba0d6658.efs.us-west-2.amazonaws.com",
            "network_interface_id": "eni-03906b6844745e5a1",
            "owner_id": "942542972736",
            "security_groups": [
              "sg-0886217e482d24c93"
            ],
            "subnet_id": "subnet-011cff219a70f0996",
            "timeouts": null
          },
          "sensitive_attributes": [],
          "identity_schema_version": 0,
          "private": "eyJlMmJmYjczMC1lY2FhLTExZTYtOGY4OC0zNDM2M2JjN2M0YzAiOnsiY3JlYXRlIjoxODAwMDAwMDAwMDAwLCJkZWxldGUiOjYwMDAwMDAwMDAwMH19",
          "dependencies": [
            "module.shared_storage.aws_efs_file_system.main",
            "module.vpc.aws_security_group.efs",
            "module.vpc.aws_subnet.cloud_b",
            "module.vpc.aws_vpc.main"
          ]
        }
      ]
    },
    {
      "module": "module.shared_storage",
      "mode": "managed",
      "type": "aws_efs_mount_target",
      "name": "management",
      "provider": "provider[\"registry.terraform.io/hashicorp/aws\"]",
      "instances": [
        {
          "schema_version": 0,
          "attributes": {
            "availability_zone_id": "usw2-az1",
            "availability_zone_name": "us-west-2a",
            "dns_name": "fs-04075fbb3ba0d6658.efs.us-west-2.amazonaws.com",
            "file_system_arn": "arn:aws:elasticfilesystem:us-west-2:942542972736:file-system/fs-04075fbb3ba0d6658",
            "file_system_id": "fs-04075fbb3ba0d6658",
            "id": "fsmt-059ed5a2ebdfda310",
            "ip_address": "10.0.0.127",
            "mount_target_dns_name": "us-west-2a.fs-04075fbb3ba0d6658.efs.us-west-2.amazonaws.com",
            "network_interface_id": "eni-0cd058d403b7feb29",
            "owner_id": "942542972736",
            "security_groups": [
              "sg-0886217e482d24c93"
            ],
            "subnet_id": "subnet-08d4e15f68b94671d",
            "timeouts": null
          },
          "sensitive_attributes": [],
          "identity_schema_version": 0,
          "private": "eyJlMmJmYjczMC1lY2FhLTExZTYtOGY4OC0zNDM2M2JjN2M0YzAiOnsiY3JlYXRlIjoxODAwMDAwMDAwMDAwLCJkZWxldGUiOjYwMDAwMDAwMDAwMH19",
          "dependencies": [
            "module.shared_storage.aws_efs_file_system.main",
            "module.vpc.aws_security_group.efs",
            "module.vpc.aws_subnet.management",
            "module.vpc.aws_vpc.main"
          ]
        }
      ]
    },
    {
      "module": "module.vpc",
      "mode": "managed",
      "type": "aws_internet_gateway",
      "name": "main",
      "provider": "provider[\"registry.terraform.io/hashicorp/aws\"]",
      "instances": [
        {
          "schema_version": 0,
          "attributes": {
            "arn": "arn:aws:ec2:us-west-2:942542972736:internet-gateway/igw-0adab289ee9e67e6c",
            "id": "igw-0adab289ee9e67e6c",
            "owner_id": "942542972736",
            "tags": {
              "Generation": "gen1",
              "ManagedBy": "terraform",
              "Name": "burstlab-gen1-igw",
              "Project": "burstlab"
            },
            "tags_all": {
              "Generation": "gen1",
              "ManagedBy": "terraform",
              "Name": "burstlab-gen1-igw",
              "Project": "burstlab"
            },
            "timeouts": null,
            "vpc_id": "vpc-0f0c65ebe9bbe0cfd"
          },
          "sensitive_attributes": [],
          "identity_schema_version": 0,
          "private": "eyJlMmJmYjczMC1lY2FhLTExZTYtOGY4OC0zNDM2M2JjN2M0YzAiOnsiY3JlYXRlIjoxMjAwMDAwMDAwMDAwLCJkZWxldGUiOjEyMDAwMDAwMDAwMDAsInVwZGF0ZSI6MTIwMDAwMDAwMDAwMH19",
          "dependencies": [
            "module.vpc.aws_vpc.main"
          ]
        }
      ]
    },
    {
      "module": "module.vpc",
      "mode": "managed",
      "type": "aws_route_table",
      "name": "cloud",
      "provider": "provider[\"registry.terraform.io/hashicorp/aws\"]",
      "instances": [
        {
          "schema_version": 0,
          "attributes": {
            "arn": "arn:aws:ec2:us-west-2:942542972736:route-table/rtb-0f1d724b0e7aaa363",
            "id": "rtb-0f1d724b0e7aaa363",
            "owner_id": "942542972736",
            "propagating_vgws": [],
            "route": [
              {
                "carrier_gateway_id": "",
                "cidr_block": "0.0.0.0/0",
                "core_network_arn": "",
                "destination_prefix_list_id": "",
                "egress_only_gateway_id": "",
                "gateway_id": "",
                "ipv6_cidr_block": "",
                "local_gateway_id": "",
                "nat_gateway_id": "",
                "network_interface_id": "eni-012b6e089b9e3fcef",
                "transit_gateway_id": "",
                "vpc_endpoint_id": "",
                "vpc_peering_connection_id": ""
              }
            ],
            "tags": {
              "Generation": "gen1",
              "ManagedBy": "terraform",
              "Name": "burstlab-gen1-cloud-rtb",
              "Project": "burstlab"
            },
            "tags_all": {
              "Generation": "gen1",
              "ManagedBy": "terraform",
              "Name": "burstlab-gen1-cloud-rtb",
              "Project": "burstlab"
            },
            "timeouts": null,
            "vpc_id": "vpc-0f0c65ebe9bbe0cfd"
          },
          "sensitive_attributes": [],
          "identity_schema_version": 0,
          "private": "eyJlMmJmYjczMC1lY2FhLTExZTYtOGY4OC0zNDM2M2JjN2M0YzAiOnsiY3JlYXRlIjozMDAwMDAwMDAwMDAsImRlbGV0ZSI6MzAwMDAwMDAwMDAwLCJ1cGRhdGUiOjEyMDAwMDAwMDAwMH19",
          "dependencies": [
            "module.vpc.aws_vpc.main"
          ]
        }
      ]
    },
    {
      "module": "module.vpc",
      "mode": "managed",
      "type": "aws_route_table",
      "name": "management",
      "provider": "provider[\"registry.terraform.io/hashicorp/aws\"]",
      "instances": [
        {
          "schema_version": 0,
          "attributes": {
            "arn": "arn:aws:ec2:us-west-2:942542972736:route-table/rtb-0bc0c3c40a5d95608",
            "id": "rtb-0bc0c3c40a5d95608",
            "owner_id": "942542972736",
            "propagating_vgws": [],
            "route": [
              {
                "carrier_gateway_id": "",
                "cidr_block": "0.0.0.0/0",
                "core_network_arn": "",
                "destination_prefix_list_id": "",
                "egress_only_gateway_id": "",
                "gateway_id": "igw-0adab289ee9e67e6c",
                "ipv6_cidr_block": "",
                "local_gateway_id": "",
                "nat_gateway_id": "",
                "network_interface_id": "",
                "transit_gateway_id": "",
                "vpc_endpoint_id": "",
                "vpc_peering_connection_id": ""
              }
            ],
            "tags": {
              "Generation": "gen1",
              "ManagedBy": "terraform",
              "Name": "burstlab-gen1-mgmt-rtb",
              "Project": "burstlab"
            },
            "tags_all": {
              "Generation": "gen1",
              "ManagedBy": "terraform",
              "Name": "burstlab-gen1-mgmt-rtb",
              "Project": "burstlab"
            },
            "timeouts": null,
            "vpc_id": "vpc-0f0c65ebe9bbe0cfd"
          },
          "sensitive_attributes": [],
          "identity_schema_version": 0,
          "private": "eyJlMmJmYjczMC1lY2FhLTExZTYtOGY4OC0zNDM2M2JjN2M0YzAiOnsiY3JlYXRlIjozMDAwMDAwMDAwMDAsImRlbGV0ZSI6MzAwMDAwMDAwMDAwLCJ1cGRhdGUiOjEyMDAwMDAwMDAwMH19",
          "dependencies": [
            "module.vpc.aws_internet_gateway.main",
            "module.vpc.aws_vpc.main"
          ]
        }
      ]
    },
    {
      "module": "module.vpc",
      "mode": "managed",
      "type": "aws_route_table",
      "name": "onprem",
      "provider": "provider[\"registry.terraform.io/hashicorp/aws\"]",
      "instances": [
        {
          "schema_version": 0,
          "attributes": {
            "arn": "arn:aws:ec2:us-west-2:942542972736:route-table/rtb-0f296139c4fe3b7d7",
            "id": "rtb-0f296139c4fe3b7d7",
            "owner_id": "942542972736",
            "propagating_vgws": [],
            "route": [
              {
                "carrier_gateway_id": "",
                "cidr_block": "0.0.0.0/0",
                "core_network_arn": "",
                "destination_prefix_list_id": "",
                "egress_only_gateway_id": "",
                "gateway_id": "",
                "ipv6_cidr_block": "",
                "local_gateway_id": "",
                "nat_gateway_id": "",
                "network_interface_id": "eni-012b6e089b9e3fcef",
                "transit_gateway_id": "",
                "vpc_endpoint_id": "",
                "vpc_peering_connection_id": ""
              }
            ],
            "tags": {
              "Generation": "gen1",
              "ManagedBy": "terraform",
              "Name": "burstlab-gen1-onprem-rtb",
              "Project": "burstlab"
            },
            "tags_all": {
              "Generation": "gen1",
              "ManagedBy": "terraform",
              "Name": "burstlab-gen1-onprem-rtb",
              "Project": "burstlab"
            },
            "timeouts": null,
            "vpc_id": "vpc-0f0c65ebe9bbe0cfd"
          },
          "sensitive_attributes": [],
          "identity_schema_version": 0,
          "private": "eyJlMmJmYjczMC1lY2FhLTExZTYtOGY4OC0zNDM2M2JjN2M0YzAiOnsiY3JlYXRlIjozMDAwMDAwMDAwMDAsImRlbGV0ZSI6MzAwMDAwMDAwMDAwLCJ1cGRhdGUiOjEyMDAwMDAwMDAwMH19",
          "dependencies": [
            "module.vpc.aws_vpc.main"
          ]
        }
      ]
    },
    {
      "module": "module.vpc",
      "mode": "managed",
      "type": "aws_route_table_association",
      "name": "cloud_a",
      "provider": "provider[\"registry.terraform.io/hashicorp/aws\"]",
      "instances": [
        {
          "schema_version": 0,
          "attributes": {
            "gateway_id": "",
            "id": "rtbassoc-04828898710a7e018",
            "route_table_id": "rtb-0f1d724b0e7aaa363",
            "subnet_id": "subnet-03176617cf4794a19",
            "timeouts": null
          },
          "sensitive_attributes": [],
          "identity_schema_version": 0,
          "private": "eyJlMmJmYjczMC1lY2FhLTExZTYtOGY4OC0zNDM2M2JjN2M0YzAiOnsiY3JlYXRlIjozMDAwMDAwMDAwMDAsImRlbGV0ZSI6MzAwMDAwMDAwMDAwLCJ1cGRhdGUiOjEyMDAwMDAwMDAwMH19",
          "dependencies": [
            "module.vpc.aws_route_table.cloud",
            "module.vpc.aws_subnet.cloud_a",
            "module.vpc.aws_vpc.main"
          ]
        }
      ]
    },
    {
      "module": "module.vpc",
      "mode": "managed",
      "type": "aws_route_table_association",
      "name": "cloud_b",
      "provider": "provider[\"registry.terraform.io/hashicorp/aws\"]",
      "instances": [
        {
          "schema_version": 0,
          "attributes": {
            "gateway_id": "",
            "id": "rtbassoc-0de5f8ac63f05c774",
            "route_table_id": "rtb-0f1d724b0e7aaa363",
            "subnet_id": "subnet-011cff219a70f0996",
            "timeouts": null
          },
          "sensitive_attributes": [],
          "identity_schema_version": 0,
          "private": "eyJlMmJmYjczMC1lY2FhLTExZTYtOGY4OC0zNDM2M2JjN2M0YzAiOnsiY3JlYXRlIjozMDAwMDAwMDAwMDAsImRlbGV0ZSI6MzAwMDAwMDAwMDAwLCJ1cGRhdGUiOjEyMDAwMDAwMDAwMH19",
          "dependencies": [
            "module.vpc.aws_route_table.cloud",
            "module.vpc.aws_subnet.cloud_b",
            "module.vpc.aws_vpc.main"
          ]
        }
      ]
    },
    {
      "module": "module.vpc",
      "mode": "managed",
      "type": "aws_route_table_association",
      "name": "management",
      "provider": "provider[\"registry.terraform.io/hashicorp/aws\"]",
      "instances": [
        {
          "schema_version": 0,
          "attributes": {
            "gateway_id": "",
            "id": "rtbassoc-040f6770de8ab112d",
            "route_table_id": "rtb-0bc0c3c40a5d95608",
            "subnet_id": "subnet-08d4e15f68b94671d",
            "timeouts": null
          },
          "sensitive_attributes": [],
          "identity_schema_version": 0,
          "private": "eyJlMmJmYjczMC1lY2FhLTExZTYtOGY4OC0zNDM2M2JjN2M0YzAiOnsiY3JlYXRlIjozMDAwMDAwMDAwMDAsImRlbGV0ZSI6MzAwMDAwMDAwMDAwLCJ1cGRhdGUiOjEyMDAwMDAwMDAwMH19",
          "dependencies": [
            "module.vpc.aws_internet_gateway.main",
            "module.vpc.aws_route_table.management",
            "module.vpc.aws_subnet.management",
            "module.vpc.aws_vpc.main"
          ]
        }
      ]
    },
    {
      "module": "module.vpc",
      "mode": "managed",
      "type": "aws_route_table_association",
      "name": "onprem",
      "provider": "provider[\"registry.terraform.io/hashicorp/aws\"]",
      "instances": [
        {
          "schema_version": 0,
          "attributes": {
            "gateway_id": "",
            "id": "rtbassoc-048e0160ac16ec67e",
            "route_table_id": "rtb-0f296139c4fe3b7d7",
            "subnet_id": "subnet-0a62de49fa1420ecc",
            "timeouts": null
          },
          "sensitive_attributes": [],
          "identity_schema_version": 0,
          "private": "eyJlMmJmYjczMC1lY2FhLTExZTYtOGY4OC0zNDM2M2JjN2M0YzAiOnsiY3JlYXRlIjozMDAwMDAwMDAwMDAsImRlbGV0ZSI6MzAwMDAwMDAwMDAwLCJ1cGRhdGUiOjEyMDAwMDAwMDAwMH19",
          "dependencies": [
            "module.vpc.aws_route_table.onprem",
            "module.vpc.aws_subnet.onprem",
            "module.vpc.aws_vpc.main"
          ]
        }
      ]
    },
    {
      "module": "module.vpc",
      "mode": "managed",
      "type": "aws_security_group",
      "name": "burst_node",
      "provider": "provider[\"registry.terraform.io/hashicorp/aws\"]",
      "instances": [
        {
          "schema_version": 1,
          "attributes": {
            "arn": "arn:aws:ec2:us-west-2:942542972736:security-group/sg-0afcbecb73226db6d",
            "description": "Cloud burst nodes: all VPC traffic only, internet via head-node NAT",
            "egress": [
              {
                "cidr_blocks": [
                  "0.0.0.0/0"
                ],
                "description": "All outbound - goes through head node NAT for external access",
                "from_port": 0,
                "ipv6_cidr_blocks": [],
                "prefix_list_ids": [],
                "protocol": "-1",
                "security_groups": [],
                "self": false,
                "to_port": 0
              }
            ],
            "id": "sg-0afcbecb73226db6d",
            "ingress": [
              {
                "cidr_blocks": [
                  "10.0.0.0/16"
                ],
                "description": "All traffic from VPC - Slurmd, Munge, EFS, srun I/O",
                "from_port": 0,
                "ipv6_cidr_blocks": [],
                "prefix_list_ids": [],
                "protocol": "-1",
                "security_groups": [],
                "self": false,
                "to_port": 0
              }
            ],
            "name": "burstlab-gen1-burst-node-sg",
            "name_prefix": "",
            "owner_id": "942542972736",
            "revoke_rules_on_delete": false,
            "tags": {
              "Generation": "gen1",
              "ManagedBy": "terraform",
              "Name": "burstlab-gen1-burst-node-sg",
              "Project": "burstlab"
            },
            "tags_all": {
              "Generation": "gen1",
              "ManagedBy": "terraform",
              "Name": "burstlab-gen1-burst-node-sg",
              "Project": "burstlab"
            },
            "timeouts": null,
            "vpc_id": "vpc-0f0c65ebe9bbe0cfd"
          },
          "sensitive_attributes": [],
          "identity_schema_version": 0,
          "private": "eyJlMmJmYjczMC1lY2FhLTExZTYtOGY4OC0zNDM2M2JjN2M0YzAiOnsiY3JlYXRlIjo2MDAwMDAwMDAwMDAsImRlbGV0ZSI6OTAwMDAwMDAwMDAwfSwic2NoZW1hX3ZlcnNpb24iOiIxIn0=",
          "dependencies": [
            "module.vpc.aws_vpc.main"
          ]
        }
      ]
    },
    {
      "module": "module.vpc",
      "mode": "managed",
      "type": "aws_security_group",
      "name": "compute_node",
      "provider": "provider[\"registry.terraform.io/hashicorp/aws\"]",
      "instances": [
        {
          "schema_version": 1,
          "attributes": {
            "arn": "arn:aws:ec2:us-west-2:942542972736:security-group/sg-0f29d43109b62ca96",
            "description": "On-prem compute nodes: all VPC traffic only (no public ingress)",
            "egress": [
              {
                "cidr_blocks": [
                  "0.0.0.0/0"
                ],
                "description": "All outbound - internet via head node NAT for yum/updates",
                "from_port": 0,
                "ipv6_cidr_blocks": [],
                "prefix_list_ids": [],
                "protocol": "-1",
                "security_groups": [],
                "self": false,
                "to_port": 0
              }
            ],
            "id": "sg-0f29d43109b62ca96",
            "ingress": [
              {
                "cidr_blocks": [
                  "10.0.0.0/16"
                ],
                "description": "All traffic from VPC - Slurmd (6818), Munge, EFS, job I/O",
                "from_port": 0,
                "ipv6_cidr_blocks": [],
                "prefix_list_ids": [],
                "protocol": "-1",
                "security_groups": [],
                "self": false,
                "to_port": 0
              }
            ],
            "name": "burstlab-gen1-compute-node-sg",
            "name_prefix": "",
            "owner_id": "942542972736",
            "revoke_rules_on_delete": false,
            "tags": {
              "Generation": "gen1",
              "ManagedBy": "terraform",
              "Name": "burstlab-gen1-compute-node-sg",
              "Project": "burstlab"
            },
            "tags_all": {
              "Generation": "gen1",
              "ManagedBy": "terraform",
              "Name": "burstlab-gen1-compute-node-sg",
              "Project": "burstlab"
            },
            "timeouts": null,
            "vpc_id": "vpc-0f0c65ebe9bbe0cfd"
          },
          "sensitive_attributes": [],
          "identity_schema_version": 0,
          "private": "eyJlMmJmYjczMC1lY2FhLTExZTYtOGY4OC0zNDM2M2JjN2M0YzAiOnsiY3JlYXRlIjo2MDAwMDAwMDAwMDAsImRlbGV0ZSI6OTAwMDAwMDAwMDAwfSwic2NoZW1hX3ZlcnNpb24iOiIxIn0=",
          "dependencies": [
            "module.vpc.aws_vpc.main"
          ]
        }
      ]
    },
    {
      "module": "module.vpc",
      "mode": "managed",
      "type": "aws_security_group",
      "name": "efs",
      "provider": "provider[\"registry.terraform.io/hashicorp/aws\"]",
      "instances": [
        {
          "schema_version": 1,
          "attributes": {
            "arn": "arn:aws:ec2:us-west-2:942542972736:security-group/sg-0886217e482d24c93",
            "description": "EFS mount targets: NFS (2049) from VPC CIDR only",
            "egress": [
              {
                "cidr_blocks": [
                  "0.0.0.0/0"
                ],
                "description": "All outbound (standard AWS SG requirement, EFS does not initiate connections)",
                "from_port": 0,
                "ipv6_cidr_blocks": [],
                "prefix_list_ids": [],
                "protocol": "-1",
                "security_groups": [],
                "self": false,
                "to_port": 0
              }
            ],
            "id": "sg-0886217e482d24c93",
            "ingress": [
              {
                "cidr_blocks": [
                  "10.0.0.0/16"
                ],
                "description": "NFS from VPC - all nodes mount EFS for /home and /opt/slurm",
                "from_port": 2049,
                "ipv6_cidr_blocks": [],
                "prefix_list_ids": [],
                "protocol": "tcp",
                "security_groups": [],
                "self": false,
                "to_port": 2049
              }
            ],
            "name": "burstlab-gen1-efs-sg",
            "name_prefix": "",
            "owner_id": "942542972736",
            "revoke_rules_on_delete": false,
            "tags": {
              "Generation": "gen1",
              "ManagedBy": "terraform",
              "Name": "burstlab-gen1-efs-sg",
              "Project": "burstlab"
            },
            "tags_all": {
              "Generation": "gen1",
              "ManagedBy": "terraform",
              "Name": "burstlab-gen1-efs-sg",
              "Project": "burstlab"
            },
            "timeouts": null,
            "vpc_id": "vpc-0f0c65ebe9bbe0cfd"
          },
          "sensitive_attributes": [],
          "identity_schema_version": 0,
          "private": "eyJlMmJmYjczMC1lY2FhLTExZTYtOGY4OC0zNDM2M2JjN2M0YzAiOnsiY3JlYXRlIjo2MDAwMDAwMDAwMDAsImRlbGV0ZSI6OTAwMDAwMDAwMDAwfSwic2NoZW1hX3ZlcnNpb24iOiIxIn0=",
          "dependencies": [
            "module.vpc.aws_vpc.main"
          ]
        }
      ]
    },
    {
      "module": "module.vpc",
      "mode": "managed",
      "type": "aws_security_group",
      "name": "head_node",
      "provider": "provider[\"registry.terraform.io/hashicorp/aws\"]",
      "instances": [
        {
          "schema_version": 1,
          "attributes": {
            "arn": "arn:aws:ec2:us-west-2:942542972736:security-group/sg-0c33bc2d7c5e63bad",
            "description": "Head node: SSH from internet + all VPC traffic for Slurm/Munge/EFS",
            "egress": [
              {
                "cidr_blocks": [
                  "0.0.0.0/0"
                ],
                "description": "All outbound - AWS API, yum repos, EFS, internet for updates",
                "from_port": 0,
                "ipv6_cidr_blocks": [],
                "prefix_list_ids": [],
                "protocol": "-1",
                "security_groups": [],
                "self": false,
                "to_port": 0
              }
            ],
            "id": "sg-0c33bc2d7c5e63bad",
            "ingress": [
              {
                "cidr_blocks": [
                  "0.0.0.0/0"
                ],
                "description": "SSH from anywhere - lab access (restrict in production)",
                "from_port": 22,
                "ipv6_cidr_blocks": [],
                "prefix_list_ids": [],
                "protocol": "tcp",
                "security_groups": [],
                "self": false,
                "to_port": 22
              },
              {
                "cidr_blocks": [
                  "10.0.0.0/16"
                ],
                "description": "All traffic from within VPC - Slurm (6817/6818/6819), Munge (no fixed port), EFS (2049), srun forwarding",
                "from_port": 0,
                "ipv6_cidr_blocks": [],
                "prefix_list_ids": [],
                "protocol": "-1",
                "security_groups": [],
                "self": false,
                "to_port": 0
              }
            ],
            "name": "burstlab-gen1-head-node-sg",
            "name_prefix": "",
            "owner_id": "942542972736",
            "revoke_rules_on_delete": false,
            "tags": {
              "Generation": "gen1",
              "ManagedBy": "terraform",
              "Name": "burstlab-gen1-head-node-sg",
              "Project": "burstlab"
            },
            "tags_all": {
              "Generation": "gen1",
              "ManagedBy": "terraform",
              "Name": "burstlab-gen1-head-node-sg",
              "Project": "burstlab"
            },
            "timeouts": null,
            "vpc_id": "vpc-0f0c65ebe9bbe0cfd"
          },
          "sensitive_attributes": [],
          "identity_schema_version": 0,
          "private": "eyJlMmJmYjczMC1lY2FhLTExZTYtOGY4OC0zNDM2M2JjN2M0YzAiOnsiY3JlYXRlIjo2MDAwMDAwMDAwMDAsImRlbGV0ZSI6OTAwMDAwMDAwMDAwfSwic2NoZW1hX3ZlcnNpb24iOiIxIn0=",
          "dependencies": [
            "module.vpc.aws_vpc.main"
          ]
        }
      ]
    },
    {
      "module": "module.vpc",
      "mode": "managed",
      "type": "aws_subnet",
      "name": "cloud_a",
      "provider": "provider[\"registry.terraform.io/hashicorp/aws\"]",
      "instances": [
        {
          "schema_version": 1,
          "attributes": {
            "arn": "arn:aws:ec2:us-west-2:942542972736:subnet/subnet-03176617cf4794a19",
            "assign_ipv6_address_on_creation": false,
            "availability_zone": "us-west-2a",
            "availability_zone_id": "usw2-az1",
            "cidr_block": "10.0.2.0/24",
            "customer_owned_ipv4_pool": "",
            "enable_dns64": false,
            "enable_lni_at_device_index": 0,
            "enable_resource_name_dns_a_record_on_launch": false,
            "enable_resource_name_dns_aaaa_record_on_launch": false,
            "id": "subnet-03176617cf4794a19",
            "ipv6_cidr_block": "",
            "ipv6_cidr_block_association_id": "",
            "ipv6_native": false,
            "map_customer_owned_ip_on_launch": false,
            "map_public_ip_on_launch": false,
            "outpost_arn": "",
            "owner_id": "942542972736",
            "private_dns_hostname_type_on_launch": "ip-name",
            "tags": {
              "Generation": "gen1",
              "ManagedBy": "terraform",
              "Name": "burstlab-gen1-cloud-a-subnet",
              "Project": "burstlab",
              "Role": "cloud-burst"
            },
            "tags_all": {
              "Generation": "gen1",
              "ManagedBy": "terraform",
              "Name": "burstlab-gen1-cloud-a-subnet",
              "Project": "burstlab",
              "Role": "cloud-burst"
            },
            "timeouts": null,
            "vpc_id": "vpc-0f0c65ebe9bbe0cfd"
          },
          "sensitive_attributes": [],
          "identity_schema_version": 0,
          "private": "eyJlMmJmYjczMC1lY2FhLTExZTYtOGY4OC0zNDM2M2JjN2M0YzAiOnsiY3JlYXRlIjo2MDAwMDAwMDAwMDAsImRlbGV0ZSI6MTIwMDAwMDAwMDAwMH0sInNjaGVtYV92ZXJzaW9uIjoiMSJ9",
          "dependencies": [
            "module.vpc.aws_vpc.main"
          ]
        }
      ]
    },
    {
      "module": "module.vpc",
      "mode": "managed",
      "type": "aws_subnet",
      "name": "cloud_b",
      "provider": "provider[\"registry.terraform.io/hashicorp/aws\"]",
      "instances": [
        {
          "schema_version": 1,
          "attributes": {
            "arn": "arn:aws:ec2:us-west-2:942542972736:subnet/subnet-011cff219a70f0996",
            "assign_ipv6_address_on_creation": false,
            "availability_zone": "us-west-2b",
            "availability_zone_id": "usw2-az2",
            "cidr_block": "10.0.3.0/24",
            "customer_owned_ipv4_pool": "",
            "enable_dns64": false,
            "enable_lni_at_device_index": 0,
            "enable_resource_name_dns_a_record_on_launch": false,
            "enable_resource_name_dns_aaaa_record_on_launch": false,
            "id": "subnet-011cff219a70f0996",
            "ipv6_cidr_block": "",
            "ipv6_cidr_block_association_id": "",
            "ipv6_native": false,
            "map_customer_owned_ip_on_launch": false,
            "map_public_ip_on_launch": false,
            "outpost_arn": "",
            "owner_id": "942542972736",
            "private_dns_hostname_type_on_launch": "ip-name",
            "tags": {
              "Generation": "gen1",
              "ManagedBy": "terraform",
              "Name": "burstlab-gen1-cloud-b-subnet",
              "Project": "burstlab",
              "Role": "cloud-burst"
            },
            "tags_all": {
              "Generation": "gen1",
              "ManagedBy": "terraform",
              "Name": "burstlab-gen1-cloud-b-subnet",
              "Project": "burstlab",
              "Role": "cloud-burst"
            },
            "timeouts": null,
            "vpc_id": "vpc-0f0c65ebe9bbe0cfd"
          },
          "sensitive_attributes": [],
          "identity_schema_version": 0,
          "private": "eyJlMmJmYjczMC1lY2FhLTExZTYtOGY4OC0zNDM2M2JjN2M0YzAiOnsiY3JlYXRlIjo2MDAwMDAwMDAwMDAsImRlbGV0ZSI6MTIwMDAwMDAwMDAwMH0sInNjaGVtYV92ZXJzaW9uIjoiMSJ9",
          "dependencies": [
            "module.vpc.aws_vpc.main"
          ]
        }
      ]
    },
    {
      "module": "module.vpc",
      "mode": "managed",
      "type": "aws_subnet",
      "name": "management",
      "provider": "provider[\"registry.terraform.io/hashicorp/aws\"]",
      "instances": [
        {
          "schema_version": 1,
          "attributes": {
            "arn": "arn:aws:ec2:us-west-2:942542972736:subnet/subnet-08d4e15f68b94671d",
            "assign_ipv6_address_on_creation": false,
            "availability_zone": "us-west-2a",
            "availability_zone_id": "usw2-az1",
            "cidr_block": "10.0.0.0/24",
            "customer_owned_ipv4_pool": "",
            "enable_dns64": false,
            "enable_lni_at_device_index": 0,
            "enable_resource_name_dns_a_record_on_launch": false,
            "enable_resource_name_dns_aaaa_record_on_launch": false,
            "id": "subnet-08d4e15f68b94671d",
            "ipv6_cidr_block": "",
            "ipv6_cidr_block_association_id": "",
            "ipv6_native": false,
            "map_customer_owned_ip_on_launch": false,
            "map_public_ip_on_launch": false,
            "outpost_arn": "",
            "owner_id": "942542972736",
            "private_dns_hostname_type_on_launch": "ip-name",
            "tags": {
              "Generation": "gen1",
              "ManagedBy": "terraform",
              "Name": "burstlab-gen1-mgmt-subnet",
              "Project": "burstlab",
              "Role": "management"
            },
            "tags_all": {
              "Generation": "gen1",
              "ManagedBy": "terraform",
              "Name": "burstlab-gen1-mgmt-subnet",
              "Project": "burstlab",
              "Role": "management"
            },
            "timeouts": null,
            "vpc_id": "vpc-0f0c65ebe9bbe0cfd"
          },
          "sensitive_attributes": [],
          "identity_schema_version": 0,
          "private": "eyJlMmJmYjczMC1lY2FhLTExZTYtOGY4OC0zNDM2M2JjN2M0YzAiOnsiY3JlYXRlIjo2MDAwMDAwMDAwMDAsImRlbGV0ZSI6MTIwMDAwMDAwMDAwMH0sInNjaGVtYV92ZXJzaW9uIjoiMSJ9",
          "dependencies": [
            "module.vpc.aws_vpc.main"
          ]
        }
      ]
    },
    {
      "module": "module.vpc",
      "mode": "managed",
      "type": "aws_subnet",
      "name": "onprem",
      "provider": "provider[\"registry.terraform.io/hashicorp/aws\"]",
      "instances": [
        {
          "schema_version": 1,
          "attributes": {
            "arn": "arn:aws:ec2:us-west-2:942542972736:subnet/subnet-0a62de49fa1420ecc",
            "assign_ipv6_address_on_creation": false,
            "availability_zone": "us-west-2a",
            "availability_zone_id": "usw2-az1",
            "cidr_block": "10.0.1.0/24",
            "customer_owned_ipv4_pool": "",
            "enable_dns64": false,
            "enable_lni_at_device_index": 0,
            "enable_resource_name_dns_a_record_on_launch": false,
            "enable_resource_name_dns_aaaa_record_on_launch": false,
            "id": "subnet-0a62de49fa1420ecc",
            "ipv6_cidr_block": "",
            "ipv6_cidr_block_association_id": "",
            "ipv6_native": false,
            "map_customer_owned_ip_on_launch": false,
            "map_public_ip_on_launch": false,
            "outpost_arn": "",
            "owner_id": "942542972736",
            "private_dns_hostname_type_on_launch": "ip-name",
            "tags": {
              "Generation": "gen1",
              "ManagedBy": "terraform",
              "Name": "burstlab-gen1-onprem-subnet",
              "Project": "burstlab",
              "Role": "onprem-compute"
            },
            "tags_all": {
              "Generation": "gen1",
              "ManagedBy": "terraform",
              "Name": "burstlab-gen1-onprem-subnet",
              "Project": "burstlab",
              "Role": "onprem-compute"
            },
            "timeouts": null,
            "vpc_id": "vpc-0f0c65ebe9bbe0cfd"
          },
          "sensitive_attributes": [],
          "identity_schema_version": 0,
          "private": "eyJlMmJmYjczMC1lY2FhLTExZTYtOGY4OC0zNDM2M2JjN2M0YzAiOnsiY3JlYXRlIjo2MDAwMDAwMDAwMDAsImRlbGV0ZSI6MTIwMDAwMDAwMDAwMH0sInNjaGVtYV92ZXJzaW9uIjoiMSJ9",
          "dependencies": [
            "module.vpc.aws_vpc.main"
          ]
        }
      ]
    },
    {
      "module": "module.vpc",
      "mode": "managed",
      "type": "aws_vpc",
      "name": "main",
      "provider": "provider[\"registry.terraform.io/hashicorp/aws\"]",
      "instances": [
        {
          "schema_version": 1,
          "attributes": {
            "arn": "arn:aws:ec2:us-west-2:942542972736:vpc/vpc-0f0c65ebe9bbe0cfd",
            "assign_generated_ipv6_cidr_block": false,
            "cidr_block": "10.0.0.0/16",
            "default_network_acl_id": "acl-06df60c84056d19d4",
            "default_route_table_id": "rtb-044fc71716780ea8d",
            "default_security_group_id": "sg-066a51c273085941c",
            "dhcp_options_id": "dopt-09e19171",
            "enable_dns_hostnames": true,
            "enable_dns_support": true,
            "enable_network_address_usage_metrics": false,
            "id": "vpc-0f0c65ebe9bbe0cfd",
            "instance_tenancy": "default",
            "ipv4_ipam_pool_id": null,
            "ipv4_netmask_length": null,
            "ipv6_association_id": "",
            "ipv6_cidr_block": "",
            "ipv6_cidr_block_network_border_group": "",
            "ipv6_ipam_pool_id": "",
            "ipv6_netmask_length": 0,
            "main_route_table_id": "rtb-044fc71716780ea8d",
            "owner_id": "942542972736",
            "tags": {
              "Generation": "gen1",
              "ManagedBy": "terraform",
              "Name": "burstlab-gen1-vpc",
              "Project": "burstlab"
            },
            "tags_all": {
              "Generation": "gen1",
              "ManagedBy": "terraform",
              "Name": "burstlab-gen1-vpc",
              "Project": "burstlab"
            }
          },
          "sensitive_attributes": [],
          "identity_schema_version": 0,
          "private": "eyJzY2hlbWFfdmVyc2lvbiI6IjEifQ=="
        }
      ]
    }
  ],
  "check_results": null
}
